// !$*UTF8*$!
{
	archiveVersion = 1;
	classes = {
	};
	objectVersion = 56;
	objects = {

/* Begin PBXBuildFile section */
		540288382C231A3D00357366 /* PersistenceController.swift in Sources */ = {isa = PBXBuildFile; fileRef = 540288372C231A3D00357366 /* PersistenceController.swift */; };
		540288392C231B8500357366 /* PersistenceController.swift in Sources */ = {isa = PBXBuildFile; fileRef = 540288372C231A3D00357366 /* PersistenceController.swift */; };
		5402883A2C231B8500357366 /* PersistenceController.swift in Sources */ = {isa = PBXBuildFile; fileRef = 540288372C231A3D00357366 /* PersistenceController.swift */; };
		5416E82B2C105092002FE57A /* ListItem+CoreDataClass.swift in Sources */ = {isa = PBXBuildFile; fileRef = 5416E8292C105092002FE57A /* ListItem+CoreDataClass.swift */; };
		541B87BB2C22E0E200E310FD /* Intents.framework in Frameworks */ = {isa = PBXBuildFile; fileRef = 541B87BA2C22E0E200E310FD /* Intents.framework */; };
		541B87C22C22E0E200E310FD /* ListProgressIntentHandler.appex in Embed Foundation Extensions */ = {isa = PBXBuildFile; fileRef = 541B87B92C22E0E200E310FD /* ListProgressIntentHandler.appex */; settings = {ATTRIBUTES = (RemoveHeadersOnCopy, ); }; };
		541BB91D2C07999500F37E59 /* EditTemplateMenuView.swift in Sources */ = {isa = PBXBuildFile; fileRef = 541BB91C2C07999500F37E59 /* EditTemplateMenuView.swift */; };
		541BB9222C07B94100F37E59 /* TemplateValidator.swift in Sources */ = {isa = PBXBuildFile; fileRef = 541BB9212C07B94100F37E59 /* TemplateValidator.swift */; };
		5427CA1C2C10FB7F006F16B9 /* PopulateCoreData.swift in Sources */ = {isa = PBXBuildFile; fileRef = 5427CA1B2C10FB7F006F16B9 /* PopulateCoreData.swift */; };
		542C23112C217D80005C96B3 /* WidgetKit.framework in Frameworks */ = {isa = PBXBuildFile; fileRef = 542C23102C217D80005C96B3 /* WidgetKit.framework */; };
		542C23132C217D80005C96B3 /* SwiftUI.framework in Frameworks */ = {isa = PBXBuildFile; fileRef = 542C23122C217D80005C96B3 /* SwiftUI.framework */; };
		542C23162C217D80005C96B3 /* ListProgressWidgetBundle.swift in Sources */ = {isa = PBXBuildFile; fileRef = 542C23152C217D80005C96B3 /* ListProgressWidgetBundle.swift */; };
		542C23182C217D80005C96B3 /* ListProgressWidget.swift in Sources */ = {isa = PBXBuildFile; fileRef = 542C23172C217D80005C96B3 /* ListProgressWidget.swift */; };
		542C231A2C217D81005C96B3 /* Assets.xcassets in Resources */ = {isa = PBXBuildFile; fileRef = 542C23192C217D81005C96B3 /* Assets.xcassets */; };
		542C231E2C217D81005C96B3 /* ListProgressWidgetExtension.appex in Embed Foundation Extensions */ = {isa = PBXBuildFile; fileRef = 542C230E2C217D80005C96B3 /* ListProgressWidgetExtension.appex */; settings = {ATTRIBUTES = (RemoveHeadersOnCopy, ); }; };
		542C23232C217D95005C96B3 /* groceriesApp.xcdatamodeld in Sources */ = {isa = PBXBuildFile; fileRef = 547CABCD2BE170350017C3C6 /* groceriesApp.xcdatamodeld */; };
		542C23242C217D99005C96B3 /* InventoryItem+CoreDataClass.swift in Sources */ = {isa = PBXBuildFile; fileRef = 54A74D3F2BECE895005C0061 /* InventoryItem+CoreDataClass.swift */; };
		542C23252C217D99005C96B3 /* ShoppingList+CoreDataClass.swift in Sources */ = {isa = PBXBuildFile; fileRef = 54515F922C0B9F8900AF03E3 /* ShoppingList+CoreDataClass.swift */; };
		542C23262C217D99005C96B3 /* TemplateItem+CoreDataClass.swift in Sources */ = {isa = PBXBuildFile; fileRef = 54B880802C1D7BBC00FB1EEA /* TemplateItem+CoreDataClass.swift */; };
		542C23272C217D99005C96B3 /* PopulateCoreData.swift in Sources */ = {isa = PBXBuildFile; fileRef = 5427CA1B2C10FB7F006F16B9 /* PopulateCoreData.swift */; };
		542C23292C217DAB005C96B3 /* ListItem+CoreDataClass.swift in Sources */ = {isa = PBXBuildFile; fileRef = 5416E8292C105092002FE57A /* ListItem+CoreDataClass.swift */; };
		542C232A2C217DBB005C96B3 /* ListableItem.swift in Sources */ = {isa = PBXBuildFile; fileRef = 54B8807E2C1D7AF200FB1EEA /* ListableItem.swift */; };
		542C232B2C2181F7005C96B3 /* Double+Extensions.swift in Sources */ = {isa = PBXBuildFile; fileRef = 54515F902C0B9DA600AF03E3 /* Double+Extensions.swift */; };
		542C232D2C219941005C96B3 /* ListProgressConfgurationIntent.intentdefinition in Sources */ = {isa = PBXBuildFile; fileRef = 542C232C2C219941005C96B3 /* ListProgressConfgurationIntent.intentdefinition */; };
		543A8E322C08FD7E0087EC3D /* BadgeViewFactory.swift in Sources */ = {isa = PBXBuildFile; fileRef = 543A8E312C08FD7E0087EC3D /* BadgeViewFactory.swift */; };
		544501DE2BE940770018B345 /* UIViewController+Extensions.swift in Sources */ = {isa = PBXBuildFile; fileRef = 544501DD2BE940770018B345 /* UIViewController+Extensions.swift */; };
		544501E12BE94B220018B345 /* InventoryItemCreationState.swift in Sources */ = {isa = PBXBuildFile; fileRef = 544501E02BE94B220018B345 /* InventoryItemCreationState.swift */; };
		544501EA2BE968DC0018B345 /* String+Extensions.swift in Sources */ = {isa = PBXBuildFile; fileRef = 544501E92BE968DC0018B345 /* String+Extensions.swift */; };
		544501EC2BE96A340018B345 /* InventoryItemSelectionCell.swift in Sources */ = {isa = PBXBuildFile; fileRef = 544501EB2BE96A340018B345 /* InventoryItemSelectionCell.swift */; };
		544C80A92BE2755D004DF718 /* CreateListViewController.swift in Sources */ = {isa = PBXBuildFile; fileRef = 544C80A82BE2755D004DF718 /* CreateListViewController.swift */; };
		544C80AD2BE27DD3004DF718 /* TextFieldTableViewCell.swift in Sources */ = {isa = PBXBuildFile; fileRef = 544C80AC2BE27DD3004DF718 /* TextFieldTableViewCell.swift */; };
		544DD6032C2317C300C25A6C /* ListProgressConfgurationIntent.intentdefinition in Sources */ = {isa = PBXBuildFile; fileRef = 542C232C2C219941005C96B3 /* ListProgressConfgurationIntent.intentdefinition */; };
		54515F8C2C0B898000AF03E3 /* ShoppingListHistoryCell.swift in Sources */ = {isa = PBXBuildFile; fileRef = 54515F8B2C0B898000AF03E3 /* ShoppingListHistoryCell.swift */; };
		54515F912C0B9DA600AF03E3 /* Double+Extensions.swift in Sources */ = {isa = PBXBuildFile; fileRef = 54515F902C0B9DA600AF03E3 /* Double+Extensions.swift */; };
		54515F942C0B9F8900AF03E3 /* ShoppingList+CoreDataClass.swift in Sources */ = {isa = PBXBuildFile; fileRef = 54515F922C0B9F8900AF03E3 /* ShoppingList+CoreDataClass.swift */; };
		546211872BE4241D002CE98E /* TemplateSelectionCellView.swift in Sources */ = {isa = PBXBuildFile; fileRef = 546211862BE4241D002CE98E /* TemplateSelectionCellView.swift */; };
		546DF7322C230BED00A1D301 /* ListProgressConfgurationIntent.intentdefinition in Sources */ = {isa = PBXBuildFile; fileRef = 542C232C2C219941005C96B3 /* ListProgressConfgurationIntent.intentdefinition */; };
		546DF7332C230CBF00A1D301 /* ListProgressIntentHandler.swift in Sources */ = {isa = PBXBuildFile; fileRef = 541B87BD2C22E0E200E310FD /* ListProgressIntentHandler.swift */; };
		546DF7342C230CCC00A1D301 /* ListProgressIntentHandler.swift in Sources */ = {isa = PBXBuildFile; fileRef = 541B87BD2C22E0E200E310FD /* ListProgressIntentHandler.swift */; };
		546DF7352C230CED00A1D301 /* groceriesApp.xcdatamodeld in Sources */ = {isa = PBXBuildFile; fileRef = 547CABCD2BE170350017C3C6 /* groceriesApp.xcdatamodeld */; };
		546DF7362C230CFB00A1D301 /* InventoryItem+CoreDataClass.swift in Sources */ = {isa = PBXBuildFile; fileRef = 54A74D3F2BECE895005C0061 /* InventoryItem+CoreDataClass.swift */; };
		546DF7372C230CFB00A1D301 /* ShoppingList+CoreDataClass.swift in Sources */ = {isa = PBXBuildFile; fileRef = 54515F922C0B9F8900AF03E3 /* ShoppingList+CoreDataClass.swift */; };
		546DF7382C230CFB00A1D301 /* ListItem+CoreDataClass.swift in Sources */ = {isa = PBXBuildFile; fileRef = 5416E8292C105092002FE57A /* ListItem+CoreDataClass.swift */; };
		546DF7392C230CFB00A1D301 /* PopulateCoreData.swift in Sources */ = {isa = PBXBuildFile; fileRef = 5427CA1B2C10FB7F006F16B9 /* PopulateCoreData.swift */; };
		546DF73A2C230CFB00A1D301 /* TemplateItem+CoreDataClass.swift in Sources */ = {isa = PBXBuildFile; fileRef = 54B880802C1D7BBC00FB1EEA /* TemplateItem+CoreDataClass.swift */; };
		546DF73B2C230D0900A1D301 /* ListableItem.swift in Sources */ = {isa = PBXBuildFile; fileRef = 54B8807E2C1D7AF200FB1EEA /* ListableItem.swift */; };
		5478A7C02BE23718005D1F7D /* Poppins-Regular.ttf in Resources */ = {isa = PBXBuildFile; fileRef = 5478A7BB2BE23718005D1F7D /* Poppins-Regular.ttf */; };
		5478A7C12BE23718005D1F7D /* Poppins-Thin.ttf in Resources */ = {isa = PBXBuildFile; fileRef = 5478A7BC2BE23718005D1F7D /* Poppins-Thin.ttf */; };
		5478A7C22BE23718005D1F7D /* Poppins-Medium.ttf in Resources */ = {isa = PBXBuildFile; fileRef = 5478A7BD2BE23718005D1F7D /* Poppins-Medium.ttf */; };
		5478A7C32BE23718005D1F7D /* Poppins-Light.ttf in Resources */ = {isa = PBXBuildFile; fileRef = 5478A7BE2BE23718005D1F7D /* Poppins-Light.ttf */; };
		5478A7C42BE23718005D1F7D /* Poppins-ExtraLight.ttf in Resources */ = {isa = PBXBuildFile; fileRef = 5478A7BF2BE23718005D1F7D /* Poppins-ExtraLight.ttf */; };
		5478A7C72BE237FF005D1F7D /* UIFont+Extensions.swift in Sources */ = {isa = PBXBuildFile; fileRef = 5478A7C62BE237FF005D1F7D /* UIFont+Extensions.swift */; };
		5478A7CD2BE23D37005D1F7D /* HomeTab.swift in Sources */ = {isa = PBXBuildFile; fileRef = 5478A7CC2BE23D37005D1F7D /* HomeTab.swift */; };
		547CABB92BE16C0E0017C3C6 /* AppDelegate.swift in Sources */ = {isa = PBXBuildFile; fileRef = 547CABB82BE16C0E0017C3C6 /* AppDelegate.swift */; };
		547CABBB2BE16C0E0017C3C6 /* SceneDelegate.swift in Sources */ = {isa = PBXBuildFile; fileRef = 547CABBA2BE16C0E0017C3C6 /* SceneDelegate.swift */; };
		547CABC22BE16C0F0017C3C6 /* Assets.xcassets in Resources */ = {isa = PBXBuildFile; fileRef = 547CABC12BE16C0F0017C3C6 /* Assets.xcassets */; };
		547CABC52BE16C0F0017C3C6 /* LaunchScreen.storyboard in Resources */ = {isa = PBXBuildFile; fileRef = 547CABC32BE16C0F0017C3C6 /* LaunchScreen.storyboard */; };
		547CABCF2BE170350017C3C6 /* groceriesApp.xcdatamodeld in Sources */ = {isa = PBXBuildFile; fileRef = 547CABCD2BE170350017C3C6 /* groceriesApp.xcdatamodeld */; };
		547F4A902BF157FC0055C580 /* ShoppingListCell.swift in Sources */ = {isa = PBXBuildFile; fileRef = 547F4A8F2BF157FC0055C580 /* ShoppingListCell.swift */; };
		548F81D32C0C706A00FBC0E0 /* ListSummaryViewController.swift in Sources */ = {isa = PBXBuildFile; fileRef = 548F81D22C0C706A00FBC0E0 /* ListSummaryViewController.swift */; };
		548F81D52C0C727100FBC0E0 /* ListSummaryModel.swift in Sources */ = {isa = PBXBuildFile; fileRef = 548F81D42C0C727100FBC0E0 /* ListSummaryModel.swift */; };
		548F81D72C0C764F00FBC0E0 /* ListItemSummaryCell.swift in Sources */ = {isa = PBXBuildFile; fileRef = 548F81D62C0C764F00FBC0E0 /* ListItemSummaryCell.swift */; };
		548F81D92C0CE38800FBC0E0 /* UIView+Extensions.swift in Sources */ = {isa = PBXBuildFile; fileRef = 548F81D82C0CE38800FBC0E0 /* UIView+Extensions.swift */; };
		548F81DB2C0CED7300FBC0E0 /* ListSummaryMenuView.swift in Sources */ = {isa = PBXBuildFile; fileRef = 548F81DA2C0CED7300FBC0E0 /* ListSummaryMenuView.swift */; };
		548F81DD2C0CF2E300FBC0E0 /* ListSummaryHeaderView.swift in Sources */ = {isa = PBXBuildFile; fileRef = 548F81DC2C0CF2E300FBC0E0 /* ListSummaryHeaderView.swift */; };
		5490E46E2C13818E00D28724 /* NoInventoryItemsViewCell.swift in Sources */ = {isa = PBXBuildFile; fileRef = 5490E46D2C13818E00D28724 /* NoInventoryItemsViewCell.swift */; };
		54A4DC6B2C0F5B580096F507 /* ItemNameChangeType.swift in Sources */ = {isa = PBXBuildFile; fileRef = 54A4DC6A2C0F5B580096F507 /* ItemNameChangeType.swift */; };
		54A4DC6E2C0F60B80096F507 /* InventoryItemValidator.swift in Sources */ = {isa = PBXBuildFile; fileRef = 54A4DC6D2C0F60B80096F507 /* InventoryItemValidator.swift */; };
		54A61B462C178FCD009AAC42 /* EmptyResultsView.swift in Sources */ = {isa = PBXBuildFile; fileRef = 54A61B452C178FCD009AAC42 /* EmptyResultsView.swift */; };
		54A74D102BECD181005C0061 /* ListItemsSortOption.swift in Sources */ = {isa = PBXBuildFile; fileRef = 54A74D0F2BECD181005C0061 /* ListItemsSortOption.swift */; };
		54A74D412BECE895005C0061 /* InventoryItem+CoreDataClass.swift in Sources */ = {isa = PBXBuildFile; fileRef = 54A74D3F2BECE895005C0061 /* InventoryItem+CoreDataClass.swift */; };
		54ADAFE02C0090FB005EAC13 /* UIBarButtonItem+Extensions.swift in Sources */ = {isa = PBXBuildFile; fileRef = 54ADAFDF2C0090FB005EAC13 /* UIBarButtonItem+Extensions.swift */; };
		54ADAFE32C00B352005EAC13 /* TemplateItemCell.swift in Sources */ = {isa = PBXBuildFile; fileRef = 54ADAFE22C00B352005EAC13 /* TemplateItemCell.swift */; };
		54ADAFE52C010CDA005EAC13 /* LabeledPickerViewCell.swift in Sources */ = {isa = PBXBuildFile; fileRef = 54ADAFE42C010CDA005EAC13 /* LabeledPickerViewCell.swift */; };
		54ADAFE72C025336005EAC13 /* CreateTemplateViewController.swift in Sources */ = {isa = PBXBuildFile; fileRef = 54ADAFE62C025336005EAC13 /* CreateTemplateViewController.swift */; };
		54ADAFEA2C02560F005EAC13 /* CreateTemplateModel.swift in Sources */ = {isa = PBXBuildFile; fileRef = 54ADAFE92C02560F005EAC13 /* CreateTemplateModel.swift */; };
		54ADAFEC2C025672005EAC13 /* CreateTemplateObject.swift in Sources */ = {isa = PBXBuildFile; fileRef = 54ADAFEB2C025672005EAC13 /* CreateTemplateObject.swift */; };
		54ADAFF02C025C3B005EAC13 /* EntityCreationError.swift in Sources */ = {isa = PBXBuildFile; fileRef = 54ADAFEF2C025C3B005EAC13 /* EntityCreationError.swift */; };
		54ADAFF22C0264A8005EAC13 /* HomeTemplatesViewController.swift in Sources */ = {isa = PBXBuildFile; fileRef = 54ADAFF12C0264A8005EAC13 /* HomeTemplatesViewController.swift */; };
		54ADAFF62C0264C4005EAC13 /* HomeTemplatesModel.swift in Sources */ = {isa = PBXBuildFile; fileRef = 54ADAFF52C0264C4005EAC13 /* HomeTemplatesModel.swift */; };
		54ADAFF82C026773005EAC13 /* TemplateCell.swift in Sources */ = {isa = PBXBuildFile; fileRef = 54ADAFF72C026773005EAC13 /* TemplateCell.swift */; };
		54ADAFFA2C027DD8005EAC13 /* EditTemplateViewController.swift in Sources */ = {isa = PBXBuildFile; fileRef = 54ADAFF92C027DD8005EAC13 /* EditTemplateViewController.swift */; };
		54ADAFFC2C027DDF005EAC13 /* EditTemplateModel.swift in Sources */ = {isa = PBXBuildFile; fileRef = 54ADAFFB2C027DDF005EAC13 /* EditTemplateModel.swift */; };
		54ADAFFE2C03B1A9005EAC13 /* EditTemplateItemsViewController.swift in Sources */ = {isa = PBXBuildFile; fileRef = 54ADAFFD2C03B1A9005EAC13 /* EditTemplateItemsViewController.swift */; };
		54ADB0002C03B1DE005EAC13 /* EditTemplateItemsModel.swift in Sources */ = {isa = PBXBuildFile; fileRef = 54ADAFFF2C03B1DE005EAC13 /* EditTemplateItemsModel.swift */; };
		54ADB0042C03B3CC005EAC13 /* UICollectionViewLayout+Extensions.swift in Sources */ = {isa = PBXBuildFile; fileRef = 54ADB0032C03B3CC005EAC13 /* UICollectionViewLayout+Extensions.swift */; };
		54AF986E2BEA7B8F001A5B79 /* ShoppingListItemCell.swift in Sources */ = {isa = PBXBuildFile; fileRef = 54AF986D2BEA7B8F001A5B79 /* ShoppingListItemCell.swift */; };
		54B630A92BF3A151007874DF /* CreateInventoryItemModel.swift in Sources */ = {isa = PBXBuildFile; fileRef = 54B630A82BF3A151007874DF /* CreateInventoryItemModel.swift */; };
		54B630AD2BF3A1FA007874DF /* DoneBarButtonItem.swift in Sources */ = {isa = PBXBuildFile; fileRef = 54B630AC2BF3A1FA007874DF /* DoneBarButtonItem.swift */; };
		54B630AF2BF3CFF6007874DF /* EditListModel.swift in Sources */ = {isa = PBXBuildFile; fileRef = 54B630AE2BF3CFF6007874DF /* EditListModel.swift */; };
		54B8807F2C1D7AF200FB1EEA /* ListableItem.swift in Sources */ = {isa = PBXBuildFile; fileRef = 54B8807E2C1D7AF200FB1EEA /* ListableItem.swift */; };
		54B880822C1D7BBC00FB1EEA /* TemplateItem+CoreDataClass.swift in Sources */ = {isa = PBXBuildFile; fileRef = 54B880802C1D7BBC00FB1EEA /* TemplateItem+CoreDataClass.swift */; };
		54B880862C1D7BFF00FB1EEA /* EditListableItemCell.swift in Sources */ = {isa = PBXBuildFile; fileRef = 54B880852C1D7BFF00FB1EEA /* EditListableItemCell.swift */; };
		54B880882C1D7DC400FB1EEA /* EditListableItemsModel.swift in Sources */ = {isa = PBXBuildFile; fileRef = 54B880872C1D7DC400FB1EEA /* EditListableItemsModel.swift */; };
		54B8808B2C1D8AD300FB1EEA /* EditListableItemsViewController.swift in Sources */ = {isa = PBXBuildFile; fileRef = 54B8808A2C1D8AD300FB1EEA /* EditListableItemsViewController.swift */; };
		54C766DF2BF5F63600F0A5CC /* HistoryViewController.swift in Sources */ = {isa = PBXBuildFile; fileRef = 54C766DE2BF5F63600F0A5CC /* HistoryViewController.swift */; };
		54C766E22BF5F72400F0A5CC /* HistoryModel.swift in Sources */ = {isa = PBXBuildFile; fileRef = 54C766E12BF5F72400F0A5CC /* HistoryModel.swift */; };
		54C766E42BF6005E00F0A5CC /* EditListItemsModel.swift in Sources */ = {isa = PBXBuildFile; fileRef = 54C766E32BF6005E00F0A5CC /* EditListItemsModel.swift */; };
		54C766E72BF6278700F0A5CC /* ExpandingTextView.swift in Sources */ = {isa = PBXBuildFile; fileRef = 54C766E62BF6278700F0A5CC /* ExpandingTextView.swift */; };
		54C766E92BF62FFB00F0A5CC /* LabelTextFieldView.swift in Sources */ = {isa = PBXBuildFile; fileRef = 54C766E82BF62FFB00F0A5CC /* LabelTextFieldView.swift */; };
		54C766EB2BF64B2800F0A5CC /* EditInventoryItemViewController.swift in Sources */ = {isa = PBXBuildFile; fileRef = 54C766EA2BF64B2800F0A5CC /* EditInventoryItemViewController.swift */; };
		54C766ED2BF64B5D00F0A5CC /* EditInventoryItemModel.swift in Sources */ = {isa = PBXBuildFile; fileRef = 54C766EC2BF64B5D00F0A5CC /* EditInventoryItemModel.swift */; };
		54D864652BF206B900BAB0C3 /* UIAlertController+Extensions.swift in Sources */ = {isa = PBXBuildFile; fileRef = 54D864642BF206B900BAB0C3 /* UIAlertController+Extensions.swift */; };
		54DA69382BE6C1240062F9B3 /* CreateItemSheetController.swift in Sources */ = {isa = PBXBuildFile; fileRef = 54DA69372BE6C1240062F9B3 /* CreateItemSheetController.swift */; };
		54DA693B2BE786150062F9B3 /* LabelTextFieldTableViewCell.swift in Sources */ = {isa = PBXBuildFile; fileRef = 54DA693A2BE786150062F9B3 /* LabelTextFieldTableViewCell.swift */; };
		54DA693D2BE787260062F9B3 /* UIStackView+Extensions.swift in Sources */ = {isa = PBXBuildFile; fileRef = 54DA693C2BE787260062F9B3 /* UIStackView+Extensions.swift */; };
		54DA693F2BE7920A0062F9B3 /* ToggleTableViewCell.swift in Sources */ = {isa = PBXBuildFile; fileRef = 54DA693E2BE7920A0062F9B3 /* ToggleTableViewCell.swift */; };
		54DA69412BE7A5920062F9B3 /* SelectedCategoryCell.swift in Sources */ = {isa = PBXBuildFile; fileRef = 54DA69402BE7A5920062F9B3 /* SelectedCategoryCell.swift */; };
		54DB50E52BE7F21E0050C2CF /* CategorySelectionViewController.swift in Sources */ = {isa = PBXBuildFile; fileRef = 54DB50E42BE7F21E0050C2CF /* CategorySelectionViewController.swift */; };
		54DB50E92BE7FF850050C2CF /* NoCategoriesViewCell.swift in Sources */ = {isa = PBXBuildFile; fileRef = 54DB50E82BE7FF850050C2CF /* NoCategoriesViewCell.swift */; };
		54E45C442BE5734E00FB3419 /* NoTemplatesViewCell.swift in Sources */ = {isa = PBXBuildFile; fileRef = 54E45C432BE5734E00FB3419 /* NoTemplatesViewCell.swift */; };
		54E45C462BE6228A00FB3419 /* EditShoppingListViewController.swift in Sources */ = {isa = PBXBuildFile; fileRef = 54E45C452BE6228A00FB3419 /* EditShoppingListViewController.swift */; };
		54E45C532BE6623500FB3419 /* SelectInventoryItemViewController.swift in Sources */ = {isa = PBXBuildFile; fileRef = 54E45C522BE6623500FB3419 /* SelectInventoryItemViewController.swift */; };
		54ECA2202C18A07C005C9A25 /* UITableViewController+Extensions.swift in Sources */ = {isa = PBXBuildFile; fileRef = 54ECA21F2C18A07C005C9A25 /* UITableViewController+Extensions.swift */; };
		54FCFAA02BF23B8B00FFDF46 /* CategorySelectorModel.swift in Sources */ = {isa = PBXBuildFile; fileRef = 54FCFA9F2BF23B8B00FFDF46 /* CategorySelectorModel.swift */; };
		54FCFAA42BF282B600FFDF46 /* CategoryError.swift in Sources */ = {isa = PBXBuildFile; fileRef = 54FCFAA32BF282B600FFDF46 /* CategoryError.swift */; };
		54FCFAA62BF2B18500FFDF46 /* SelectInventoryItemModel.swift in Sources */ = {isa = PBXBuildFile; fileRef = 54FCFAA52BF2B18500FFDF46 /* SelectInventoryItemModel.swift */; };
		54FCFAAB2BF3574400FFDF46 /* EditCategoryViewController.swift in Sources */ = {isa = PBXBuildFile; fileRef = 54FCFAAA2BF3574400FFDF46 /* EditCategoryViewController.swift */; };
		54FCFAAD2BF35CAA00FFDF46 /* EditCategoryModel.swift in Sources */ = {isa = PBXBuildFile; fileRef = 54FCFAAC2BF35CAA00FFDF46 /* EditCategoryModel.swift */; };
		54FD98D52BF4A88700A60F08 /* EditListMenuDelegate.swift in Sources */ = {isa = PBXBuildFile; fileRef = 54FD98D42BF4A88700A60F08 /* EditListMenuDelegate.swift */; };
		54FD98D72BF4A9D500A60F08 /* EditListMenuView.swift in Sources */ = {isa = PBXBuildFile; fileRef = 54FD98D62BF4A9D500A60F08 /* EditListMenuView.swift */; };
		54FD98DB2BF4EC3D00A60F08 /* HomeListsViewController.swift in Sources */ = {isa = PBXBuildFile; fileRef = 54FD98DA2BF4EC3D00A60F08 /* HomeListsViewController.swift */; };
		54FD98DE2BF4EC5B00A60F08 /* HomeListsModel.swift in Sources */ = {isa = PBXBuildFile; fileRef = 54FD98DD2BF4EC5B00A60F08 /* HomeListsModel.swift */; };
		54FD98E42BF5173200A60F08 /* HomeRootViewController.swift in Sources */ = {isa = PBXBuildFile; fileRef = 54FD98E32BF5173200A60F08 /* HomeRootViewController.swift */; };
		54FE5B5D2C1DBDCE00A9D5FF /* EditShoppingListItemsViewController.swift in Sources */ = {isa = PBXBuildFile; fileRef = 54FE5B5C2C1DBDCE00A9D5FF /* EditShoppingListItemsViewController.swift */; };
/* End PBXBuildFile section */

/* Begin PBXContainerItemProxy section */
		541B87C02C22E0E200E310FD /* PBXContainerItemProxy */ = {
			isa = PBXContainerItemProxy;
			containerPortal = 547CABAD2BE16C0E0017C3C6 /* Project object */;
			proxyType = 1;
			remoteGlobalIDString = 541B87B82C22E0E200E310FD;
			remoteInfo = ListProgressIntentHandler;
		};
		542C231C2C217D81005C96B3 /* PBXContainerItemProxy */ = {
			isa = PBXContainerItemProxy;
			containerPortal = 547CABAD2BE16C0E0017C3C6 /* Project object */;
			proxyType = 1;
			remoteGlobalIDString = 542C230D2C217D80005C96B3;
			remoteInfo = ListProgressWidgetExtension;
		};
/* End PBXContainerItemProxy section */

/* Begin PBXCopyFilesBuildPhase section */
		54129E142C20CB7700405949 /* Embed Foundation Extensions */ = {
			isa = PBXCopyFilesBuildPhase;
			buildActionMask = 2147483647;
			dstPath = "";
			dstSubfolderSpec = 13;
			files = (
				541B87C22C22E0E200E310FD /* ListProgressIntentHandler.appex in Embed Foundation Extensions */,
				542C231E2C217D81005C96B3 /* ListProgressWidgetExtension.appex in Embed Foundation Extensions */,
			);
			name = "Embed Foundation Extensions";
			runOnlyForDeploymentPostprocessing = 0;
		};
/* End PBXCopyFilesBuildPhase section */

/* Begin PBXFileReference section */
		540288372C231A3D00357366 /* PersistenceController.swift */ = {isa = PBXFileReference; lastKnownFileType = sourcecode.swift; path = PersistenceController.swift; sourceTree = "<group>"; };
		54129E182C20CBC900405949 /* groceriesApp.entitlements */ = {isa = PBXFileReference; lastKnownFileType = text.plist.entitlements; path = groceriesApp.entitlements; sourceTree = "<group>"; };
		5416E8292C105092002FE57A /* ListItem+CoreDataClass.swift */ = {isa = PBXFileReference; lastKnownFileType = sourcecode.swift; path = "ListItem+CoreDataClass.swift"; sourceTree = "<group>"; };
		541B87B92C22E0E200E310FD /* ListProgressIntentHandler.appex */ = {isa = PBXFileReference; explicitFileType = "wrapper.app-extension"; includeInIndex = 0; path = ListProgressIntentHandler.appex; sourceTree = BUILT_PRODUCTS_DIR; };
		541B87BA2C22E0E200E310FD /* Intents.framework */ = {isa = PBXFileReference; lastKnownFileType = wrapper.framework; name = Intents.framework; path = System/Library/Frameworks/Intents.framework; sourceTree = SDKROOT; };
		541B87BD2C22E0E200E310FD /* ListProgressIntentHandler.swift */ = {isa = PBXFileReference; lastKnownFileType = sourcecode.swift; path = ListProgressIntentHandler.swift; sourceTree = "<group>"; };
		541B87BF2C22E0E200E310FD /* Info.plist */ = {isa = PBXFileReference; lastKnownFileType = text.plist.xml; path = Info.plist; sourceTree = "<group>"; };
		541B87C92C22E16500E310FD /* ListProgressIntentHandler.entitlements */ = {isa = PBXFileReference; lastKnownFileType = text.plist.entitlements; path = ListProgressIntentHandler.entitlements; sourceTree = "<group>"; };
		541BB91C2C07999500F37E59 /* EditTemplateMenuView.swift */ = {isa = PBXFileReference; lastKnownFileType = sourcecode.swift; path = EditTemplateMenuView.swift; sourceTree = "<group>"; };
		541BB9212C07B94100F37E59 /* TemplateValidator.swift */ = {isa = PBXFileReference; lastKnownFileType = sourcecode.swift; path = TemplateValidator.swift; sourceTree = "<group>"; };
		5427CA1B2C10FB7F006F16B9 /* PopulateCoreData.swift */ = {isa = PBXFileReference; lastKnownFileType = sourcecode.swift; path = PopulateCoreData.swift; sourceTree = "<group>"; };
		542C230E2C217D80005C96B3 /* ListProgressWidgetExtension.appex */ = {isa = PBXFileReference; explicitFileType = "wrapper.app-extension"; includeInIndex = 0; path = ListProgressWidgetExtension.appex; sourceTree = BUILT_PRODUCTS_DIR; };
		542C23102C217D80005C96B3 /* WidgetKit.framework */ = {isa = PBXFileReference; lastKnownFileType = wrapper.framework; name = WidgetKit.framework; path = System/Library/Frameworks/WidgetKit.framework; sourceTree = SDKROOT; };
		542C23122C217D80005C96B3 /* SwiftUI.framework */ = {isa = PBXFileReference; lastKnownFileType = wrapper.framework; name = SwiftUI.framework; path = System/Library/Frameworks/SwiftUI.framework; sourceTree = SDKROOT; };
		542C23152C217D80005C96B3 /* ListProgressWidgetBundle.swift */ = {isa = PBXFileReference; lastKnownFileType = sourcecode.swift; path = ListProgressWidgetBundle.swift; sourceTree = "<group>"; };
		542C23172C217D80005C96B3 /* ListProgressWidget.swift */ = {isa = PBXFileReference; lastKnownFileType = sourcecode.swift; path = ListProgressWidget.swift; sourceTree = "<group>"; };
		542C23192C217D81005C96B3 /* Assets.xcassets */ = {isa = PBXFileReference; lastKnownFileType = folder.assetcatalog; path = Assets.xcassets; sourceTree = "<group>"; };
		542C231B2C217D81005C96B3 /* Info.plist */ = {isa = PBXFileReference; lastKnownFileType = text.plist.xml; path = Info.plist; sourceTree = "<group>"; };
		542C23222C217D8A005C96B3 /* ListProgressWidgetExtension.entitlements */ = {isa = PBXFileReference; lastKnownFileType = text.plist.entitlements; path = ListProgressWidgetExtension.entitlements; sourceTree = "<group>"; };
		542C232C2C219941005C96B3 /* ListProgressConfgurationIntent.intentdefinition */ = {isa = PBXFileReference; lastKnownFileType = file.intentdefinition; path = ListProgressConfgurationIntent.intentdefinition; sourceTree = "<group>"; };
		543A8E312C08FD7E0087EC3D /* BadgeViewFactory.swift */ = {isa = PBXFileReference; lastKnownFileType = sourcecode.swift; path = BadgeViewFactory.swift; sourceTree = "<group>"; };
		544501DD2BE940770018B345 /* UIViewController+Extensions.swift */ = {isa = PBXFileReference; lastKnownFileType = sourcecode.swift; path = "UIViewController+Extensions.swift"; sourceTree = "<group>"; };
		544501E02BE94B220018B345 /* InventoryItemCreationState.swift */ = {isa = PBXFileReference; lastKnownFileType = sourcecode.swift; path = InventoryItemCreationState.swift; sourceTree = "<group>"; };
		544501E92BE968DC0018B345 /* String+Extensions.swift */ = {isa = PBXFileReference; lastKnownFileType = sourcecode.swift; path = "String+Extensions.swift"; sourceTree = "<group>"; };
		544501EB2BE96A340018B345 /* InventoryItemSelectionCell.swift */ = {isa = PBXFileReference; lastKnownFileType = sourcecode.swift; path = InventoryItemSelectionCell.swift; sourceTree = "<group>"; };
		544C80A82BE2755D004DF718 /* CreateListViewController.swift */ = {isa = PBXFileReference; lastKnownFileType = sourcecode.swift; path = CreateListViewController.swift; sourceTree = "<group>"; };
		544C80AC2BE27DD3004DF718 /* TextFieldTableViewCell.swift */ = {isa = PBXFileReference; lastKnownFileType = sourcecode.swift; path = TextFieldTableViewCell.swift; sourceTree = "<group>"; };
		54515F8B2C0B898000AF03E3 /* ShoppingListHistoryCell.swift */ = {isa = PBXFileReference; lastKnownFileType = sourcecode.swift; path = ShoppingListHistoryCell.swift; sourceTree = "<group>"; };
		54515F902C0B9DA600AF03E3 /* Double+Extensions.swift */ = {isa = PBXFileReference; lastKnownFileType = sourcecode.swift; path = "Double+Extensions.swift"; sourceTree = "<group>"; };
		54515F922C0B9F8900AF03E3 /* ShoppingList+CoreDataClass.swift */ = {isa = PBXFileReference; lastKnownFileType = sourcecode.swift; path = "ShoppingList+CoreDataClass.swift"; sourceTree = "<group>"; };
		546211862BE4241D002CE98E /* TemplateSelectionCellView.swift */ = {isa = PBXFileReference; lastKnownFileType = sourcecode.swift; path = TemplateSelectionCellView.swift; sourceTree = "<group>"; };
		5478A7BB2BE23718005D1F7D /* Poppins-Regular.ttf */ = {isa = PBXFileReference; lastKnownFileType = file; path = "Poppins-Regular.ttf"; sourceTree = "<group>"; };
		5478A7BC2BE23718005D1F7D /* Poppins-Thin.ttf */ = {isa = PBXFileReference; lastKnownFileType = file; path = "Poppins-Thin.ttf"; sourceTree = "<group>"; };
		5478A7BD2BE23718005D1F7D /* Poppins-Medium.ttf */ = {isa = PBXFileReference; lastKnownFileType = file; path = "Poppins-Medium.ttf"; sourceTree = "<group>"; };
		5478A7BE2BE23718005D1F7D /* Poppins-Light.ttf */ = {isa = PBXFileReference; lastKnownFileType = file; path = "Poppins-Light.ttf"; sourceTree = "<group>"; };
		5478A7BF2BE23718005D1F7D /* Poppins-ExtraLight.ttf */ = {isa = PBXFileReference; lastKnownFileType = file; path = "Poppins-ExtraLight.ttf"; sourceTree = "<group>"; };
		5478A7C62BE237FF005D1F7D /* UIFont+Extensions.swift */ = {isa = PBXFileReference; lastKnownFileType = sourcecode.swift; path = "UIFont+Extensions.swift"; sourceTree = "<group>"; };
		5478A7CC2BE23D37005D1F7D /* HomeTab.swift */ = {isa = PBXFileReference; lastKnownFileType = sourcecode.swift; path = HomeTab.swift; sourceTree = "<group>"; };
		547CABB52BE16C0E0017C3C6 /* groceriesApp.app */ = {isa = PBXFileReference; explicitFileType = wrapper.application; includeInIndex = 0; path = groceriesApp.app; sourceTree = BUILT_PRODUCTS_DIR; };
		547CABB82BE16C0E0017C3C6 /* AppDelegate.swift */ = {isa = PBXFileReference; lastKnownFileType = sourcecode.swift; path = AppDelegate.swift; sourceTree = "<group>"; };
		547CABBA2BE16C0E0017C3C6 /* SceneDelegate.swift */ = {isa = PBXFileReference; lastKnownFileType = sourcecode.swift; path = SceneDelegate.swift; sourceTree = "<group>"; };
		547CABC12BE16C0F0017C3C6 /* Assets.xcassets */ = {isa = PBXFileReference; lastKnownFileType = folder.assetcatalog; path = Assets.xcassets; sourceTree = "<group>"; };
		547CABC42BE16C0F0017C3C6 /* Base */ = {isa = PBXFileReference; lastKnownFileType = file.storyboard; name = Base; path = Base.lproj/LaunchScreen.storyboard; sourceTree = "<group>"; };
		547CABC62BE16C0F0017C3C6 /* Info.plist */ = {isa = PBXFileReference; lastKnownFileType = text.plist.xml; path = Info.plist; sourceTree = "<group>"; };
		547CABCE2BE170350017C3C6 /* groceriesApp.xcdatamodel */ = {isa = PBXFileReference; lastKnownFileType = wrapper.xcdatamodel; path = groceriesApp.xcdatamodel; sourceTree = "<group>"; };
		547F4A8F2BF157FC0055C580 /* ShoppingListCell.swift */ = {isa = PBXFileReference; lastKnownFileType = sourcecode.swift; path = ShoppingListCell.swift; sourceTree = "<group>"; };
		548F81D22C0C706A00FBC0E0 /* ListSummaryViewController.swift */ = {isa = PBXFileReference; lastKnownFileType = sourcecode.swift; path = ListSummaryViewController.swift; sourceTree = "<group>"; };
		548F81D42C0C727100FBC0E0 /* ListSummaryModel.swift */ = {isa = PBXFileReference; lastKnownFileType = sourcecode.swift; path = ListSummaryModel.swift; sourceTree = "<group>"; };
		548F81D62C0C764F00FBC0E0 /* ListItemSummaryCell.swift */ = {isa = PBXFileReference; lastKnownFileType = sourcecode.swift; path = ListItemSummaryCell.swift; sourceTree = "<group>"; };
		548F81D82C0CE38800FBC0E0 /* UIView+Extensions.swift */ = {isa = PBXFileReference; lastKnownFileType = sourcecode.swift; path = "UIView+Extensions.swift"; sourceTree = "<group>"; };
		548F81DA2C0CED7300FBC0E0 /* ListSummaryMenuView.swift */ = {isa = PBXFileReference; lastKnownFileType = sourcecode.swift; path = ListSummaryMenuView.swift; sourceTree = "<group>"; };
		548F81DC2C0CF2E300FBC0E0 /* ListSummaryHeaderView.swift */ = {isa = PBXFileReference; lastKnownFileType = sourcecode.swift; path = ListSummaryHeaderView.swift; sourceTree = "<group>"; };
		5490E46D2C13818E00D28724 /* NoInventoryItemsViewCell.swift */ = {isa = PBXFileReference; lastKnownFileType = sourcecode.swift; path = NoInventoryItemsViewCell.swift; sourceTree = "<group>"; };
		54A4DC6A2C0F5B580096F507 /* ItemNameChangeType.swift */ = {isa = PBXFileReference; lastKnownFileType = sourcecode.swift; path = ItemNameChangeType.swift; sourceTree = "<group>"; };
		54A4DC6D2C0F60B80096F507 /* InventoryItemValidator.swift */ = {isa = PBXFileReference; lastKnownFileType = sourcecode.swift; path = InventoryItemValidator.swift; sourceTree = "<group>"; };
		54A61B452C178FCD009AAC42 /* EmptyResultsView.swift */ = {isa = PBXFileReference; lastKnownFileType = sourcecode.swift; path = EmptyResultsView.swift; sourceTree = "<group>"; };
		54A74D0F2BECD181005C0061 /* ListItemsSortOption.swift */ = {isa = PBXFileReference; lastKnownFileType = sourcecode.swift; path = ListItemsSortOption.swift; sourceTree = "<group>"; };
		54A74D3F2BECE895005C0061 /* InventoryItem+CoreDataClass.swift */ = {isa = PBXFileReference; lastKnownFileType = sourcecode.swift; path = "InventoryItem+CoreDataClass.swift"; sourceTree = "<group>"; };
		54ADAFDF2C0090FB005EAC13 /* UIBarButtonItem+Extensions.swift */ = {isa = PBXFileReference; lastKnownFileType = sourcecode.swift; path = "UIBarButtonItem+Extensions.swift"; sourceTree = "<group>"; };
		54ADAFE22C00B352005EAC13 /* TemplateItemCell.swift */ = {isa = PBXFileReference; lastKnownFileType = sourcecode.swift; path = TemplateItemCell.swift; sourceTree = "<group>"; };
		54ADAFE42C010CDA005EAC13 /* LabeledPickerViewCell.swift */ = {isa = PBXFileReference; lastKnownFileType = sourcecode.swift; path = LabeledPickerViewCell.swift; sourceTree = "<group>"; };
		54ADAFE62C025336005EAC13 /* CreateTemplateViewController.swift */ = {isa = PBXFileReference; lastKnownFileType = sourcecode.swift; path = CreateTemplateViewController.swift; sourceTree = "<group>"; };
		54ADAFE92C02560F005EAC13 /* CreateTemplateModel.swift */ = {isa = PBXFileReference; lastKnownFileType = sourcecode.swift; path = CreateTemplateModel.swift; sourceTree = "<group>"; };
		54ADAFEB2C025672005EAC13 /* CreateTemplateObject.swift */ = {isa = PBXFileReference; lastKnownFileType = sourcecode.swift; path = CreateTemplateObject.swift; sourceTree = "<group>"; };
		54ADAFEF2C025C3B005EAC13 /* EntityCreationError.swift */ = {isa = PBXFileReference; lastKnownFileType = sourcecode.swift; path = EntityCreationError.swift; sourceTree = "<group>"; };
		54ADAFF12C0264A8005EAC13 /* HomeTemplatesViewController.swift */ = {isa = PBXFileReference; lastKnownFileType = sourcecode.swift; path = HomeTemplatesViewController.swift; sourceTree = "<group>"; };
		54ADAFF52C0264C4005EAC13 /* HomeTemplatesModel.swift */ = {isa = PBXFileReference; lastKnownFileType = sourcecode.swift; path = HomeTemplatesModel.swift; sourceTree = "<group>"; };
		54ADAFF72C026773005EAC13 /* TemplateCell.swift */ = {isa = PBXFileReference; lastKnownFileType = sourcecode.swift; path = TemplateCell.swift; sourceTree = "<group>"; };
		54ADAFF92C027DD8005EAC13 /* EditTemplateViewController.swift */ = {isa = PBXFileReference; lastKnownFileType = sourcecode.swift; path = EditTemplateViewController.swift; sourceTree = "<group>"; };
		54ADAFFB2C027DDF005EAC13 /* EditTemplateModel.swift */ = {isa = PBXFileReference; lastKnownFileType = sourcecode.swift; path = EditTemplateModel.swift; sourceTree = "<group>"; };
		54ADAFFD2C03B1A9005EAC13 /* EditTemplateItemsViewController.swift */ = {isa = PBXFileReference; lastKnownFileType = sourcecode.swift; path = EditTemplateItemsViewController.swift; sourceTree = "<group>"; };
		54ADAFFF2C03B1DE005EAC13 /* EditTemplateItemsModel.swift */ = {isa = PBXFileReference; lastKnownFileType = sourcecode.swift; path = EditTemplateItemsModel.swift; sourceTree = "<group>"; };
		54ADB0032C03B3CC005EAC13 /* UICollectionViewLayout+Extensions.swift */ = {isa = PBXFileReference; lastKnownFileType = sourcecode.swift; path = "UICollectionViewLayout+Extensions.swift"; sourceTree = "<group>"; };
		54AF986D2BEA7B8F001A5B79 /* ShoppingListItemCell.swift */ = {isa = PBXFileReference; lastKnownFileType = sourcecode.swift; path = ShoppingListItemCell.swift; sourceTree = "<group>"; };
		54B630A82BF3A151007874DF /* CreateInventoryItemModel.swift */ = {isa = PBXFileReference; lastKnownFileType = sourcecode.swift; path = CreateInventoryItemModel.swift; sourceTree = "<group>"; };
		54B630AC2BF3A1FA007874DF /* DoneBarButtonItem.swift */ = {isa = PBXFileReference; lastKnownFileType = sourcecode.swift; path = DoneBarButtonItem.swift; sourceTree = "<group>"; };
		54B630AE2BF3CFF6007874DF /* EditListModel.swift */ = {isa = PBXFileReference; lastKnownFileType = sourcecode.swift; path = EditListModel.swift; sourceTree = "<group>"; };
		54B8807E2C1D7AF200FB1EEA /* ListableItem.swift */ = {isa = PBXFileReference; lastKnownFileType = sourcecode.swift; path = ListableItem.swift; sourceTree = "<group>"; };
		54B880802C1D7BBC00FB1EEA /* TemplateItem+CoreDataClass.swift */ = {isa = PBXFileReference; lastKnownFileType = sourcecode.swift; path = "TemplateItem+CoreDataClass.swift"; sourceTree = "<group>"; };
		54B880852C1D7BFF00FB1EEA /* EditListableItemCell.swift */ = {isa = PBXFileReference; lastKnownFileType = sourcecode.swift; path = EditListableItemCell.swift; sourceTree = "<group>"; };
		54B880872C1D7DC400FB1EEA /* EditListableItemsModel.swift */ = {isa = PBXFileReference; lastKnownFileType = sourcecode.swift; path = EditListableItemsModel.swift; sourceTree = "<group>"; };
		54B8808A2C1D8AD300FB1EEA /* EditListableItemsViewController.swift */ = {isa = PBXFileReference; lastKnownFileType = sourcecode.swift; path = EditListableItemsViewController.swift; sourceTree = "<group>"; };
		54C766DE2BF5F63600F0A5CC /* HistoryViewController.swift */ = {isa = PBXFileReference; lastKnownFileType = sourcecode.swift; path = HistoryViewController.swift; sourceTree = "<group>"; };
		54C766E12BF5F72400F0A5CC /* HistoryModel.swift */ = {isa = PBXFileReference; lastKnownFileType = sourcecode.swift; path = HistoryModel.swift; sourceTree = "<group>"; };
		54C766E32BF6005E00F0A5CC /* EditListItemsModel.swift */ = {isa = PBXFileReference; lastKnownFileType = sourcecode.swift; path = EditListItemsModel.swift; sourceTree = "<group>"; };
		54C766E62BF6278700F0A5CC /* ExpandingTextView.swift */ = {isa = PBXFileReference; lastKnownFileType = sourcecode.swift; path = ExpandingTextView.swift; sourceTree = "<group>"; };
		54C766E82BF62FFB00F0A5CC /* LabelTextFieldView.swift */ = {isa = PBXFileReference; lastKnownFileType = sourcecode.swift; path = LabelTextFieldView.swift; sourceTree = "<group>"; };
		54C766EA2BF64B2800F0A5CC /* EditInventoryItemViewController.swift */ = {isa = PBXFileReference; lastKnownFileType = sourcecode.swift; path = EditInventoryItemViewController.swift; sourceTree = "<group>"; };
		54C766EC2BF64B5D00F0A5CC /* EditInventoryItemModel.swift */ = {isa = PBXFileReference; lastKnownFileType = sourcecode.swift; path = EditInventoryItemModel.swift; sourceTree = "<group>"; };
		54D864642BF206B900BAB0C3 /* UIAlertController+Extensions.swift */ = {isa = PBXFileReference; lastKnownFileType = sourcecode.swift; path = "UIAlertController+Extensions.swift"; sourceTree = "<group>"; };
		54DA69372BE6C1240062F9B3 /* CreateItemSheetController.swift */ = {isa = PBXFileReference; lastKnownFileType = sourcecode.swift; path = CreateItemSheetController.swift; sourceTree = "<group>"; };
		54DA693A2BE786150062F9B3 /* LabelTextFieldTableViewCell.swift */ = {isa = PBXFileReference; lastKnownFileType = sourcecode.swift; path = LabelTextFieldTableViewCell.swift; sourceTree = "<group>"; };
		54DA693C2BE787260062F9B3 /* UIStackView+Extensions.swift */ = {isa = PBXFileReference; lastKnownFileType = sourcecode.swift; path = "UIStackView+Extensions.swift"; sourceTree = "<group>"; };
		54DA693E2BE7920A0062F9B3 /* ToggleTableViewCell.swift */ = {isa = PBXFileReference; lastKnownFileType = sourcecode.swift; path = ToggleTableViewCell.swift; sourceTree = "<group>"; };
		54DA69402BE7A5920062F9B3 /* SelectedCategoryCell.swift */ = {isa = PBXFileReference; lastKnownFileType = sourcecode.swift; path = SelectedCategoryCell.swift; sourceTree = "<group>"; };
		54DB50E42BE7F21E0050C2CF /* CategorySelectionViewController.swift */ = {isa = PBXFileReference; lastKnownFileType = sourcecode.swift; path = CategorySelectionViewController.swift; sourceTree = "<group>"; };
		54DB50E82BE7FF850050C2CF /* NoCategoriesViewCell.swift */ = {isa = PBXFileReference; lastKnownFileType = sourcecode.swift; path = NoCategoriesViewCell.swift; sourceTree = "<group>"; };
		54E45C432BE5734E00FB3419 /* NoTemplatesViewCell.swift */ = {isa = PBXFileReference; lastKnownFileType = sourcecode.swift; path = NoTemplatesViewCell.swift; sourceTree = "<group>"; };
		54E45C452BE6228A00FB3419 /* EditShoppingListViewController.swift */ = {isa = PBXFileReference; lastKnownFileType = sourcecode.swift; path = EditShoppingListViewController.swift; sourceTree = "<group>"; };
		54E45C522BE6623500FB3419 /* SelectInventoryItemViewController.swift */ = {isa = PBXFileReference; lastKnownFileType = sourcecode.swift; path = SelectInventoryItemViewController.swift; sourceTree = "<group>"; };
		54ECA21F2C18A07C005C9A25 /* UITableViewController+Extensions.swift */ = {isa = PBXFileReference; lastKnownFileType = sourcecode.swift; path = "UITableViewController+Extensions.swift"; sourceTree = "<group>"; };
		54FCFA9F2BF23B8B00FFDF46 /* CategorySelectorModel.swift */ = {isa = PBXFileReference; lastKnownFileType = sourcecode.swift; path = CategorySelectorModel.swift; sourceTree = "<group>"; };
		54FCFAA32BF282B600FFDF46 /* CategoryError.swift */ = {isa = PBXFileReference; lastKnownFileType = sourcecode.swift; path = CategoryError.swift; sourceTree = "<group>"; };
		54FCFAA52BF2B18500FFDF46 /* SelectInventoryItemModel.swift */ = {isa = PBXFileReference; lastKnownFileType = sourcecode.swift; path = SelectInventoryItemModel.swift; sourceTree = "<group>"; };
		54FCFAAA2BF3574400FFDF46 /* EditCategoryViewController.swift */ = {isa = PBXFileReference; lastKnownFileType = sourcecode.swift; path = EditCategoryViewController.swift; sourceTree = "<group>"; };
		54FCFAAC2BF35CAA00FFDF46 /* EditCategoryModel.swift */ = {isa = PBXFileReference; lastKnownFileType = sourcecode.swift; path = EditCategoryModel.swift; sourceTree = "<group>"; };
		54FD98D42BF4A88700A60F08 /* EditListMenuDelegate.swift */ = {isa = PBXFileReference; lastKnownFileType = sourcecode.swift; path = EditListMenuDelegate.swift; sourceTree = "<group>"; };
		54FD98D62BF4A9D500A60F08 /* EditListMenuView.swift */ = {isa = PBXFileReference; lastKnownFileType = sourcecode.swift; path = EditListMenuView.swift; sourceTree = "<group>"; };
		54FD98DA2BF4EC3D00A60F08 /* HomeListsViewController.swift */ = {isa = PBXFileReference; lastKnownFileType = sourcecode.swift; path = HomeListsViewController.swift; sourceTree = "<group>"; };
		54FD98DD2BF4EC5B00A60F08 /* HomeListsModel.swift */ = {isa = PBXFileReference; lastKnownFileType = sourcecode.swift; path = HomeListsModel.swift; sourceTree = "<group>"; };
		54FD98E32BF5173200A60F08 /* HomeRootViewController.swift */ = {isa = PBXFileReference; lastKnownFileType = sourcecode.swift; path = HomeRootViewController.swift; sourceTree = "<group>"; };
		54FE5B5C2C1DBDCE00A9D5FF /* EditShoppingListItemsViewController.swift */ = {isa = PBXFileReference; lastKnownFileType = sourcecode.swift; path = EditShoppingListItemsViewController.swift; sourceTree = "<group>"; };
/* End PBXFileReference section */

/* Begin PBXFrameworksBuildPhase section */
		541B87B62C22E0E200E310FD /* Frameworks */ = {
			isa = PBXFrameworksBuildPhase;
			buildActionMask = 2147483647;
			files = (
				541B87BB2C22E0E200E310FD /* Intents.framework in Frameworks */,
			);
			runOnlyForDeploymentPostprocessing = 0;
		};
		542C230B2C217D80005C96B3 /* Frameworks */ = {
			isa = PBXFrameworksBuildPhase;
			buildActionMask = 2147483647;
			files = (
				542C23132C217D80005C96B3 /* SwiftUI.framework in Frameworks */,
				542C23112C217D80005C96B3 /* WidgetKit.framework in Frameworks */,
			);
			runOnlyForDeploymentPostprocessing = 0;
		};
		547CABB22BE16C0E0017C3C6 /* Frameworks */ = {
			isa = PBXFrameworksBuildPhase;
			buildActionMask = 2147483647;
			files = (
			);
			runOnlyForDeploymentPostprocessing = 0;
		};
/* End PBXFrameworksBuildPhase section */

/* Begin PBXGroup section */
		540A81FB2BFFDCA600B9420F /* Templates */ = {
			isa = PBXGroup;
			children = (
				54ADAFE12C00B333005EAC13 /* Views */,
				540A81FD2BFFDCB200B9420F /* Models */,
				540A81FC2BFFDCAC00B9420F /* ViewControllers */,
			);
			path = Templates;
			sourceTree = "<group>";
		};
		540A81FC2BFFDCAC00B9420F /* ViewControllers */ = {
			isa = PBXGroup;
			children = (
				54ADAFE62C025336005EAC13 /* CreateTemplateViewController.swift */,
				54ADAFF12C0264A8005EAC13 /* HomeTemplatesViewController.swift */,
				54ADAFF92C027DD8005EAC13 /* EditTemplateViewController.swift */,
				54ADAFFD2C03B1A9005EAC13 /* EditTemplateItemsViewController.swift */,
			);
			path = ViewControllers;
			sourceTree = "<group>";
		};
		540A81FD2BFFDCB200B9420F /* Models */ = {
			isa = PBXGroup;
			children = (
				54ADAFE92C02560F005EAC13 /* CreateTemplateModel.swift */,
				54ADAFEB2C025672005EAC13 /* CreateTemplateObject.swift */,
				54ADAFF52C0264C4005EAC13 /* HomeTemplatesModel.swift */,
				54ADAFFB2C027DDF005EAC13 /* EditTemplateModel.swift */,
				54ADAFFF2C03B1DE005EAC13 /* EditTemplateItemsModel.swift */,
				541BB9212C07B94100F37E59 /* TemplateValidator.swift */,
			);
			path = Models;
			sourceTree = "<group>";
		};
		541B87BC2C22E0E200E310FD /* ListProgressIntentHandler */ = {
			isa = PBXGroup;
			children = (
				541B87C92C22E16500E310FD /* ListProgressIntentHandler.entitlements */,
				541B87BD2C22E0E200E310FD /* ListProgressIntentHandler.swift */,
				541B87BF2C22E0E200E310FD /* Info.plist */,
			);
			path = ListProgressIntentHandler;
			sourceTree = "<group>";
		};
		542C230F2C217D80005C96B3 /* Frameworks */ = {
			isa = PBXGroup;
			children = (
				542C23102C217D80005C96B3 /* WidgetKit.framework */,
				542C23122C217D80005C96B3 /* SwiftUI.framework */,
				541B87BA2C22E0E200E310FD /* Intents.framework */,
			);
			name = Frameworks;
			sourceTree = "<group>";
		};
		542C23142C217D80005C96B3 /* ListProgressWidget */ = {
			isa = PBXGroup;
			children = (
				542C23152C217D80005C96B3 /* ListProgressWidgetBundle.swift */,
				542C23172C217D80005C96B3 /* ListProgressWidget.swift */,
				542C23192C217D81005C96B3 /* Assets.xcassets */,
				542C231B2C217D81005C96B3 /* Info.plist */,
				542C232C2C219941005C96B3 /* ListProgressConfgurationIntent.intentdefinition */,
			);
			path = ListProgressWidget;
			sourceTree = "<group>";
		};
		543A8E302C08FD680087EC3D /* Badges */ = {
			isa = PBXGroup;
			children = (
				543A8E312C08FD7E0087EC3D /* BadgeViewFactory.swift */,
			);
			path = Badges;
			sourceTree = "<group>";
		};
		544501DF2BE94B050018B345 /* Model */ = {
			isa = PBXGroup;
			children = (
				544501E02BE94B220018B345 /* InventoryItemCreationState.swift */,
				54FCFAA52BF2B18500FFDF46 /* SelectInventoryItemModel.swift */,
				54B630A82BF3A151007874DF /* CreateInventoryItemModel.swift */,
				54C766EC2BF64B5D00F0A5CC /* EditInventoryItemModel.swift */,
				54A4DC6A2C0F5B580096F507 /* ItemNameChangeType.swift */,
				54A4DC6D2C0F60B80096F507 /* InventoryItemValidator.swift */,
			);
			path = Model;
			sourceTree = "<group>";
		};
		544501E62BE957490018B345 /* Models */ = {
			isa = PBXGroup;
			children = (
				54FCFA9F2BF23B8B00FFDF46 /* CategorySelectorModel.swift */,
				54FCFAA32BF282B600FFDF46 /* CategoryError.swift */,
				54FCFAAC2BF35CAA00FFDF46 /* EditCategoryModel.swift */,
			);
			path = Models;
			sourceTree = "<group>";
		};
		544C80AA2BE27DBD004DF718 /* Shared */ = {
			isa = PBXGroup;
			children = (
				54ADAFED2C025C2D005EAC13 /* Models */,
				544C80AB2BE27DC1004DF718 /* Views */,
			);
			path = Shared;
			sourceTree = "<group>";
		};
		544C80AB2BE27DC1004DF718 /* Views */ = {
			isa = PBXGroup;
			children = (
				54A61B442C178FB3009AAC42 /* Indicators */,
				543A8E302C08FD680087EC3D /* Badges */,
				54C766E52BF6269400F0A5CC /* Editing */,
				54B630AB2BF3A1E9007874DF /* Buttons */,
				54B630AA2BF3A1E1007874DF /* Cells */,
			);
			path = Views;
			sourceTree = "<group>";
		};
		54515F8A2C0B896C00AF03E3 /* Views */ = {
			isa = PBXGroup;
			children = (
				54515F8B2C0B898000AF03E3 /* ShoppingListHistoryCell.swift */,
				548F81D62C0C764F00FBC0E0 /* ListItemSummaryCell.swift */,
				548F81DA2C0CED7300FBC0E0 /* ListSummaryMenuView.swift */,
				548F81DC2C0CF2E300FBC0E0 /* ListSummaryHeaderView.swift */,
			);
			path = Views;
			sourceTree = "<group>";
		};
		54515F8D2C0B9D7700AF03E3 /* Views */ = {
			isa = PBXGroup;
			children = (
				54ADB0032C03B3CC005EAC13 /* UICollectionViewLayout+Extensions.swift */,
				54ADAFDF2C0090FB005EAC13 /* UIBarButtonItem+Extensions.swift */,
				54DA693C2BE787260062F9B3 /* UIStackView+Extensions.swift */,
				548F81D82C0CE38800FBC0E0 /* UIView+Extensions.swift */,
			);
			path = Views;
			sourceTree = "<group>";
		};
		54515F8E2C0B9D7D00AF03E3 /* Controllers */ = {
			isa = PBXGroup;
			children = (
				544501DD2BE940770018B345 /* UIViewController+Extensions.swift */,
				54D864642BF206B900BAB0C3 /* UIAlertController+Extensions.swift */,
				54ECA21F2C18A07C005C9A25 /* UITableViewController+Extensions.swift */,
			);
			path = Controllers;
			sourceTree = "<group>";
		};
		54515F8F2C0B9D9800AF03E3 /* Other */ = {
			isa = PBXGroup;
			children = (
				5478A7C62BE237FF005D1F7D /* UIFont+Extensions.swift */,
				544501E92BE968DC0018B345 /* String+Extensions.swift */,
				54515F902C0B9DA600AF03E3 /* Double+Extensions.swift */,
			);
			path = Other;
			sourceTree = "<group>";
		};
		546211852BE42403002CE98E /* Views */ = {
			isa = PBXGroup;
			children = (
				546211862BE4241D002CE98E /* TemplateSelectionCellView.swift */,
				54E45C432BE5734E00FB3419 /* NoTemplatesViewCell.swift */,
			);
			path = Views;
			sourceTree = "<group>";
		};
		5478A7BA2BE236FE005D1F7D /* Fonts */ = {
			isa = PBXGroup;
			children = (
				5478A7BF2BE23718005D1F7D /* Poppins-ExtraLight.ttf */,
				5478A7BE2BE23718005D1F7D /* Poppins-Light.ttf */,
				5478A7BD2BE23718005D1F7D /* Poppins-Medium.ttf */,
				5478A7BB2BE23718005D1F7D /* Poppins-Regular.ttf */,
				5478A7BC2BE23718005D1F7D /* Poppins-Thin.ttf */,
			);
			path = Fonts;
			sourceTree = "<group>";
		};
		5478A7C52BE237A0005D1F7D /* Extensions */ = {
			isa = PBXGroup;
			children = (
				54515F8F2C0B9D9800AF03E3 /* Other */,
				54515F8E2C0B9D7D00AF03E3 /* Controllers */,
				54515F8D2C0B9D7700AF03E3 /* Views */,
			);
			path = Extensions;
			sourceTree = "<group>";
		};
		5478A7C82BE23BFD005D1F7D /* Features */ = {
			isa = PBXGroup;
			children = (
				54B8807C2C1D7ADB00FB1EEA /* ListableItem */,
				540A81FB2BFFDCA600B9420F /* Templates */,
				54C766DC2BF5F61E00F0A5CC /* History */,
				54DB50E32BE7F2080050C2CF /* Categories */,
				54E45C502BE6621200FB3419 /* InventoryItems */,
				54E45C4D2BE660C800FB3419 /* ShoppingLists */,
			);
			path = Features;
			sourceTree = "<group>";
		};
		5478A7C92BE23C03005D1F7D /* Creation */ = {
			isa = PBXGroup;
			children = (
				546211852BE42403002CE98E /* Views */,
				5478A7CB2BE23D23005D1F7D /* Models */,
				5478A7CA2BE23C12005D1F7D /* ViewControllers */,
			);
			path = Creation;
			sourceTree = "<group>";
		};
		5478A7CA2BE23C12005D1F7D /* ViewControllers */ = {
			isa = PBXGroup;
			children = (
				544C80A82BE2755D004DF718 /* CreateListViewController.swift */,
			);
			path = ViewControllers;
			sourceTree = "<group>";
		};
		5478A7CB2BE23D23005D1F7D /* Models */ = {
			isa = PBXGroup;
			children = (
				54A74D0F2BECD181005C0061 /* ListItemsSortOption.swift */,
			);
			path = Models;
			sourceTree = "<group>";
		};
		547CABAC2BE16C0E0017C3C6 = {
			isa = PBXGroup;
			children = (
				542C23222C217D8A005C96B3 /* ListProgressWidgetExtension.entitlements */,
				547CABB72BE16C0E0017C3C6 /* groceriesApp */,
				542C23142C217D80005C96B3 /* ListProgressWidget */,
				541B87BC2C22E0E200E310FD /* ListProgressIntentHandler */,
				542C230F2C217D80005C96B3 /* Frameworks */,
				547CABB62BE16C0E0017C3C6 /* Products */,
			);
			sourceTree = "<group>";
		};
		547CABB62BE16C0E0017C3C6 /* Products */ = {
			isa = PBXGroup;
			children = (
				547CABB52BE16C0E0017C3C6 /* groceriesApp.app */,
				542C230E2C217D80005C96B3 /* ListProgressWidgetExtension.appex */,
				541B87B92C22E0E200E310FD /* ListProgressIntentHandler.appex */,
			);
			name = Products;
			sourceTree = "<group>";
		};
		547CABB72BE16C0E0017C3C6 /* groceriesApp */ = {
			isa = PBXGroup;
			children = (
				547CABCC2BE1700A0017C3C6 /* CoreData */,
				54129E182C20CBC900405949 /* groceriesApp.entitlements */,
				544C80AA2BE27DBD004DF718 /* Shared */,
				5478A7C82BE23BFD005D1F7D /* Features */,
				5478A7C52BE237A0005D1F7D /* Extensions */,
				5478A7BA2BE236FE005D1F7D /* Fonts */,
				547CABB82BE16C0E0017C3C6 /* AppDelegate.swift */,
				547CABBA2BE16C0E0017C3C6 /* SceneDelegate.swift */,
				547CABC12BE16C0F0017C3C6 /* Assets.xcassets */,
				547CABC32BE16C0F0017C3C6 /* LaunchScreen.storyboard */,
				547CABCD2BE170350017C3C6 /* groceriesApp.xcdatamodeld */,
				547CABC62BE16C0F0017C3C6 /* Info.plist */,
			);
			path = groceriesApp;
			sourceTree = "<group>";
		};
		547CABCC2BE1700A0017C3C6 /* CoreData */ = {
			isa = PBXGroup;
			children = (
				54B880802C1D7BBC00FB1EEA /* TemplateItem+CoreDataClass.swift */,
				5416E8292C105092002FE57A /* ListItem+CoreDataClass.swift */,
				54515F922C0B9F8900AF03E3 /* ShoppingList+CoreDataClass.swift */,
				54A74D3F2BECE895005C0061 /* InventoryItem+CoreDataClass.swift */,
				5427CA1B2C10FB7F006F16B9 /* PopulateCoreData.swift */,
				540288372C231A3D00357366 /* PersistenceController.swift */,
			);
			path = CoreData;
			sourceTree = "<group>";
		};
		54A61B442C178FB3009AAC42 /* Indicators */ = {
			isa = PBXGroup;
			children = (
				54A61B452C178FCD009AAC42 /* EmptyResultsView.swift */,
			);
			path = Indicators;
			sourceTree = "<group>";
		};
		54ADAFE12C00B333005EAC13 /* Views */ = {
			isa = PBXGroup;
			children = (
				54ADAFE22C00B352005EAC13 /* TemplateItemCell.swift */,
				54ADAFF72C026773005EAC13 /* TemplateCell.swift */,
				541BB91C2C07999500F37E59 /* EditTemplateMenuView.swift */,
			);
			path = Views;
			sourceTree = "<group>";
		};
		54ADAFED2C025C2D005EAC13 /* Models */ = {
			isa = PBXGroup;
			children = (
				54ADAFEE2C025C32005EAC13 /* Errors */,
			);
			path = Models;
			sourceTree = "<group>";
		};
		54ADAFEE2C025C32005EAC13 /* Errors */ = {
			isa = PBXGroup;
			children = (
				54ADAFEF2C025C3B005EAC13 /* EntityCreationError.swift */,
			);
			path = Errors;
			sourceTree = "<group>";
		};
		54B630AA2BF3A1E1007874DF /* Cells */ = {
			isa = PBXGroup;
			children = (
				544C80AC2BE27DD3004DF718 /* TextFieldTableViewCell.swift */,
				54DA693A2BE786150062F9B3 /* LabelTextFieldTableViewCell.swift */,
				54DA693E2BE7920A0062F9B3 /* ToggleTableViewCell.swift */,
				54ADAFE42C010CDA005EAC13 /* LabeledPickerViewCell.swift */,
			);
			path = Cells;
			sourceTree = "<group>";
		};
		54B630AB2BF3A1E9007874DF /* Buttons */ = {
			isa = PBXGroup;
			children = (
				54B630AC2BF3A1FA007874DF /* DoneBarButtonItem.swift */,
			);
			path = Buttons;
			sourceTree = "<group>";
		};
		54B630B02BF3E85F007874DF /* Editing */ = {
			isa = PBXGroup;
			children = (
				54B630B32BF3E92C007874DF /* Views */,
				54B630B22BF3E86C007874DF /* Models */,
				54B630B12BF3E863007874DF /* ViewControllers */,
			);
			path = Editing;
			sourceTree = "<group>";
		};
		54B630B12BF3E863007874DF /* ViewControllers */ = {
			isa = PBXGroup;
			children = (
				54E45C452BE6228A00FB3419 /* EditShoppingListViewController.swift */,
				54FE5B5C2C1DBDCE00A9D5FF /* EditShoppingListItemsViewController.swift */,
			);
			path = ViewControllers;
			sourceTree = "<group>";
		};
		54B630B22BF3E86C007874DF /* Models */ = {
			isa = PBXGroup;
			children = (
				54C766E32BF6005E00F0A5CC /* EditListItemsModel.swift */,
				54B630AE2BF3CFF6007874DF /* EditListModel.swift */,
				54FD98D42BF4A88700A60F08 /* EditListMenuDelegate.swift */,
			);
			path = Models;
			sourceTree = "<group>";
		};
		54B630B32BF3E92C007874DF /* Views */ = {
			isa = PBXGroup;
			children = (
				547F4A8F2BF157FC0055C580 /* ShoppingListCell.swift */,
				54AF986D2BEA7B8F001A5B79 /* ShoppingListItemCell.swift */,
				54FD98D62BF4A9D500A60F08 /* EditListMenuView.swift */,
			);
			path = Views;
			sourceTree = "<group>";
		};
		54B8807C2C1D7ADB00FB1EEA /* ListableItem */ = {
			isa = PBXGroup;
			children = (
				54B880892C1D8AB800FB1EEA /* ViewControllers */,
				54B880842C1D7BEA00FB1EEA /* Views */,
				54B8807D2C1D7AE900FB1EEA /* Models */,
			);
			path = ListableItem;
			sourceTree = "<group>";
		};
		54B8807D2C1D7AE900FB1EEA /* Models */ = {
			isa = PBXGroup;
			children = (
				54B8807E2C1D7AF200FB1EEA /* ListableItem.swift */,
				54B880872C1D7DC400FB1EEA /* EditListableItemsModel.swift */,
			);
			path = Models;
			sourceTree = "<group>";
		};
		54B880842C1D7BEA00FB1EEA /* Views */ = {
			isa = PBXGroup;
			children = (
				54B880852C1D7BFF00FB1EEA /* EditListableItemCell.swift */,
			);
			path = Views;
			sourceTree = "<group>";
		};
		54B880892C1D8AB800FB1EEA /* ViewControllers */ = {
			isa = PBXGroup;
			children = (
				54B8808A2C1D8AD300FB1EEA /* EditListableItemsViewController.swift */,
			);
			path = ViewControllers;
			sourceTree = "<group>";
		};
		54C766DC2BF5F61E00F0A5CC /* History */ = {
			isa = PBXGroup;
			children = (
				54515F8A2C0B896C00AF03E3 /* Views */,
				54C766E02BF5F71500F0A5CC /* Models */,
				54C766DD2BF5F62300F0A5CC /* ViewControllers */,
			);
			path = History;
			sourceTree = "<group>";
		};
		54C766DD2BF5F62300F0A5CC /* ViewControllers */ = {
			isa = PBXGroup;
			children = (
				54C766DE2BF5F63600F0A5CC /* HistoryViewController.swift */,
				548F81D22C0C706A00FBC0E0 /* ListSummaryViewController.swift */,
			);
			path = ViewControllers;
			sourceTree = "<group>";
		};
		54C766E02BF5F71500F0A5CC /* Models */ = {
			isa = PBXGroup;
			children = (
				54C766E12BF5F72400F0A5CC /* HistoryModel.swift */,
				548F81D42C0C727100FBC0E0 /* ListSummaryModel.swift */,
			);
			path = Models;
			sourceTree = "<group>";
		};
		54C766E52BF6269400F0A5CC /* Editing */ = {
			isa = PBXGroup;
			children = (
				54C766E62BF6278700F0A5CC /* ExpandingTextView.swift */,
				54C766E82BF62FFB00F0A5CC /* LabelTextFieldView.swift */,
			);
			path = Editing;
			sourceTree = "<group>";
		};
		54DA69392BE785AE0062F9B3 /* Views */ = {
			isa = PBXGroup;
			children = (
				54DA69402BE7A5920062F9B3 /* SelectedCategoryCell.swift */,
				544501EB2BE96A340018B345 /* InventoryItemSelectionCell.swift */,
				5490E46D2C13818E00D28724 /* NoInventoryItemsViewCell.swift */,
			);
			path = Views;
			sourceTree = "<group>";
		};
		54DB50E32BE7F2080050C2CF /* Categories */ = {
			isa = PBXGroup;
			children = (
				544501E62BE957490018B345 /* Models */,
				54DB50E72BE7FE9C0050C2CF /* Views */,
				54DB50E62BE7FE8F0050C2CF /* ViewControllers */,
			);
			path = Categories;
			sourceTree = "<group>";
		};
		54DB50E62BE7FE8F0050C2CF /* ViewControllers */ = {
			isa = PBXGroup;
			children = (
				54DB50E42BE7F21E0050C2CF /* CategorySelectionViewController.swift */,
				54FCFAAA2BF3574400FFDF46 /* EditCategoryViewController.swift */,
			);
			path = ViewControllers;
			sourceTree = "<group>";
		};
		54DB50E72BE7FE9C0050C2CF /* Views */ = {
			isa = PBXGroup;
			children = (
				54DB50E82BE7FF850050C2CF /* NoCategoriesViewCell.swift */,
			);
			path = Views;
			sourceTree = "<group>";
		};
		54E45C4D2BE660C800FB3419 /* ShoppingLists */ = {
			isa = PBXGroup;
			children = (
				54FD98D82BF4EC2600A60F08 /* Home */,
				54B630B02BF3E85F007874DF /* Editing */,
				5478A7C92BE23C03005D1F7D /* Creation */,
			);
			path = ShoppingLists;
			sourceTree = "<group>";
		};
		54E45C502BE6621200FB3419 /* InventoryItems */ = {
			isa = PBXGroup;
			children = (
				544501DF2BE94B050018B345 /* Model */,
				54DA69392BE785AE0062F9B3 /* Views */,
				54E45C512BE6621800FB3419 /* ViewControllers */,
			);
			path = InventoryItems;
			sourceTree = "<group>";
		};
		54E45C512BE6621800FB3419 /* ViewControllers */ = {
			isa = PBXGroup;
			children = (
				54E45C522BE6623500FB3419 /* SelectInventoryItemViewController.swift */,
				54DA69372BE6C1240062F9B3 /* CreateItemSheetController.swift */,
				54C766EA2BF64B2800F0A5CC /* EditInventoryItemViewController.swift */,
			);
			path = ViewControllers;
			sourceTree = "<group>";
		};
		54FD98D82BF4EC2600A60F08 /* Home */ = {
			isa = PBXGroup;
			children = (
				54FD98DC2BF4EC5200A60F08 /* Models */,
				54FD98D92BF4EC2C00A60F08 /* ViewControllers */,
			);
			path = Home;
			sourceTree = "<group>";
		};
		54FD98D92BF4EC2C00A60F08 /* ViewControllers */ = {
			isa = PBXGroup;
			children = (
				54FD98DA2BF4EC3D00A60F08 /* HomeListsViewController.swift */,
				54FD98E32BF5173200A60F08 /* HomeRootViewController.swift */,
			);
			path = ViewControllers;
			sourceTree = "<group>";
		};
		54FD98DC2BF4EC5200A60F08 /* Models */ = {
			isa = PBXGroup;
			children = (
				5478A7CC2BE23D37005D1F7D /* HomeTab.swift */,
				54FD98DD2BF4EC5B00A60F08 /* HomeListsModel.swift */,
			);
			path = Models;
			sourceTree = "<group>";
		};
/* End PBXGroup section */

/* Begin PBXNativeTarget section */
		541B87B82C22E0E200E310FD /* ListProgressIntentHandler */ = {
			isa = PBXNativeTarget;
			buildConfigurationList = 541B87C32C22E0E200E310FD /* Build configuration list for PBXNativeTarget "ListProgressIntentHandler" */;
			buildPhases = (
				541B87B52C22E0E200E310FD /* Sources */,
				541B87B62C22E0E200E310FD /* Frameworks */,
				541B87B72C22E0E200E310FD /* Resources */,
			);
			buildRules = (
			);
			dependencies = (
			);
			name = ListProgressIntentHandler;
			productName = ListProgressIntentHandler;
			productReference = 541B87B92C22E0E200E310FD /* ListProgressIntentHandler.appex */;
			productType = "com.apple.product-type.app-extension";
		};
		542C230D2C217D80005C96B3 /* ListProgressWidgetExtension */ = {
			isa = PBXNativeTarget;
			buildConfigurationList = 542C231F2C217D81005C96B3 /* Build configuration list for PBXNativeTarget "ListProgressWidgetExtension" */;
			buildPhases = (
				542C230A2C217D80005C96B3 /* Sources */,
				542C230B2C217D80005C96B3 /* Frameworks */,
				542C230C2C217D80005C96B3 /* Resources */,
			);
			buildRules = (
			);
			dependencies = (
			);
			name = ListProgressWidgetExtension;
			productName = ListProgressWidgetExtension;
			productReference = 542C230E2C217D80005C96B3 /* ListProgressWidgetExtension.appex */;
			productType = "com.apple.product-type.app-extension";
		};
		547CABB42BE16C0E0017C3C6 /* groceriesApp */ = {
			isa = PBXNativeTarget;
			buildConfigurationList = 547CABC92BE16C0F0017C3C6 /* Build configuration list for PBXNativeTarget "groceriesApp" */;
			buildPhases = (
				547CABB12BE16C0E0017C3C6 /* Sources */,
				547CABB22BE16C0E0017C3C6 /* Frameworks */,
				547CABB32BE16C0E0017C3C6 /* Resources */,
				54129E142C20CB7700405949 /* Embed Foundation Extensions */,
			);
			buildRules = (
			);
			dependencies = (
				542C231D2C217D81005C96B3 /* PBXTargetDependency */,
				541B87C12C22E0E200E310FD /* PBXTargetDependency */,
			);
			name = groceriesApp;
			packageProductDependencies = (
			);
			productName = groceriesApp;
			productReference = 547CABB52BE16C0E0017C3C6 /* groceriesApp.app */;
			productType = "com.apple.product-type.application";
		};
/* End PBXNativeTarget section */

/* Begin PBXProject section */
		547CABAD2BE16C0E0017C3C6 /* Project object */ = {
			isa = PBXProject;
			attributes = {
				BuildIndependentTargetsInParallel = 1;
				LastSwiftUpdateCheck = 1520;
				LastUpgradeCheck = 1520;
				TargetAttributes = {
					541B87B82C22E0E200E310FD = {
						CreatedOnToolsVersion = 15.2;
					};
					542C230D2C217D80005C96B3 = {
						CreatedOnToolsVersion = 15.2;
					};
					547CABB42BE16C0E0017C3C6 = {
						CreatedOnToolsVersion = 15.2;
					};
				};
			};
			buildConfigurationList = 547CABB02BE16C0E0017C3C6 /* Build configuration list for PBXProject "groceriesApp" */;
			compatibilityVersion = "Xcode 14.0";
			developmentRegion = en;
			hasScannedForEncodings = 0;
			knownRegions = (
				en,
				Base,
			);
			mainGroup = 547CABAC2BE16C0E0017C3C6;
			packageReferences = (
			);
			productRefGroup = 547CABB62BE16C0E0017C3C6 /* Products */;
			projectDirPath = "";
			projectRoot = "";
			targets = (
				547CABB42BE16C0E0017C3C6 /* groceriesApp */,
				542C230D2C217D80005C96B3 /* ListProgressWidgetExtension */,
				541B87B82C22E0E200E310FD /* ListProgressIntentHandler */,
			);
		};
/* End PBXProject section */

/* Begin PBXResourcesBuildPhase section */
		541B87B72C22E0E200E310FD /* Resources */ = {
			isa = PBXResourcesBuildPhase;
			buildActionMask = 2147483647;
			files = (
			);
			runOnlyForDeploymentPostprocessing = 0;
		};
		542C230C2C217D80005C96B3 /* Resources */ = {
			isa = PBXResourcesBuildPhase;
			buildActionMask = 2147483647;
			files = (
				542C231A2C217D81005C96B3 /* Assets.xcassets in Resources */,
			);
			runOnlyForDeploymentPostprocessing = 0;
		};
		547CABB32BE16C0E0017C3C6 /* Resources */ = {
			isa = PBXResourcesBuildPhase;
			buildActionMask = 2147483647;
			files = (
				5478A7C02BE23718005D1F7D /* Poppins-Regular.ttf in Resources */,
				5478A7C32BE23718005D1F7D /* Poppins-Light.ttf in Resources */,
				5478A7C12BE23718005D1F7D /* Poppins-Thin.ttf in Resources */,
				547CABC52BE16C0F0017C3C6 /* LaunchScreen.storyboard in Resources */,
				547CABC22BE16C0F0017C3C6 /* Assets.xcassets in Resources */,
				5478A7C22BE23718005D1F7D /* Poppins-Medium.ttf in Resources */,
				5478A7C42BE23718005D1F7D /* Poppins-ExtraLight.ttf in Resources */,
			);
			runOnlyForDeploymentPostprocessing = 0;
		};
/* End PBXResourcesBuildPhase section */

/* Begin PBXSourcesBuildPhase section */
		541B87B52C22E0E200E310FD /* Sources */ = {
			isa = PBXSourcesBuildPhase;
			buildActionMask = 2147483647;
			files = (
				546DF7352C230CED00A1D301 /* groceriesApp.xcdatamodeld in Sources */,
				546DF7322C230BED00A1D301 /* ListProgressConfgurationIntent.intentdefinition in Sources */,
				546DF7382C230CFB00A1D301 /* ListItem+CoreDataClass.swift in Sources */,
				546DF7332C230CBF00A1D301 /* ListProgressIntentHandler.swift in Sources */,
				546DF73B2C230D0900A1D301 /* ListableItem.swift in Sources */,
				546DF73A2C230CFB00A1D301 /* TemplateItem+CoreDataClass.swift in Sources */,
				546DF7372C230CFB00A1D301 /* ShoppingList+CoreDataClass.swift in Sources */,
				546DF7362C230CFB00A1D301 /* InventoryItem+CoreDataClass.swift in Sources */,
				546DF7392C230CFB00A1D301 /* PopulateCoreData.swift in Sources */,
				540288392C231B8500357366 /* PersistenceController.swift in Sources */,
			);
			runOnlyForDeploymentPostprocessing = 0;
		};
		542C230A2C217D80005C96B3 /* Sources */ = {
			isa = PBXSourcesBuildPhase;
			buildActionMask = 2147483647;
			files = (
				542C23262C217D99005C96B3 /* TemplateItem+CoreDataClass.swift in Sources */,
				542C23232C217D95005C96B3 /* groceriesApp.xcdatamodeld in Sources */,
				542C23182C217D80005C96B3 /* ListProgressWidget.swift in Sources */,
				5402883A2C231B8500357366 /* PersistenceController.swift in Sources */,
				542C23162C217D80005C96B3 /* ListProgressWidgetBundle.swift in Sources */,
				542C232B2C2181F7005C96B3 /* Double+Extensions.swift in Sources */,
				544DD6032C2317C300C25A6C /* ListProgressConfgurationIntent.intentdefinition in Sources */,
				542C232A2C217DBB005C96B3 /* ListableItem.swift in Sources */,
				542C23252C217D99005C96B3 /* ShoppingList+CoreDataClass.swift in Sources */,
				542C23242C217D99005C96B3 /* InventoryItem+CoreDataClass.swift in Sources */,
				542C23292C217DAB005C96B3 /* ListItem+CoreDataClass.swift in Sources */,
				542C23272C217D99005C96B3 /* PopulateCoreData.swift in Sources */,
			);
			runOnlyForDeploymentPostprocessing = 0;
		};
		547CABB12BE16C0E0017C3C6 /* Sources */ = {
			isa = PBXSourcesBuildPhase;
			buildActionMask = 2147483647;
			files = (
				54ADAFE02C0090FB005EAC13 /* UIBarButtonItem+Extensions.swift in Sources */,
				54ECA2202C18A07C005C9A25 /* UITableViewController+Extensions.swift in Sources */,
				544501E12BE94B220018B345 /* InventoryItemCreationState.swift in Sources */,
				54515F942C0B9F8900AF03E3 /* ShoppingList+CoreDataClass.swift in Sources */,
				54FCFAAD2BF35CAA00FFDF46 /* EditCategoryModel.swift in Sources */,
				54FD98D72BF4A9D500A60F08 /* EditListMenuView.swift in Sources */,
				548F81DD2C0CF2E300FBC0E0 /* ListSummaryHeaderView.swift in Sources */,
				54FD98E42BF5173200A60F08 /* HomeRootViewController.swift in Sources */,
				5427CA1C2C10FB7F006F16B9 /* PopulateCoreData.swift in Sources */,
				540288382C231A3D00357366 /* PersistenceController.swift in Sources */,
				54DA693B2BE786150062F9B3 /* LabelTextFieldTableViewCell.swift in Sources */,
				54B630AD2BF3A1FA007874DF /* DoneBarButtonItem.swift in Sources */,
				544501EA2BE968DC0018B345 /* String+Extensions.swift in Sources */,
				54ADAFFA2C027DD8005EAC13 /* EditTemplateViewController.swift in Sources */,
				546DF7342C230CCC00A1D301 /* ListProgressIntentHandler.swift in Sources */,
				54ADAFF02C025C3B005EAC13 /* EntityCreationError.swift in Sources */,
				54C766ED2BF64B5D00F0A5CC /* EditInventoryItemModel.swift in Sources */,
				541BB9222C07B94100F37E59 /* TemplateValidator.swift in Sources */,
				54FD98D52BF4A88700A60F08 /* EditListMenuDelegate.swift in Sources */,
				54515F8C2C0B898000AF03E3 /* ShoppingListHistoryCell.swift in Sources */,
				54ADAFFE2C03B1A9005EAC13 /* EditTemplateItemsViewController.swift in Sources */,
				54FD98DE2BF4EC5B00A60F08 /* HomeListsModel.swift in Sources */,
				54FD98DB2BF4EC3D00A60F08 /* HomeListsViewController.swift in Sources */,
				54ADAFEA2C02560F005EAC13 /* CreateTemplateModel.swift in Sources */,
				54ADAFEC2C025672005EAC13 /* CreateTemplateObject.swift in Sources */,
				542C232D2C219941005C96B3 /* ListProgressConfgurationIntent.intentdefinition in Sources */,
				543A8E322C08FD7E0087EC3D /* BadgeViewFactory.swift in Sources */,
				54C766E92BF62FFB00F0A5CC /* LabelTextFieldView.swift in Sources */,
				54A74D412BECE895005C0061 /* InventoryItem+CoreDataClass.swift in Sources */,
				54B880822C1D7BBC00FB1EEA /* TemplateItem+CoreDataClass.swift in Sources */,
				54A74D102BECD181005C0061 /* ListItemsSortOption.swift in Sources */,
				54A4DC6B2C0F5B580096F507 /* ItemNameChangeType.swift in Sources */,
				54FCFAA02BF23B8B00FFDF46 /* CategorySelectorModel.swift in Sources */,
				548F81D92C0CE38800FBC0E0 /* UIView+Extensions.swift in Sources */,
				54ADAFF82C026773005EAC13 /* TemplateCell.swift in Sources */,
				54DB50E52BE7F21E0050C2CF /* CategorySelectionViewController.swift in Sources */,
				544501EC2BE96A340018B345 /* InventoryItemSelectionCell.swift in Sources */,
				54C766E22BF5F72400F0A5CC /* HistoryModel.swift in Sources */,
				544C80A92BE2755D004DF718 /* CreateListViewController.swift in Sources */,
				5478A7CD2BE23D37005D1F7D /* HomeTab.swift in Sources */,
				54E45C532BE6623500FB3419 /* SelectInventoryItemViewController.swift in Sources */,
				546211872BE4241D002CE98E /* TemplateSelectionCellView.swift in Sources */,
				54B630AF2BF3CFF6007874DF /* EditListModel.swift in Sources */,
				54ADAFFC2C027DDF005EAC13 /* EditTemplateModel.swift in Sources */,
				54ADAFE72C025336005EAC13 /* CreateTemplateViewController.swift in Sources */,
				54C766DF2BF5F63600F0A5CC /* HistoryViewController.swift in Sources */,
				548F81D72C0C764F00FBC0E0 /* ListItemSummaryCell.swift in Sources */,
				5416E82B2C105092002FE57A /* ListItem+CoreDataClass.swift in Sources */,
				54DA69382BE6C1240062F9B3 /* CreateItemSheetController.swift in Sources */,
				54ADAFF62C0264C4005EAC13 /* HomeTemplatesModel.swift in Sources */,
				54A61B462C178FCD009AAC42 /* EmptyResultsView.swift in Sources */,
				544C80AD2BE27DD3004DF718 /* TextFieldTableViewCell.swift in Sources */,
				54ADB0042C03B3CC005EAC13 /* UICollectionViewLayout+Extensions.swift in Sources */,
				54FE5B5D2C1DBDCE00A9D5FF /* EditShoppingListItemsViewController.swift in Sources */,
				54AF986E2BEA7B8F001A5B79 /* ShoppingListItemCell.swift in Sources */,
				54515F912C0B9DA600AF03E3 /* Double+Extensions.swift in Sources */,
				54E45C442BE5734E00FB3419 /* NoTemplatesViewCell.swift in Sources */,
				54B8808B2C1D8AD300FB1EEA /* EditListableItemsViewController.swift in Sources */,
				547F4A902BF157FC0055C580 /* ShoppingListCell.swift in Sources */,
				54DA69412BE7A5920062F9B3 /* SelectedCategoryCell.swift in Sources */,
				54DB50E92BE7FF850050C2CF /* NoCategoriesViewCell.swift in Sources */,
				54FCFAAB2BF3574400FFDF46 /* EditCategoryViewController.swift in Sources */,
				548F81D52C0C727100FBC0E0 /* ListSummaryModel.swift in Sources */,
				544501DE2BE940770018B345 /* UIViewController+Extensions.swift in Sources */,
				54C766EB2BF64B2800F0A5CC /* EditInventoryItemViewController.swift in Sources */,
				54C766E42BF6005E00F0A5CC /* EditListItemsModel.swift in Sources */,
				54C766E72BF6278700F0A5CC /* ExpandingTextView.swift in Sources */,
				548F81DB2C0CED7300FBC0E0 /* ListSummaryMenuView.swift in Sources */,
				54FCFAA62BF2B18500FFDF46 /* SelectInventoryItemModel.swift in Sources */,
				54D864652BF206B900BAB0C3 /* UIAlertController+Extensions.swift in Sources */,
				54DA693F2BE7920A0062F9B3 /* ToggleTableViewCell.swift in Sources */,
				54B8807F2C1D7AF200FB1EEA /* ListableItem.swift in Sources */,
				54FCFAA42BF282B600FFDF46 /* CategoryError.swift in Sources */,
				54B630A92BF3A151007874DF /* CreateInventoryItemModel.swift in Sources */,
				54B880882C1D7DC400FB1EEA /* EditListableItemsModel.swift in Sources */,
				54ADAFE52C010CDA005EAC13 /* LabeledPickerViewCell.swift in Sources */,
				547CABCF2BE170350017C3C6 /* groceriesApp.xcdatamodeld in Sources */,
				547CABB92BE16C0E0017C3C6 /* AppDelegate.swift in Sources */,
				54ADB0002C03B1DE005EAC13 /* EditTemplateItemsModel.swift in Sources */,
				541BB91D2C07999500F37E59 /* EditTemplateMenuView.swift in Sources */,
				5490E46E2C13818E00D28724 /* NoInventoryItemsViewCell.swift in Sources */,
				5478A7C72BE237FF005D1F7D /* UIFont+Extensions.swift in Sources */,
				54B880862C1D7BFF00FB1EEA /* EditListableItemCell.swift in Sources */,
				54ADAFE32C00B352005EAC13 /* TemplateItemCell.swift in Sources */,
				54DA693D2BE787260062F9B3 /* UIStackView+Extensions.swift in Sources */,
				54A4DC6E2C0F60B80096F507 /* InventoryItemValidator.swift in Sources */,
				54E45C462BE6228A00FB3419 /* EditShoppingListViewController.swift in Sources */,
				548F81D32C0C706A00FBC0E0 /* ListSummaryViewController.swift in Sources */,
				547CABBB2BE16C0E0017C3C6 /* SceneDelegate.swift in Sources */,
				54ADAFF22C0264A8005EAC13 /* HomeTemplatesViewController.swift in Sources */,
			);
			runOnlyForDeploymentPostprocessing = 0;
		};
/* End PBXSourcesBuildPhase section */

/* Begin PBXTargetDependency section */
		541B87C12C22E0E200E310FD /* PBXTargetDependency */ = {
			isa = PBXTargetDependency;
			target = 541B87B82C22E0E200E310FD /* ListProgressIntentHandler */;
			targetProxy = 541B87C02C22E0E200E310FD /* PBXContainerItemProxy */;
		};
		542C231D2C217D81005C96B3 /* PBXTargetDependency */ = {
			isa = PBXTargetDependency;
			target = 542C230D2C217D80005C96B3 /* ListProgressWidgetExtension */;
			targetProxy = 542C231C2C217D81005C96B3 /* PBXContainerItemProxy */;
		};
/* End PBXTargetDependency section */

/* Begin PBXVariantGroup section */
		547CABC32BE16C0F0017C3C6 /* LaunchScreen.storyboard */ = {
			isa = PBXVariantGroup;
			children = (
				547CABC42BE16C0F0017C3C6 /* Base */,
			);
			name = LaunchScreen.storyboard;
			sourceTree = "<group>";
		};
/* End PBXVariantGroup section */

/* Begin XCBuildConfiguration section */
		541B87C42C22E0E200E310FD /* Debug */ = {
			isa = XCBuildConfiguration;
			buildSettings = {
				CODE_SIGN_ENTITLEMENTS = ListProgressIntentHandler/ListProgressIntentHandler.entitlements;
				CODE_SIGN_STYLE = Automatic;
				CURRENT_PROJECT_VERSION = 1;
				DEVELOPMENT_TEAM = 4LPKAW9W52;
				GENERATE_INFOPLIST_FILE = YES;
				INFOPLIST_FILE = ListProgressIntentHandler/Info.plist;
				INFOPLIST_KEY_CFBundleDisplayName = ListProgressIntentHandler;
				INFOPLIST_KEY_NSHumanReadableCopyright = "";
				IPHONEOS_DEPLOYMENT_TARGET = 16.4;
				LD_RUNPATH_SEARCH_PATHS = (
					"$(inherited)",
					"@executable_path/Frameworks",
					"@executable_path/../../Frameworks",
				);
				MARKETING_VERSION = 1.0;
				PRODUCT_BUNDLE_IDENTIFIER = com.MilosOst.KaufList.ListProgressIntentHandler;
				PRODUCT_NAME = "$(TARGET_NAME)";
				SKIP_INSTALL = YES;
				SUPPORTED_PLATFORMS = "iphoneos iphonesimulator";
				SUPPORTS_MACCATALYST = NO;
				SUPPORTS_MAC_DESIGNED_FOR_IPHONE_IPAD = NO;
				SUPPORTS_XR_DESIGNED_FOR_IPHONE_IPAD = NO;
				SWIFT_EMIT_LOC_STRINGS = YES;
				SWIFT_VERSION = 5.0;
				TARGETED_DEVICE_FAMILY = 1;
			};
			name = Debug;
		};
		541B87C52C22E0E200E310FD /* Release */ = {
			isa = XCBuildConfiguration;
			buildSettings = {
				CODE_SIGN_ENTITLEMENTS = ListProgressIntentHandler/ListProgressIntentHandler.entitlements;
				CODE_SIGN_STYLE = Automatic;
				CURRENT_PROJECT_VERSION = 1;
				DEVELOPMENT_TEAM = 4LPKAW9W52;
				GENERATE_INFOPLIST_FILE = YES;
				INFOPLIST_FILE = ListProgressIntentHandler/Info.plist;
				INFOPLIST_KEY_CFBundleDisplayName = ListProgressIntentHandler;
				INFOPLIST_KEY_NSHumanReadableCopyright = "";
				IPHONEOS_DEPLOYMENT_TARGET = 16.4;
				LD_RUNPATH_SEARCH_PATHS = (
					"$(inherited)",
					"@executable_path/Frameworks",
					"@executable_path/../../Frameworks",
				);
				MARKETING_VERSION = 1.0;
				PRODUCT_BUNDLE_IDENTIFIER = com.MilosOst.KaufList.ListProgressIntentHandler;
				PRODUCT_NAME = "$(TARGET_NAME)";
				SKIP_INSTALL = YES;
				SUPPORTED_PLATFORMS = "iphoneos iphonesimulator";
				SUPPORTS_MACCATALYST = NO;
				SUPPORTS_MAC_DESIGNED_FOR_IPHONE_IPAD = NO;
				SUPPORTS_XR_DESIGNED_FOR_IPHONE_IPAD = NO;
				SWIFT_EMIT_LOC_STRINGS = YES;
				SWIFT_VERSION = 5.0;
				TARGETED_DEVICE_FAMILY = 1;
			};
			name = Release;
		};
		542C23202C217D81005C96B3 /* Debug */ = {
			isa = XCBuildConfiguration;
			buildSettings = {
				ASSETCATALOG_COMPILER_GLOBAL_ACCENT_COLOR_NAME = AccentColor;
				ASSETCATALOG_COMPILER_WIDGET_BACKGROUND_COLOR_NAME = WidgetBackground;
				CODE_SIGN_ENTITLEMENTS = ListProgressWidgetExtension.entitlements;
				CODE_SIGN_STYLE = Automatic;
				CURRENT_PROJECT_VERSION = 1;
				DEVELOPMENT_TEAM = 4LPKAW9W52;
				GENERATE_INFOPLIST_FILE = YES;
				INFOPLIST_FILE = ListProgressWidget/Info.plist;
				INFOPLIST_KEY_CFBundleDisplayName = ListProgressWidget;
				INFOPLIST_KEY_NSHumanReadableCopyright = "";
				IPHONEOS_DEPLOYMENT_TARGET = 16.4;
				LD_RUNPATH_SEARCH_PATHS = (
					"$(inherited)",
					"@executable_path/Frameworks",
					"@executable_path/../../Frameworks",
				);
				MARKETING_VERSION = 1.0;
				PRODUCT_BUNDLE_IDENTIFIER = com.MilosOst.KaufList.ListProgressWidget;
				PRODUCT_NAME = "$(TARGET_NAME)";
				SKIP_INSTALL = YES;
				SUPPORTED_PLATFORMS = "iphoneos iphonesimulator";
				SUPPORTS_MACCATALYST = NO;
				SUPPORTS_MAC_DESIGNED_FOR_IPHONE_IPAD = NO;
				SUPPORTS_XR_DESIGNED_FOR_IPHONE_IPAD = NO;
				SWIFT_EMIT_LOC_STRINGS = YES;
				SWIFT_VERSION = 5.0;
				TARGETED_DEVICE_FAMILY = 1;
			};
			name = Debug;
		};
		542C23212C217D81005C96B3 /* Release */ = {
			isa = XCBuildConfiguration;
			buildSettings = {
				ASSETCATALOG_COMPILER_GLOBAL_ACCENT_COLOR_NAME = AccentColor;
				ASSETCATALOG_COMPILER_WIDGET_BACKGROUND_COLOR_NAME = WidgetBackground;
				CODE_SIGN_ENTITLEMENTS = ListProgressWidgetExtension.entitlements;
				CODE_SIGN_STYLE = Automatic;
				CURRENT_PROJECT_VERSION = 1;
				DEVELOPMENT_TEAM = 4LPKAW9W52;
				GENERATE_INFOPLIST_FILE = YES;
				INFOPLIST_FILE = ListProgressWidget/Info.plist;
				INFOPLIST_KEY_CFBundleDisplayName = ListProgressWidget;
				INFOPLIST_KEY_NSHumanReadableCopyright = "";
				IPHONEOS_DEPLOYMENT_TARGET = 16.4;
				LD_RUNPATH_SEARCH_PATHS = (
					"$(inherited)",
					"@executable_path/Frameworks",
					"@executable_path/../../Frameworks",
				);
				MARKETING_VERSION = 1.0;
				PRODUCT_BUNDLE_IDENTIFIER = com.MilosOst.KaufList.ListProgressWidget;
				PRODUCT_NAME = "$(TARGET_NAME)";
				SKIP_INSTALL = YES;
				SUPPORTED_PLATFORMS = "iphoneos iphonesimulator";
				SUPPORTS_MACCATALYST = NO;
				SUPPORTS_MAC_DESIGNED_FOR_IPHONE_IPAD = NO;
				SUPPORTS_XR_DESIGNED_FOR_IPHONE_IPAD = NO;
				SWIFT_EMIT_LOC_STRINGS = YES;
				SWIFT_VERSION = 5.0;
				TARGETED_DEVICE_FAMILY = 1;
			};
			name = Release;
		};
		547CABC72BE16C0F0017C3C6 /* Debug */ = {
			isa = XCBuildConfiguration;
			buildSettings = {
				ALWAYS_SEARCH_USER_PATHS = NO;
				ASSETCATALOG_COMPILER_GENERATE_SWIFT_ASSET_SYMBOL_EXTENSIONS = YES;
				CLANG_ANALYZER_NONNULL = YES;
				CLANG_ANALYZER_NUMBER_OBJECT_CONVERSION = YES_AGGRESSIVE;
				CLANG_CXX_LANGUAGE_STANDARD = "gnu++20";
				CLANG_ENABLE_MODULES = YES;
				CLANG_ENABLE_OBJC_ARC = YES;
				CLANG_ENABLE_OBJC_WEAK = YES;
				CLANG_WARN_BLOCK_CAPTURE_AUTORELEASING = YES;
				CLANG_WARN_BOOL_CONVERSION = YES;
				CLANG_WARN_COMMA = YES;
				CLANG_WARN_CONSTANT_CONVERSION = YES;
				CLANG_WARN_DEPRECATED_OBJC_IMPLEMENTATIONS = YES;
				CLANG_WARN_DIRECT_OBJC_ISA_USAGE = YES_ERROR;
				CLANG_WARN_DOCUMENTATION_COMMENTS = YES;
				CLANG_WARN_EMPTY_BODY = YES;
				CLANG_WARN_ENUM_CONVERSION = YES;
				CLANG_WARN_INFINITE_RECURSION = YES;
				CLANG_WARN_INT_CONVERSION = YES;
				CLANG_WARN_NON_LITERAL_NULL_CONVERSION = YES;
				CLANG_WARN_OBJC_IMPLICIT_RETAIN_SELF = YES;
				CLANG_WARN_OBJC_LITERAL_CONVERSION = YES;
				CLANG_WARN_OBJC_ROOT_CLASS = YES_ERROR;
				CLANG_WARN_QUOTED_INCLUDE_IN_FRAMEWORK_HEADER = YES;
				CLANG_WARN_RANGE_LOOP_ANALYSIS = YES;
				CLANG_WARN_STRICT_PROTOTYPES = YES;
				CLANG_WARN_SUSPICIOUS_MOVE = YES;
				CLANG_WARN_UNGUARDED_AVAILABILITY = YES_AGGRESSIVE;
				CLANG_WARN_UNREACHABLE_CODE = YES;
				CLANG_WARN__DUPLICATE_METHOD_MATCH = YES;
				COPY_PHASE_STRIP = NO;
				DEBUG_INFORMATION_FORMAT = dwarf;
				ENABLE_STRICT_OBJC_MSGSEND = YES;
				ENABLE_TESTABILITY = YES;
				ENABLE_USER_SCRIPT_SANDBOXING = YES;
				GCC_C_LANGUAGE_STANDARD = gnu17;
				GCC_DYNAMIC_NO_PIC = NO;
				GCC_NO_COMMON_BLOCKS = YES;
				GCC_OPTIMIZATION_LEVEL = 0;
				GCC_PREPROCESSOR_DEFINITIONS = (
					"DEBUG=1",
					"$(inherited)",
				);
				GCC_WARN_64_TO_32_BIT_CONVERSION = YES;
				GCC_WARN_ABOUT_RETURN_TYPE = YES_ERROR;
				GCC_WARN_UNDECLARED_SELECTOR = YES;
				GCC_WARN_UNINITIALIZED_AUTOS = YES_AGGRESSIVE;
				GCC_WARN_UNUSED_FUNCTION = YES;
				GCC_WARN_UNUSED_VARIABLE = YES;
				IPHONEOS_DEPLOYMENT_TARGET = 16.4;
				LOCALIZATION_PREFERS_STRING_CATALOGS = YES;
				MTL_ENABLE_DEBUG_INFO = INCLUDE_SOURCE;
				MTL_FAST_MATH = YES;
				ONLY_ACTIVE_ARCH = YES;
				SDKROOT = iphoneos;
				SWIFT_ACTIVE_COMPILATION_CONDITIONS = "DEBUG $(inherited)";
				SWIFT_OPTIMIZATION_LEVEL = "-Onone";
			};
			name = Debug;
		};
		547CABC82BE16C0F0017C3C6 /* Release */ = {
			isa = XCBuildConfiguration;
			buildSettings = {
				ALWAYS_SEARCH_USER_PATHS = NO;
				ASSETCATALOG_COMPILER_GENERATE_SWIFT_ASSET_SYMBOL_EXTENSIONS = YES;
				CLANG_ANALYZER_NONNULL = YES;
				CLANG_ANALYZER_NUMBER_OBJECT_CONVERSION = YES_AGGRESSIVE;
				CLANG_CXX_LANGUAGE_STANDARD = "gnu++20";
				CLANG_ENABLE_MODULES = YES;
				CLANG_ENABLE_OBJC_ARC = YES;
				CLANG_ENABLE_OBJC_WEAK = YES;
				CLANG_WARN_BLOCK_CAPTURE_AUTORELEASING = YES;
				CLANG_WARN_BOOL_CONVERSION = YES;
				CLANG_WARN_COMMA = YES;
				CLANG_WARN_CONSTANT_CONVERSION = YES;
				CLANG_WARN_DEPRECATED_OBJC_IMPLEMENTATIONS = YES;
				CLANG_WARN_DIRECT_OBJC_ISA_USAGE = YES_ERROR;
				CLANG_WARN_DOCUMENTATION_COMMENTS = YES;
				CLANG_WARN_EMPTY_BODY = YES;
				CLANG_WARN_ENUM_CONVERSION = YES;
				CLANG_WARN_INFINITE_RECURSION = YES;
				CLANG_WARN_INT_CONVERSION = YES;
				CLANG_WARN_NON_LITERAL_NULL_CONVERSION = YES;
				CLANG_WARN_OBJC_IMPLICIT_RETAIN_SELF = YES;
				CLANG_WARN_OBJC_LITERAL_CONVERSION = YES;
				CLANG_WARN_OBJC_ROOT_CLASS = YES_ERROR;
				CLANG_WARN_QUOTED_INCLUDE_IN_FRAMEWORK_HEADER = YES;
				CLANG_WARN_RANGE_LOOP_ANALYSIS = YES;
				CLANG_WARN_STRICT_PROTOTYPES = YES;
				CLANG_WARN_SUSPICIOUS_MOVE = YES;
				CLANG_WARN_UNGUARDED_AVAILABILITY = YES_AGGRESSIVE;
				CLANG_WARN_UNREACHABLE_CODE = YES;
				CLANG_WARN__DUPLICATE_METHOD_MATCH = YES;
				COPY_PHASE_STRIP = NO;
				DEBUG_INFORMATION_FORMAT = "dwarf-with-dsym";
				ENABLE_NS_ASSERTIONS = NO;
				ENABLE_STRICT_OBJC_MSGSEND = YES;
				ENABLE_USER_SCRIPT_SANDBOXING = YES;
				GCC_C_LANGUAGE_STANDARD = gnu17;
				GCC_NO_COMMON_BLOCKS = YES;
				GCC_WARN_64_TO_32_BIT_CONVERSION = YES;
				GCC_WARN_ABOUT_RETURN_TYPE = YES_ERROR;
				GCC_WARN_UNDECLARED_SELECTOR = YES;
				GCC_WARN_UNINITIALIZED_AUTOS = YES_AGGRESSIVE;
				GCC_WARN_UNUSED_FUNCTION = YES;
				GCC_WARN_UNUSED_VARIABLE = YES;
				IPHONEOS_DEPLOYMENT_TARGET = 16.4;
				LOCALIZATION_PREFERS_STRING_CATALOGS = YES;
				MTL_ENABLE_DEBUG_INFO = NO;
				MTL_FAST_MATH = YES;
				SDKROOT = iphoneos;
				SWIFT_COMPILATION_MODE = wholemodule;
				VALIDATE_PRODUCT = YES;
			};
			name = Release;
		};
		547CABCA2BE16C0F0017C3C6 /* Debug */ = {
			isa = XCBuildConfiguration;
			buildSettings = {
				ALWAYS_EMBED_SWIFT_STANDARD_LIBRARIES = YES;
				ASSETCATALOG_COMPILER_APPICON_NAME = AppIcon;
				ASSETCATALOG_COMPILER_GLOBAL_ACCENT_COLOR_NAME = AccentColor;
				CODE_SIGN_ENTITLEMENTS = groceriesApp/groceriesApp.entitlements;
				CODE_SIGN_STYLE = Automatic;
				CURRENT_PROJECT_VERSION = 1;
				DEVELOPMENT_TEAM = 4LPKAW9W52;
				GENERATE_INFOPLIST_FILE = YES;
				INFOPLIST_FILE = groceriesApp/Info.plist;
				INFOPLIST_KEY_CFBundleDisplayName = KaufList;
				INFOPLIST_KEY_LSApplicationCategoryType = "public.app-category.productivity";
				INFOPLIST_KEY_UIApplicationSupportsIndirectInputEvents = YES;
				INFOPLIST_KEY_UILaunchStoryboardName = LaunchScreen;
				INFOPLIST_KEY_UISupportedInterfaceOrientations = UIInterfaceOrientationPortrait;
				INFOPLIST_KEY_UISupportedInterfaceOrientations_iPad = "UIInterfaceOrientationLandscapeLeft UIInterfaceOrientationLandscapeRight UIInterfaceOrientationPortrait UIInterfaceOrientationPortraitUpsideDown";
				IPHONEOS_DEPLOYMENT_TARGET = 16.4;
				LD_RUNPATH_SEARCH_PATHS = (
					"$(inherited)",
					"@executable_path/Frameworks",
				);
				MARKETING_VERSION = 1.0.1;
				PRODUCT_BUNDLE_IDENTIFIER = com.MilosOst.KaufList;
				PRODUCT_NAME = "$(TARGET_NAME)";
				SUPPORTED_PLATFORMS = "iphoneos iphonesimulator";
				SUPPORTS_MACCATALYST = NO;
				SUPPORTS_MAC_DESIGNED_FOR_IPHONE_IPAD = NO;
				SUPPORTS_XR_DESIGNED_FOR_IPHONE_IPAD = NO;
				SWIFT_EMIT_LOC_STRINGS = YES;
				SWIFT_VERSION = 5.0;
				TARGETED_DEVICE_FAMILY = 1;
			};
			name = Debug;
		};
		547CABCB2BE16C0F0017C3C6 /* Release */ = {
			isa = XCBuildConfiguration;
			buildSettings = {
				ALWAYS_EMBED_SWIFT_STANDARD_LIBRARIES = YES;
				ASSETCATALOG_COMPILER_APPICON_NAME = AppIcon;
				ASSETCATALOG_COMPILER_GLOBAL_ACCENT_COLOR_NAME = AccentColor;
				CODE_SIGN_ENTITLEMENTS = groceriesApp/groceriesApp.entitlements;
				CODE_SIGN_STYLE = Automatic;
				CURRENT_PROJECT_VERSION = 1;
				DEVELOPMENT_TEAM = 4LPKAW9W52;
				GENERATE_INFOPLIST_FILE = YES;
				INFOPLIST_FILE = groceriesApp/Info.plist;
				INFOPLIST_KEY_CFBundleDisplayName = KaufList;
				INFOPLIST_KEY_LSApplicationCategoryType = "public.app-category.productivity";
				INFOPLIST_KEY_UIApplicationSupportsIndirectInputEvents = YES;
				INFOPLIST_KEY_UILaunchStoryboardName = LaunchScreen;
				INFOPLIST_KEY_UISupportedInterfaceOrientations = UIInterfaceOrientationPortrait;
				INFOPLIST_KEY_UISupportedInterfaceOrientations_iPad = "UIInterfaceOrientationLandscapeLeft UIInterfaceOrientationLandscapeRight UIInterfaceOrientationPortrait UIInterfaceOrientationPortraitUpsideDown";
				IPHONEOS_DEPLOYMENT_TARGET = 16.4;
				LD_RUNPATH_SEARCH_PATHS = (
					"$(inherited)",
					"@executable_path/Frameworks",
				);
				MARKETING_VERSION = 1.0.1;
				PRODUCT_BUNDLE_IDENTIFIER = com.MilosOst.KaufList;
				PRODUCT_NAME = "$(TARGET_NAME)";
				SUPPORTED_PLATFORMS = "iphoneos iphonesimulator";
				SUPPORTS_MACCATALYST = NO;
				SUPPORTS_MAC_DESIGNED_FOR_IPHONE_IPAD = NO;
				SUPPORTS_XR_DESIGNED_FOR_IPHONE_IPAD = NO;
				SWIFT_EMIT_LOC_STRINGS = YES;
				SWIFT_VERSION = 5.0;
				TARGETED_DEVICE_FAMILY = 1;
			};
			name = Release;
		};
/* End XCBuildConfiguration section */

/* Begin XCConfigurationList section */
		541B87C32C22E0E200E310FD /* Build configuration list for PBXNativeTarget "ListProgressIntentHandler" */ = {
			isa = XCConfigurationList;
			buildConfigurations = (
				541B87C42C22E0E200E310FD /* Debug */,
				541B87C52C22E0E200E310FD /* Release */,
			);
			defaultConfigurationIsVisible = 0;
			defaultConfigurationName = Release;
		};
		542C231F2C217D81005C96B3 /* Build configuration list for PBXNativeTarget "ListProgressWidgetExtension" */ = {
			isa = XCConfigurationList;
			buildConfigurations = (
				542C23202C217D81005C96B3 /* Debug */,
				542C23212C217D81005C96B3 /* Release */,
			);
			defaultConfigurationIsVisible = 0;
			defaultConfigurationName = Release;
		};
		547CABB02BE16C0E0017C3C6 /* Build configuration list for PBXProject "groceriesApp" */ = {
			isa = XCConfigurationList;
			buildConfigurations = (
				547CABC72BE16C0F0017C3C6 /* Debug */,
				547CABC82BE16C0F0017C3C6 /* Release */,
			);
			defaultConfigurationIsVisible = 0;
			defaultConfigurationName = Release;
		};
		547CABC92BE16C0F0017C3C6 /* Build configuration list for PBXNativeTarget "groceriesApp" */ = {
			isa = XCConfigurationList;
			buildConfigurations = (
				547CABCA2BE16C0F0017C3C6 /* Debug */,
				547CABCB2BE16C0F0017C3C6 /* Release */,
			);
			defaultConfigurationIsVisible = 0;
			defaultConfigurationName = Release;
		};
/* End XCConfigurationList section */

/* Begin XCVersionGroup section */
		547CABCD2BE170350017C3C6 /* groceriesApp.xcdatamodeld */ = {
			isa = XCVersionGroup;
			children = (
				547CABCE2BE170350017C3C6 /* groceriesApp.xcdatamodel */,
			);
			currentVersion = 547CABCE2BE170350017C3C6 /* groceriesApp.xcdatamodel */;
			path = groceriesApp.xcdatamodeld;
			sourceTree = "<group>";
			versionGroupType = wrapper.xcdatamodel;
		};
/* End XCVersionGroup section */
	};
	rootObject = 547CABAD2BE16C0E0017C3C6 /* Project object */;
}
