// !$*UTF8*$!
{
	archiveVersion = 1;
	classes = {
	};
	objectVersion = 56;
	objects = {

/* Begin PBXBuildFile section */
		541BB91D2C07999500F37E59 /* EditTemplateMenuView.swift in Sources */ = {isa = PBXBuildFile; fileRef = 541BB91C2C07999500F37E59 /* EditTemplateMenuView.swift */; };
		541BB9222C07B94100F37E59 /* TemplateValidator.swift in Sources */ = {isa = PBXBuildFile; fileRef = 541BB9212C07B94100F37E59 /* TemplateValidator.swift */; };
		543A8E322C08FD7E0087EC3D /* BadgeViewFactory.swift in Sources */ = {isa = PBXBuildFile; fileRef = 543A8E312C08FD7E0087EC3D /* BadgeViewFactory.swift */; };
		544501DE2BE940770018B345 /* UIViewController+Extensions.swift in Sources */ = {isa = PBXBuildFile; fileRef = 544501DD2BE940770018B345 /* UIViewController+Extensions.swift */; };
		544501E12BE94B220018B345 /* InventoryItemCreationState.swift in Sources */ = {isa = PBXBuildFile; fileRef = 544501E02BE94B220018B345 /* InventoryItemCreationState.swift */; };
		544501EA2BE968DC0018B345 /* String+Extensions.swift in Sources */ = {isa = PBXBuildFile; fileRef = 544501E92BE968DC0018B345 /* String+Extensions.swift */; };
		544501EC2BE96A340018B345 /* InventoryItemSelectionCell.swift in Sources */ = {isa = PBXBuildFile; fileRef = 544501EB2BE96A340018B345 /* InventoryItemSelectionCell.swift */; };
		544C80A92BE2755D004DF718 /* CreateListViewController.swift in Sources */ = {isa = PBXBuildFile; fileRef = 544C80A82BE2755D004DF718 /* CreateListViewController.swift */; };
		544C80AD2BE27DD3004DF718 /* TextFieldTableViewCell.swift in Sources */ = {isa = PBXBuildFile; fileRef = 544C80AC2BE27DD3004DF718 /* TextFieldTableViewCell.swift */; };
		54502FC32BED655800D0B284 /* EditListItemCell.swift in Sources */ = {isa = PBXBuildFile; fileRef = 54502FC22BED655800D0B284 /* EditListItemCell.swift */; };
		546211872BE4241D002CE98E /* TemplateSelectionCellView.swift in Sources */ = {isa = PBXBuildFile; fileRef = 546211862BE4241D002CE98E /* TemplateSelectionCellView.swift */; };
		5478A7C02BE23718005D1F7D /* Poppins-Regular.ttf in Resources */ = {isa = PBXBuildFile; fileRef = 5478A7BB2BE23718005D1F7D /* Poppins-Regular.ttf */; };
		5478A7C12BE23718005D1F7D /* Poppins-Thin.ttf in Resources */ = {isa = PBXBuildFile; fileRef = 5478A7BC2BE23718005D1F7D /* Poppins-Thin.ttf */; };
		5478A7C22BE23718005D1F7D /* Poppins-Medium.ttf in Resources */ = {isa = PBXBuildFile; fileRef = 5478A7BD2BE23718005D1F7D /* Poppins-Medium.ttf */; };
		5478A7C32BE23718005D1F7D /* Poppins-Light.ttf in Resources */ = {isa = PBXBuildFile; fileRef = 5478A7BE2BE23718005D1F7D /* Poppins-Light.ttf */; };
		5478A7C42BE23718005D1F7D /* Poppins-ExtraLight.ttf in Resources */ = {isa = PBXBuildFile; fileRef = 5478A7BF2BE23718005D1F7D /* Poppins-ExtraLight.ttf */; };
		5478A7C72BE237FF005D1F7D /* UIFont+Extensions.swift in Sources */ = {isa = PBXBuildFile; fileRef = 5478A7C62BE237FF005D1F7D /* UIFont+Extensions.swift */; };
		5478A7CD2BE23D37005D1F7D /* HomeTab.swift in Sources */ = {isa = PBXBuildFile; fileRef = 5478A7CC2BE23D37005D1F7D /* HomeTab.swift */; };
		547CABB92BE16C0E0017C3C6 /* AppDelegate.swift in Sources */ = {isa = PBXBuildFile; fileRef = 547CABB82BE16C0E0017C3C6 /* AppDelegate.swift */; };
		547CABBB2BE16C0E0017C3C6 /* SceneDelegate.swift in Sources */ = {isa = PBXBuildFile; fileRef = 547CABBA2BE16C0E0017C3C6 /* SceneDelegate.swift */; };
		547CABC22BE16C0F0017C3C6 /* Assets.xcassets in Resources */ = {isa = PBXBuildFile; fileRef = 547CABC12BE16C0F0017C3C6 /* Assets.xcassets */; };
		547CABC52BE16C0F0017C3C6 /* LaunchScreen.storyboard in Resources */ = {isa = PBXBuildFile; fileRef = 547CABC32BE16C0F0017C3C6 /* LaunchScreen.storyboard */; };
		547CABCF2BE170350017C3C6 /* groceriesApp.xcdatamodeld in Sources */ = {isa = PBXBuildFile; fileRef = 547CABCD2BE170350017C3C6 /* groceriesApp.xcdatamodeld */; };
		547F4A902BF157FC0055C580 /* ShoppingListCell.swift in Sources */ = {isa = PBXBuildFile; fileRef = 547F4A8F2BF157FC0055C580 /* ShoppingListCell.swift */; };
		548AD1712BEBDBC000063F9F /* EditListItemsViewController.swift in Sources */ = {isa = PBXBuildFile; fileRef = 548AD1702BEBDBC000063F9F /* EditListItemsViewController.swift */; };
		54A74D102BECD181005C0061 /* ListItemsSortOption.swift in Sources */ = {isa = PBXBuildFile; fileRef = 54A74D0F2BECD181005C0061 /* ListItemsSortOption.swift */; };
		54A74D412BECE895005C0061 /* InventoryItem+CoreDataClass.swift in Sources */ = {isa = PBXBuildFile; fileRef = 54A74D3F2BECE895005C0061 /* InventoryItem+CoreDataClass.swift */; };
		54ADAFE02C0090FB005EAC13 /* UIBarButtonItem+Extensions.swift in Sources */ = {isa = PBXBuildFile; fileRef = 54ADAFDF2C0090FB005EAC13 /* UIBarButtonItem+Extensions.swift */; };
		54ADAFE32C00B352005EAC13 /* TemplateItemCell.swift in Sources */ = {isa = PBXBuildFile; fileRef = 54ADAFE22C00B352005EAC13 /* TemplateItemCell.swift */; };
		54ADAFE52C010CDA005EAC13 /* LabeledPickerViewCell.swift in Sources */ = {isa = PBXBuildFile; fileRef = 54ADAFE42C010CDA005EAC13 /* LabeledPickerViewCell.swift */; };
		54ADAFE72C025336005EAC13 /* CreateTemplateViewController.swift in Sources */ = {isa = PBXBuildFile; fileRef = 54ADAFE62C025336005EAC13 /* CreateTemplateViewController.swift */; };
		54ADAFEA2C02560F005EAC13 /* CreateTemplateModel.swift in Sources */ = {isa = PBXBuildFile; fileRef = 54ADAFE92C02560F005EAC13 /* CreateTemplateModel.swift */; };
		54ADAFEC2C025672005EAC13 /* CreateTemplateObject.swift in Sources */ = {isa = PBXBuildFile; fileRef = 54ADAFEB2C025672005EAC13 /* CreateTemplateObject.swift */; };
		54ADAFF02C025C3B005EAC13 /* EntityCreationError.swift in Sources */ = {isa = PBXBuildFile; fileRef = 54ADAFEF2C025C3B005EAC13 /* EntityCreationError.swift */; };
		54ADAFF22C0264A8005EAC13 /* HomeTemplatesViewController.swift in Sources */ = {isa = PBXBuildFile; fileRef = 54ADAFF12C0264A8005EAC13 /* HomeTemplatesViewController.swift */; };
		54ADAFF62C0264C4005EAC13 /* HomeTemplatesModel.swift in Sources */ = {isa = PBXBuildFile; fileRef = 54ADAFF52C0264C4005EAC13 /* HomeTemplatesModel.swift */; };
		54ADAFF82C026773005EAC13 /* TemplateCell.swift in Sources */ = {isa = PBXBuildFile; fileRef = 54ADAFF72C026773005EAC13 /* TemplateCell.swift */; };
		54ADAFFA2C027DD8005EAC13 /* EditTemplateViewController.swift in Sources */ = {isa = PBXBuildFile; fileRef = 54ADAFF92C027DD8005EAC13 /* EditTemplateViewController.swift */; };
		54ADAFFC2C027DDF005EAC13 /* EditTemplateModel.swift in Sources */ = {isa = PBXBuildFile; fileRef = 54ADAFFB2C027DDF005EAC13 /* EditTemplateModel.swift */; };
		54ADAFFE2C03B1A9005EAC13 /* EditTemplateItemsViewController.swift in Sources */ = {isa = PBXBuildFile; fileRef = 54ADAFFD2C03B1A9005EAC13 /* EditTemplateItemsViewController.swift */; };
		54ADB0002C03B1DE005EAC13 /* EditTemplateItemsModel.swift in Sources */ = {isa = PBXBuildFile; fileRef = 54ADAFFF2C03B1DE005EAC13 /* EditTemplateItemsModel.swift */; };
		54ADB0022C03B373005EAC13 /* TemplateItemEditCell.swift in Sources */ = {isa = PBXBuildFile; fileRef = 54ADB0012C03B373005EAC13 /* TemplateItemEditCell.swift */; };
		54ADB0042C03B3CC005EAC13 /* UICollectionViewLayout+Extensions.swift in Sources */ = {isa = PBXBuildFile; fileRef = 54ADB0032C03B3CC005EAC13 /* UICollectionViewLayout+Extensions.swift */; };
		54AF986E2BEA7B8F001A5B79 /* ShoppingListItemCell.swift in Sources */ = {isa = PBXBuildFile; fileRef = 54AF986D2BEA7B8F001A5B79 /* ShoppingListItemCell.swift */; };
		54B630A92BF3A151007874DF /* CreateInventoryItemModel.swift in Sources */ = {isa = PBXBuildFile; fileRef = 54B630A82BF3A151007874DF /* CreateInventoryItemModel.swift */; };
		54B630AD2BF3A1FA007874DF /* DoneBarButtonItem.swift in Sources */ = {isa = PBXBuildFile; fileRef = 54B630AC2BF3A1FA007874DF /* DoneBarButtonItem.swift */; };
		54B630AF2BF3CFF6007874DF /* EditListModel.swift in Sources */ = {isa = PBXBuildFile; fileRef = 54B630AE2BF3CFF6007874DF /* EditListModel.swift */; };
		54C766DF2BF5F63600F0A5CC /* HistoryViewController.swift in Sources */ = {isa = PBXBuildFile; fileRef = 54C766DE2BF5F63600F0A5CC /* HistoryViewController.swift */; };
		54C766E22BF5F72400F0A5CC /* HistoryModel.swift in Sources */ = {isa = PBXBuildFile; fileRef = 54C766E12BF5F72400F0A5CC /* HistoryModel.swift */; };
		54C766E42BF6005E00F0A5CC /* EditListItemsModel.swift in Sources */ = {isa = PBXBuildFile; fileRef = 54C766E32BF6005E00F0A5CC /* EditListItemsModel.swift */; };
		54C766E72BF6278700F0A5CC /* ExpandingTextView.swift in Sources */ = {isa = PBXBuildFile; fileRef = 54C766E62BF6278700F0A5CC /* ExpandingTextView.swift */; };
		54C766E92BF62FFB00F0A5CC /* LabelTextFieldView.swift in Sources */ = {isa = PBXBuildFile; fileRef = 54C766E82BF62FFB00F0A5CC /* LabelTextFieldView.swift */; };
		54C766EB2BF64B2800F0A5CC /* EditInventoryItemViewController.swift in Sources */ = {isa = PBXBuildFile; fileRef = 54C766EA2BF64B2800F0A5CC /* EditInventoryItemViewController.swift */; };
		54C766ED2BF64B5D00F0A5CC /* EditInventoryItemModel.swift in Sources */ = {isa = PBXBuildFile; fileRef = 54C766EC2BF64B5D00F0A5CC /* EditInventoryItemModel.swift */; };
		54D864652BF206B900BAB0C3 /* UIAlertController+Extensions.swift in Sources */ = {isa = PBXBuildFile; fileRef = 54D864642BF206B900BAB0C3 /* UIAlertController+Extensions.swift */; };
		54DA69382BE6C1240062F9B3 /* CreateItemSheetController.swift in Sources */ = {isa = PBXBuildFile; fileRef = 54DA69372BE6C1240062F9B3 /* CreateItemSheetController.swift */; };
		54DA693B2BE786150062F9B3 /* LabelTextFieldTableViewCell.swift in Sources */ = {isa = PBXBuildFile; fileRef = 54DA693A2BE786150062F9B3 /* LabelTextFieldTableViewCell.swift */; };
		54DA693D2BE787260062F9B3 /* UIStackView+Extensions.swift in Sources */ = {isa = PBXBuildFile; fileRef = 54DA693C2BE787260062F9B3 /* UIStackView+Extensions.swift */; };
		54DA693F2BE7920A0062F9B3 /* ToggleTableViewCell.swift in Sources */ = {isa = PBXBuildFile; fileRef = 54DA693E2BE7920A0062F9B3 /* ToggleTableViewCell.swift */; };
		54DA69412BE7A5920062F9B3 /* SelectedCategoryCell.swift in Sources */ = {isa = PBXBuildFile; fileRef = 54DA69402BE7A5920062F9B3 /* SelectedCategoryCell.swift */; };
		54DB50E52BE7F21E0050C2CF /* CategorySelectionViewController.swift in Sources */ = {isa = PBXBuildFile; fileRef = 54DB50E42BE7F21E0050C2CF /* CategorySelectionViewController.swift */; };
		54DB50E92BE7FF850050C2CF /* NoCategoriesViewCell.swift in Sources */ = {isa = PBXBuildFile; fileRef = 54DB50E82BE7FF850050C2CF /* NoCategoriesViewCell.swift */; };
		54E45C442BE5734E00FB3419 /* NoTemplatesViewCell.swift in Sources */ = {isa = PBXBuildFile; fileRef = 54E45C432BE5734E00FB3419 /* NoTemplatesViewCell.swift */; };
		54E45C462BE6228A00FB3419 /* EditShoppingListViewController.swift in Sources */ = {isa = PBXBuildFile; fileRef = 54E45C452BE6228A00FB3419 /* EditShoppingListViewController.swift */; };
		54E45C532BE6623500FB3419 /* SelectInventoryItemViewController.swift in Sources */ = {isa = PBXBuildFile; fileRef = 54E45C522BE6623500FB3419 /* SelectInventoryItemViewController.swift */; };
		54FCFAA02BF23B8B00FFDF46 /* CategorySelectorModel.swift in Sources */ = {isa = PBXBuildFile; fileRef = 54FCFA9F2BF23B8B00FFDF46 /* CategorySelectorModel.swift */; };
		54FCFAA42BF282B600FFDF46 /* CategoryError.swift in Sources */ = {isa = PBXBuildFile; fileRef = 54FCFAA32BF282B600FFDF46 /* CategoryError.swift */; };
		54FCFAA62BF2B18500FFDF46 /* SelectInventoryItemModel.swift in Sources */ = {isa = PBXBuildFile; fileRef = 54FCFAA52BF2B18500FFDF46 /* SelectInventoryItemModel.swift */; };
		54FCFAAB2BF3574400FFDF46 /* EditCategoryViewController.swift in Sources */ = {isa = PBXBuildFile; fileRef = 54FCFAAA2BF3574400FFDF46 /* EditCategoryViewController.swift */; };
		54FCFAAD2BF35CAA00FFDF46 /* EditCategoryModel.swift in Sources */ = {isa = PBXBuildFile; fileRef = 54FCFAAC2BF35CAA00FFDF46 /* EditCategoryModel.swift */; };
		54FD98D52BF4A88700A60F08 /* EditListMenuDelegate.swift in Sources */ = {isa = PBXBuildFile; fileRef = 54FD98D42BF4A88700A60F08 /* EditListMenuDelegate.swift */; };
		54FD98D72BF4A9D500A60F08 /* EditListMenuView.swift in Sources */ = {isa = PBXBuildFile; fileRef = 54FD98D62BF4A9D500A60F08 /* EditListMenuView.swift */; };
		54FD98DB2BF4EC3D00A60F08 /* HomeListsViewController.swift in Sources */ = {isa = PBXBuildFile; fileRef = 54FD98DA2BF4EC3D00A60F08 /* HomeListsViewController.swift */; };
		54FD98DE2BF4EC5B00A60F08 /* HomeListsModel.swift in Sources */ = {isa = PBXBuildFile; fileRef = 54FD98DD2BF4EC5B00A60F08 /* HomeListsModel.swift */; };
		54FD98E42BF5173200A60F08 /* HomeRootViewController.swift in Sources */ = {isa = PBXBuildFile; fileRef = 54FD98E32BF5173200A60F08 /* HomeRootViewController.swift */; };
/* End PBXBuildFile section */

/* Begin PBXFileReference section */
		541BB91C2C07999500F37E59 /* EditTemplateMenuView.swift */ = {isa = PBXFileReference; lastKnownFileType = sourcecode.swift; path = EditTemplateMenuView.swift; sourceTree = "<group>"; };
		541BB9212C07B94100F37E59 /* TemplateValidator.swift */ = {isa = PBXFileReference; lastKnownFileType = sourcecode.swift; path = TemplateValidator.swift; sourceTree = "<group>"; };
		543A8E312C08FD7E0087EC3D /* BadgeViewFactory.swift */ = {isa = PBXFileReference; lastKnownFileType = sourcecode.swift; path = BadgeViewFactory.swift; sourceTree = "<group>"; };
		544501DD2BE940770018B345 /* UIViewController+Extensions.swift */ = {isa = PBXFileReference; lastKnownFileType = sourcecode.swift; path = "UIViewController+Extensions.swift"; sourceTree = "<group>"; };
		544501E02BE94B220018B345 /* InventoryItemCreationState.swift */ = {isa = PBXFileReference; lastKnownFileType = sourcecode.swift; path = InventoryItemCreationState.swift; sourceTree = "<group>"; };
		544501E92BE968DC0018B345 /* String+Extensions.swift */ = {isa = PBXFileReference; lastKnownFileType = sourcecode.swift; path = "String+Extensions.swift"; sourceTree = "<group>"; };
		544501EB2BE96A340018B345 /* InventoryItemSelectionCell.swift */ = {isa = PBXFileReference; lastKnownFileType = sourcecode.swift; path = InventoryItemSelectionCell.swift; sourceTree = "<group>"; };
		544C80A82BE2755D004DF718 /* CreateListViewController.swift */ = {isa = PBXFileReference; lastKnownFileType = sourcecode.swift; path = CreateListViewController.swift; sourceTree = "<group>"; };
		544C80AC2BE27DD3004DF718 /* TextFieldTableViewCell.swift */ = {isa = PBXFileReference; lastKnownFileType = sourcecode.swift; path = TextFieldTableViewCell.swift; sourceTree = "<group>"; };
		54502FC22BED655800D0B284 /* EditListItemCell.swift */ = {isa = PBXFileReference; lastKnownFileType = sourcecode.swift; path = EditListItemCell.swift; sourceTree = "<group>"; };
		546211862BE4241D002CE98E /* TemplateSelectionCellView.swift */ = {isa = PBXFileReference; lastKnownFileType = sourcecode.swift; path = TemplateSelectionCellView.swift; sourceTree = "<group>"; };
		5478A7BB2BE23718005D1F7D /* Poppins-Regular.ttf */ = {isa = PBXFileReference; lastKnownFileType = file; path = "Poppins-Regular.ttf"; sourceTree = "<group>"; };
		5478A7BC2BE23718005D1F7D /* Poppins-Thin.ttf */ = {isa = PBXFileReference; lastKnownFileType = file; path = "Poppins-Thin.ttf"; sourceTree = "<group>"; };
		5478A7BD2BE23718005D1F7D /* Poppins-Medium.ttf */ = {isa = PBXFileReference; lastKnownFileType = file; path = "Poppins-Medium.ttf"; sourceTree = "<group>"; };
		5478A7BE2BE23718005D1F7D /* Poppins-Light.ttf */ = {isa = PBXFileReference; lastKnownFileType = file; path = "Poppins-Light.ttf"; sourceTree = "<group>"; };
		5478A7BF2BE23718005D1F7D /* Poppins-ExtraLight.ttf */ = {isa = PBXFileReference; lastKnownFileType = file; path = "Poppins-ExtraLight.ttf"; sourceTree = "<group>"; };
		5478A7C62BE237FF005D1F7D /* UIFont+Extensions.swift */ = {isa = PBXFileReference; lastKnownFileType = sourcecode.swift; path = "UIFont+Extensions.swift"; sourceTree = "<group>"; };
		5478A7CC2BE23D37005D1F7D /* HomeTab.swift */ = {isa = PBXFileReference; lastKnownFileType = sourcecode.swift; path = HomeTab.swift; sourceTree = "<group>"; };
		547CABB52BE16C0E0017C3C6 /* groceriesApp.app */ = {isa = PBXFileReference; explicitFileType = wrapper.application; includeInIndex = 0; path = groceriesApp.app; sourceTree = BUILT_PRODUCTS_DIR; };
		547CABB82BE16C0E0017C3C6 /* AppDelegate.swift */ = {isa = PBXFileReference; lastKnownFileType = sourcecode.swift; path = AppDelegate.swift; sourceTree = "<group>"; };
		547CABBA2BE16C0E0017C3C6 /* SceneDelegate.swift */ = {isa = PBXFileReference; lastKnownFileType = sourcecode.swift; path = SceneDelegate.swift; sourceTree = "<group>"; };
		547CABC12BE16C0F0017C3C6 /* Assets.xcassets */ = {isa = PBXFileReference; lastKnownFileType = folder.assetcatalog; path = Assets.xcassets; sourceTree = "<group>"; };
		547CABC42BE16C0F0017C3C6 /* Base */ = {isa = PBXFileReference; lastKnownFileType = file.storyboard; name = Base; path = Base.lproj/LaunchScreen.storyboard; sourceTree = "<group>"; };
		547CABC62BE16C0F0017C3C6 /* Info.plist */ = {isa = PBXFileReference; lastKnownFileType = text.plist.xml; path = Info.plist; sourceTree = "<group>"; };
		547CABCE2BE170350017C3C6 /* groceriesApp.xcdatamodel */ = {isa = PBXFileReference; lastKnownFileType = wrapper.xcdatamodel; path = groceriesApp.xcdatamodel; sourceTree = "<group>"; };
		547F4A8F2BF157FC0055C580 /* ShoppingListCell.swift */ = {isa = PBXFileReference; lastKnownFileType = sourcecode.swift; path = ShoppingListCell.swift; sourceTree = "<group>"; };
		548AD1702BEBDBC000063F9F /* EditListItemsViewController.swift */ = {isa = PBXFileReference; lastKnownFileType = sourcecode.swift; path = EditListItemsViewController.swift; sourceTree = "<group>"; };
		54A74D0F2BECD181005C0061 /* ListItemsSortOption.swift */ = {isa = PBXFileReference; lastKnownFileType = sourcecode.swift; path = ListItemsSortOption.swift; sourceTree = "<group>"; };
		54A74D3F2BECE895005C0061 /* InventoryItem+CoreDataClass.swift */ = {isa = PBXFileReference; lastKnownFileType = sourcecode.swift; path = "InventoryItem+CoreDataClass.swift"; sourceTree = "<group>"; };
		54ADAFDF2C0090FB005EAC13 /* UIBarButtonItem+Extensions.swift */ = {isa = PBXFileReference; lastKnownFileType = sourcecode.swift; path = "UIBarButtonItem+Extensions.swift"; sourceTree = "<group>"; };
		54ADAFE22C00B352005EAC13 /* TemplateItemCell.swift */ = {isa = PBXFileReference; lastKnownFileType = sourcecode.swift; path = TemplateItemCell.swift; sourceTree = "<group>"; };
		54ADAFE42C010CDA005EAC13 /* LabeledPickerViewCell.swift */ = {isa = PBXFileReference; lastKnownFileType = sourcecode.swift; path = LabeledPickerViewCell.swift; sourceTree = "<group>"; };
		54ADAFE62C025336005EAC13 /* CreateTemplateViewController.swift */ = {isa = PBXFileReference; lastKnownFileType = sourcecode.swift; path = CreateTemplateViewController.swift; sourceTree = "<group>"; };
		54ADAFE92C02560F005EAC13 /* CreateTemplateModel.swift */ = {isa = PBXFileReference; lastKnownFileType = sourcecode.swift; path = CreateTemplateModel.swift; sourceTree = "<group>"; };
		54ADAFEB2C025672005EAC13 /* CreateTemplateObject.swift */ = {isa = PBXFileReference; lastKnownFileType = sourcecode.swift; path = CreateTemplateObject.swift; sourceTree = "<group>"; };
		54ADAFEF2C025C3B005EAC13 /* EntityCreationError.swift */ = {isa = PBXFileReference; lastKnownFileType = sourcecode.swift; path = EntityCreationError.swift; sourceTree = "<group>"; };
		54ADAFF12C0264A8005EAC13 /* HomeTemplatesViewController.swift */ = {isa = PBXFileReference; lastKnownFileType = sourcecode.swift; path = HomeTemplatesViewController.swift; sourceTree = "<group>"; };
		54ADAFF52C0264C4005EAC13 /* HomeTemplatesModel.swift */ = {isa = PBXFileReference; lastKnownFileType = sourcecode.swift; path = HomeTemplatesModel.swift; sourceTree = "<group>"; };
		54ADAFF72C026773005EAC13 /* TemplateCell.swift */ = {isa = PBXFileReference; lastKnownFileType = sourcecode.swift; path = TemplateCell.swift; sourceTree = "<group>"; };
		54ADAFF92C027DD8005EAC13 /* EditTemplateViewController.swift */ = {isa = PBXFileReference; lastKnownFileType = sourcecode.swift; path = EditTemplateViewController.swift; sourceTree = "<group>"; };
		54ADAFFB2C027DDF005EAC13 /* EditTemplateModel.swift */ = {isa = PBXFileReference; lastKnownFileType = sourcecode.swift; path = EditTemplateModel.swift; sourceTree = "<group>"; };
		54ADAFFD2C03B1A9005EAC13 /* EditTemplateItemsViewController.swift */ = {isa = PBXFileReference; lastKnownFileType = sourcecode.swift; path = EditTemplateItemsViewController.swift; sourceTree = "<group>"; };
		54ADAFFF2C03B1DE005EAC13 /* EditTemplateItemsModel.swift */ = {isa = PBXFileReference; lastKnownFileType = sourcecode.swift; path = EditTemplateItemsModel.swift; sourceTree = "<group>"; };
		54ADB0012C03B373005EAC13 /* TemplateItemEditCell.swift */ = {isa = PBXFileReference; lastKnownFileType = sourcecode.swift; path = TemplateItemEditCell.swift; sourceTree = "<group>"; };
		54ADB0032C03B3CC005EAC13 /* UICollectionViewLayout+Extensions.swift */ = {isa = PBXFileReference; lastKnownFileType = sourcecode.swift; path = "UICollectionViewLayout+Extensions.swift"; sourceTree = "<group>"; };
		54AF986D2BEA7B8F001A5B79 /* ShoppingListItemCell.swift */ = {isa = PBXFileReference; lastKnownFileType = sourcecode.swift; path = ShoppingListItemCell.swift; sourceTree = "<group>"; };
		54B630A82BF3A151007874DF /* CreateInventoryItemModel.swift */ = {isa = PBXFileReference; lastKnownFileType = sourcecode.swift; path = CreateInventoryItemModel.swift; sourceTree = "<group>"; };
		54B630AC2BF3A1FA007874DF /* DoneBarButtonItem.swift */ = {isa = PBXFileReference; lastKnownFileType = sourcecode.swift; path = DoneBarButtonItem.swift; sourceTree = "<group>"; };
		54B630AE2BF3CFF6007874DF /* EditListModel.swift */ = {isa = PBXFileReference; lastKnownFileType = sourcecode.swift; path = EditListModel.swift; sourceTree = "<group>"; };
		54C766DE2BF5F63600F0A5CC /* HistoryViewController.swift */ = {isa = PBXFileReference; lastKnownFileType = sourcecode.swift; path = HistoryViewController.swift; sourceTree = "<group>"; };
		54C766E12BF5F72400F0A5CC /* HistoryModel.swift */ = {isa = PBXFileReference; lastKnownFileType = sourcecode.swift; path = HistoryModel.swift; sourceTree = "<group>"; };
		54C766E32BF6005E00F0A5CC /* EditListItemsModel.swift */ = {isa = PBXFileReference; lastKnownFileType = sourcecode.swift; path = EditListItemsModel.swift; sourceTree = "<group>"; };
		54C766E62BF6278700F0A5CC /* ExpandingTextView.swift */ = {isa = PBXFileReference; lastKnownFileType = sourcecode.swift; path = ExpandingTextView.swift; sourceTree = "<group>"; };
		54C766E82BF62FFB00F0A5CC /* LabelTextFieldView.swift */ = {isa = PBXFileReference; lastKnownFileType = sourcecode.swift; path = LabelTextFieldView.swift; sourceTree = "<group>"; };
		54C766EA2BF64B2800F0A5CC /* EditInventoryItemViewController.swift */ = {isa = PBXFileReference; lastKnownFileType = sourcecode.swift; path = EditInventoryItemViewController.swift; sourceTree = "<group>"; };
		54C766EC2BF64B5D00F0A5CC /* EditInventoryItemModel.swift */ = {isa = PBXFileReference; lastKnownFileType = sourcecode.swift; path = EditInventoryItemModel.swift; sourceTree = "<group>"; };
		54D864642BF206B900BAB0C3 /* UIAlertController+Extensions.swift */ = {isa = PBXFileReference; lastKnownFileType = sourcecode.swift; path = "UIAlertController+Extensions.swift"; sourceTree = "<group>"; };
		54DA69372BE6C1240062F9B3 /* CreateItemSheetController.swift */ = {isa = PBXFileReference; lastKnownFileType = sourcecode.swift; path = CreateItemSheetController.swift; sourceTree = "<group>"; };
		54DA693A2BE786150062F9B3 /* LabelTextFieldTableViewCell.swift */ = {isa = PBXFileReference; lastKnownFileType = sourcecode.swift; path = LabelTextFieldTableViewCell.swift; sourceTree = "<group>"; };
		54DA693C2BE787260062F9B3 /* UIStackView+Extensions.swift */ = {isa = PBXFileReference; lastKnownFileType = sourcecode.swift; path = "UIStackView+Extensions.swift"; sourceTree = "<group>"; };
		54DA693E2BE7920A0062F9B3 /* ToggleTableViewCell.swift */ = {isa = PBXFileReference; lastKnownFileType = sourcecode.swift; path = ToggleTableViewCell.swift; sourceTree = "<group>"; };
		54DA69402BE7A5920062F9B3 /* SelectedCategoryCell.swift */ = {isa = PBXFileReference; lastKnownFileType = sourcecode.swift; path = SelectedCategoryCell.swift; sourceTree = "<group>"; };
		54DB50E42BE7F21E0050C2CF /* CategorySelectionViewController.swift */ = {isa = PBXFileReference; lastKnownFileType = sourcecode.swift; path = CategorySelectionViewController.swift; sourceTree = "<group>"; };
		54DB50E82BE7FF850050C2CF /* NoCategoriesViewCell.swift */ = {isa = PBXFileReference; lastKnownFileType = sourcecode.swift; path = NoCategoriesViewCell.swift; sourceTree = "<group>"; };
		54E45C432BE5734E00FB3419 /* NoTemplatesViewCell.swift */ = {isa = PBXFileReference; lastKnownFileType = sourcecode.swift; path = NoTemplatesViewCell.swift; sourceTree = "<group>"; };
		54E45C452BE6228A00FB3419 /* EditShoppingListViewController.swift */ = {isa = PBXFileReference; lastKnownFileType = sourcecode.swift; path = EditShoppingListViewController.swift; sourceTree = "<group>"; };
		54E45C522BE6623500FB3419 /* SelectInventoryItemViewController.swift */ = {isa = PBXFileReference; lastKnownFileType = sourcecode.swift; path = SelectInventoryItemViewController.swift; sourceTree = "<group>"; };
		54FCFA9F2BF23B8B00FFDF46 /* CategorySelectorModel.swift */ = {isa = PBXFileReference; lastKnownFileType = sourcecode.swift; path = CategorySelectorModel.swift; sourceTree = "<group>"; };
		54FCFAA32BF282B600FFDF46 /* CategoryError.swift */ = {isa = PBXFileReference; lastKnownFileType = sourcecode.swift; path = CategoryError.swift; sourceTree = "<group>"; };
		54FCFAA52BF2B18500FFDF46 /* SelectInventoryItemModel.swift */ = {isa = PBXFileReference; lastKnownFileType = sourcecode.swift; path = SelectInventoryItemModel.swift; sourceTree = "<group>"; };
		54FCFAAA2BF3574400FFDF46 /* EditCategoryViewController.swift */ = {isa = PBXFileReference; lastKnownFileType = sourcecode.swift; path = EditCategoryViewController.swift; sourceTree = "<group>"; };
		54FCFAAC2BF35CAA00FFDF46 /* EditCategoryModel.swift */ = {isa = PBXFileReference; lastKnownFileType = sourcecode.swift; path = EditCategoryModel.swift; sourceTree = "<group>"; };
		54FD98D42BF4A88700A60F08 /* EditListMenuDelegate.swift */ = {isa = PBXFileReference; lastKnownFileType = sourcecode.swift; path = EditListMenuDelegate.swift; sourceTree = "<group>"; };
		54FD98D62BF4A9D500A60F08 /* EditListMenuView.swift */ = {isa = PBXFileReference; lastKnownFileType = sourcecode.swift; path = EditListMenuView.swift; sourceTree = "<group>"; };
		54FD98DA2BF4EC3D00A60F08 /* HomeListsViewController.swift */ = {isa = PBXFileReference; lastKnownFileType = sourcecode.swift; path = HomeListsViewController.swift; sourceTree = "<group>"; };
		54FD98DD2BF4EC5B00A60F08 /* HomeListsModel.swift */ = {isa = PBXFileReference; lastKnownFileType = sourcecode.swift; path = HomeListsModel.swift; sourceTree = "<group>"; };
		54FD98E32BF5173200A60F08 /* HomeRootViewController.swift */ = {isa = PBXFileReference; lastKnownFileType = sourcecode.swift; path = HomeRootViewController.swift; sourceTree = "<group>"; };
/* End PBXFileReference section */

/* Begin PBXFrameworksBuildPhase section */
		547CABB22BE16C0E0017C3C6 /* Frameworks */ = {
			isa = PBXFrameworksBuildPhase;
			buildActionMask = 2147483647;
			files = (
			);
			runOnlyForDeploymentPostprocessing = 0;
		};
/* End PBXFrameworksBuildPhase section */

/* Begin PBXGroup section */
		540A81FB2BFFDCA600B9420F /* Templates */ = {
			isa = PBXGroup;
			children = (
				54ADAFE12C00B333005EAC13 /* Views */,
				540A81FD2BFFDCB200B9420F /* Models */,
				540A81FC2BFFDCAC00B9420F /* ViewControllers */,
			);
			path = Templates;
			sourceTree = "<group>";
		};
		540A81FC2BFFDCAC00B9420F /* ViewControllers */ = {
			isa = PBXGroup;
			children = (
				54ADAFE62C025336005EAC13 /* CreateTemplateViewController.swift */,
				54ADAFF12C0264A8005EAC13 /* HomeTemplatesViewController.swift */,
				54ADAFF92C027DD8005EAC13 /* EditTemplateViewController.swift */,
				54ADAFFD2C03B1A9005EAC13 /* EditTemplateItemsViewController.swift */,
			);
			path = ViewControllers;
			sourceTree = "<group>";
		};
		540A81FD2BFFDCB200B9420F /* Models */ = {
			isa = PBXGroup;
			children = (
				54ADAFE92C02560F005EAC13 /* CreateTemplateModel.swift */,
				54ADAFEB2C025672005EAC13 /* CreateTemplateObject.swift */,
				54ADAFF52C0264C4005EAC13 /* HomeTemplatesModel.swift */,
				54ADAFFB2C027DDF005EAC13 /* EditTemplateModel.swift */,
				54ADAFFF2C03B1DE005EAC13 /* EditTemplateItemsModel.swift */,
				541BB9212C07B94100F37E59 /* TemplateValidator.swift */,
			);
			path = Models;
			sourceTree = "<group>";
		};
		543A8E302C08FD680087EC3D /* Badges */ = {
			isa = PBXGroup;
			children = (
				543A8E312C08FD7E0087EC3D /* BadgeViewFactory.swift */,
			);
			path = Badges;
			sourceTree = "<group>";
		};
		544501DF2BE94B050018B345 /* Model */ = {
			isa = PBXGroup;
			children = (
				544501E02BE94B220018B345 /* InventoryItemCreationState.swift */,
				54FCFAA52BF2B18500FFDF46 /* SelectInventoryItemModel.swift */,
				54B630A82BF3A151007874DF /* CreateInventoryItemModel.swift */,
				54C766EC2BF64B5D00F0A5CC /* EditInventoryItemModel.swift */,
			);
			path = Model;
			sourceTree = "<group>";
		};
		544501E62BE957490018B345 /* Models */ = {
			isa = PBXGroup;
			children = (
				54FCFA9F2BF23B8B00FFDF46 /* CategorySelectorModel.swift */,
				54FCFAA32BF282B600FFDF46 /* CategoryError.swift */,
				54FCFAAC2BF35CAA00FFDF46 /* EditCategoryModel.swift */,
			);
			path = Models;
			sourceTree = "<group>";
		};
		544C80AA2BE27DBD004DF718 /* Shared */ = {
			isa = PBXGroup;
			children = (
				54ADAFED2C025C2D005EAC13 /* Models */,
				544C80AB2BE27DC1004DF718 /* Views */,
			);
			path = Shared;
			sourceTree = "<group>";
		};
		544C80AB2BE27DC1004DF718 /* Views */ = {
			isa = PBXGroup;
			children = (
				543A8E302C08FD680087EC3D /* Badges */,
				54C766E52BF6269400F0A5CC /* Editing */,
				54B630AB2BF3A1E9007874DF /* Buttons */,
				54B630AA2BF3A1E1007874DF /* Cells */,
			);
			path = Views;
			sourceTree = "<group>";
		};
		546211852BE42403002CE98E /* Views */ = {
			isa = PBXGroup;
			children = (
				546211862BE4241D002CE98E /* TemplateSelectionCellView.swift */,
				54E45C432BE5734E00FB3419 /* NoTemplatesViewCell.swift */,
			);
			path = Views;
			sourceTree = "<group>";
		};
		5478A7BA2BE236FE005D1F7D /* Fonts */ = {
			isa = PBXGroup;
			children = (
				5478A7BF2BE23718005D1F7D /* Poppins-ExtraLight.ttf */,
				5478A7BE2BE23718005D1F7D /* Poppins-Light.ttf */,
				5478A7BD2BE23718005D1F7D /* Poppins-Medium.ttf */,
				5478A7BB2BE23718005D1F7D /* Poppins-Regular.ttf */,
				5478A7BC2BE23718005D1F7D /* Poppins-Thin.ttf */,
			);
			path = Fonts;
			sourceTree = "<group>";
		};
		5478A7C52BE237A0005D1F7D /* Extensions */ = {
			isa = PBXGroup;
			children = (
				5478A7C62BE237FF005D1F7D /* UIFont+Extensions.swift */,
				54DA693C2BE787260062F9B3 /* UIStackView+Extensions.swift */,
				544501DD2BE940770018B345 /* UIViewController+Extensions.swift */,
				544501E92BE968DC0018B345 /* String+Extensions.swift */,
				54D864642BF206B900BAB0C3 /* UIAlertController+Extensions.swift */,
				54ADAFDF2C0090FB005EAC13 /* UIBarButtonItem+Extensions.swift */,
				54ADB0032C03B3CC005EAC13 /* UICollectionViewLayout+Extensions.swift */,
			);
			path = Extensions;
			sourceTree = "<group>";
		};
		5478A7C82BE23BFD005D1F7D /* Features */ = {
			isa = PBXGroup;
			children = (
				540A81FB2BFFDCA600B9420F /* Templates */,
				54C766DC2BF5F61E00F0A5CC /* History */,
				54DB50E32BE7F2080050C2CF /* Categories */,
				54E45C502BE6621200FB3419 /* InventoryItems */,
				54E45C4D2BE660C800FB3419 /* ShoppingLists */,
			);
			path = Features;
			sourceTree = "<group>";
		};
		5478A7C92BE23C03005D1F7D /* Creation */ = {
			isa = PBXGroup;
			children = (
				546211852BE42403002CE98E /* Views */,
				5478A7CB2BE23D23005D1F7D /* Models */,
				5478A7CA2BE23C12005D1F7D /* ViewControllers */,
			);
			path = Creation;
			sourceTree = "<group>";
		};
		5478A7CA2BE23C12005D1F7D /* ViewControllers */ = {
			isa = PBXGroup;
			children = (
				544C80A82BE2755D004DF718 /* CreateListViewController.swift */,
			);
			path = ViewControllers;
			sourceTree = "<group>";
		};
		5478A7CB2BE23D23005D1F7D /* Models */ = {
			isa = PBXGroup;
			children = (
				54A74D0F2BECD181005C0061 /* ListItemsSortOption.swift */,
			);
			path = Models;
			sourceTree = "<group>";
		};
		547CABAC2BE16C0E0017C3C6 = {
			isa = PBXGroup;
			children = (
				547CABB72BE16C0E0017C3C6 /* groceriesApp */,
				547CABB62BE16C0E0017C3C6 /* Products */,
			);
			sourceTree = "<group>";
		};
		547CABB62BE16C0E0017C3C6 /* Products */ = {
			isa = PBXGroup;
			children = (
				547CABB52BE16C0E0017C3C6 /* groceriesApp.app */,
			);
			name = Products;
			sourceTree = "<group>";
		};
		547CABB72BE16C0E0017C3C6 /* groceriesApp */ = {
			isa = PBXGroup;
			children = (
				544C80AA2BE27DBD004DF718 /* Shared */,
				5478A7C82BE23BFD005D1F7D /* Features */,
				5478A7C52BE237A0005D1F7D /* Extensions */,
				5478A7BA2BE236FE005D1F7D /* Fonts */,
				547CABCC2BE1700A0017C3C6 /* CoreData */,
				547CABB82BE16C0E0017C3C6 /* AppDelegate.swift */,
				547CABBA2BE16C0E0017C3C6 /* SceneDelegate.swift */,
				547CABC12BE16C0F0017C3C6 /* Assets.xcassets */,
				547CABC32BE16C0F0017C3C6 /* LaunchScreen.storyboard */,
				547CABCD2BE170350017C3C6 /* groceriesApp.xcdatamodeld */,
				547CABC62BE16C0F0017C3C6 /* Info.plist */,
			);
			path = groceriesApp;
			sourceTree = "<group>";
		};
		547CABCC2BE1700A0017C3C6 /* CoreData */ = {
			isa = PBXGroup;
			children = (
				54A74D3F2BECE895005C0061 /* InventoryItem+CoreDataClass.swift */,
			);
			path = CoreData;
			sourceTree = "<group>";
		};
		54889F432BEFDD390017EA8B /* Models */ = {
			isa = PBXGroup;
			children = (
				54C766E32BF6005E00F0A5CC /* EditListItemsModel.swift */,
			);
			path = Models;
			sourceTree = "<group>";
		};
		548AD16F2BEBC77100063F9F /* Views */ = {
			isa = PBXGroup;
			children = (
				54AF986D2BEA7B8F001A5B79 /* ShoppingListItemCell.swift */,
				54502FC22BED655800D0B284 /* EditListItemCell.swift */,
				547F4A8F2BF157FC0055C580 /* ShoppingListCell.swift */,
			);
			path = Views;
			sourceTree = "<group>";
		};
		54ADAFE12C00B333005EAC13 /* Views */ = {
			isa = PBXGroup;
			children = (
				54ADAFE22C00B352005EAC13 /* TemplateItemCell.swift */,
				54ADAFF72C026773005EAC13 /* TemplateCell.swift */,
				54ADB0012C03B373005EAC13 /* TemplateItemEditCell.swift */,
				541BB91C2C07999500F37E59 /* EditTemplateMenuView.swift */,
			);
			path = Views;
			sourceTree = "<group>";
		};
		54ADAFED2C025C2D005EAC13 /* Models */ = {
			isa = PBXGroup;
			children = (
				54ADAFEE2C025C32005EAC13 /* Errors */,
			);
			path = Models;
			sourceTree = "<group>";
		};
		54ADAFEE2C025C32005EAC13 /* Errors */ = {
			isa = PBXGroup;
			children = (
				54ADAFEF2C025C3B005EAC13 /* EntityCreationError.swift */,
			);
			path = Errors;
			sourceTree = "<group>";
		};
		54B630AA2BF3A1E1007874DF /* Cells */ = {
			isa = PBXGroup;
			children = (
				544C80AC2BE27DD3004DF718 /* TextFieldTableViewCell.swift */,
				54DA693A2BE786150062F9B3 /* LabelTextFieldTableViewCell.swift */,
				54DA693E2BE7920A0062F9B3 /* ToggleTableViewCell.swift */,
				54ADAFE42C010CDA005EAC13 /* LabeledPickerViewCell.swift */,
			);
			path = Cells;
			sourceTree = "<group>";
		};
		54B630AB2BF3A1E9007874DF /* Buttons */ = {
			isa = PBXGroup;
			children = (
				54B630AC2BF3A1FA007874DF /* DoneBarButtonItem.swift */,
			);
			path = Buttons;
			sourceTree = "<group>";
		};
		54B630B02BF3E85F007874DF /* Editing */ = {
			isa = PBXGroup;
			children = (
				54B630B32BF3E92C007874DF /* Views */,
				54B630B22BF3E86C007874DF /* Models */,
				54B630B12BF3E863007874DF /* ViewControllers */,
			);
			path = Editing;
			sourceTree = "<group>";
		};
		54B630B12BF3E863007874DF /* ViewControllers */ = {
			isa = PBXGroup;
			children = (
				54E45C452BE6228A00FB3419 /* EditShoppingListViewController.swift */,
			);
			path = ViewControllers;
			sourceTree = "<group>";
		};
		54B630B22BF3E86C007874DF /* Models */ = {
			isa = PBXGroup;
			children = (
				54B630AE2BF3CFF6007874DF /* EditListModel.swift */,
				54FD98D42BF4A88700A60F08 /* EditListMenuDelegate.swift */,
			);
			path = Models;
			sourceTree = "<group>";
		};
		54B630B32BF3E92C007874DF /* Views */ = {
			isa = PBXGroup;
			children = (
				54FD98D62BF4A9D500A60F08 /* EditListMenuView.swift */,
			);
			path = Views;
			sourceTree = "<group>";
		};
		54C766DC2BF5F61E00F0A5CC /* History */ = {
			isa = PBXGroup;
			children = (
				54C766E02BF5F71500F0A5CC /* Models */,
				54C766DD2BF5F62300F0A5CC /* ViewControllers */,
			);
			path = History;
			sourceTree = "<group>";
		};
		54C766DD2BF5F62300F0A5CC /* ViewControllers */ = {
			isa = PBXGroup;
			children = (
				54C766DE2BF5F63600F0A5CC /* HistoryViewController.swift */,
			);
			path = ViewControllers;
			sourceTree = "<group>";
		};
		54C766E02BF5F71500F0A5CC /* Models */ = {
			isa = PBXGroup;
			children = (
				54C766E12BF5F72400F0A5CC /* HistoryModel.swift */,
			);
			path = Models;
			sourceTree = "<group>";
		};
		54C766E52BF6269400F0A5CC /* Editing */ = {
			isa = PBXGroup;
			children = (
				54C766E62BF6278700F0A5CC /* ExpandingTextView.swift */,
				54C766E82BF62FFB00F0A5CC /* LabelTextFieldView.swift */,
			);
			path = Editing;
			sourceTree = "<group>";
		};
		54DA69392BE785AE0062F9B3 /* Views */ = {
			isa = PBXGroup;
			children = (
				54DA69402BE7A5920062F9B3 /* SelectedCategoryCell.swift */,
				544501EB2BE96A340018B345 /* InventoryItemSelectionCell.swift */,
			);
			path = Views;
			sourceTree = "<group>";
		};
		54DB50E32BE7F2080050C2CF /* Categories */ = {
			isa = PBXGroup;
			children = (
				544501E62BE957490018B345 /* Models */,
				54DB50E72BE7FE9C0050C2CF /* Views */,
				54DB50E62BE7FE8F0050C2CF /* ViewControllers */,
			);
			path = Categories;
			sourceTree = "<group>";
		};
		54DB50E62BE7FE8F0050C2CF /* ViewControllers */ = {
			isa = PBXGroup;
			children = (
				54DB50E42BE7F21E0050C2CF /* CategorySelectionViewController.swift */,
				54FCFAAA2BF3574400FFDF46 /* EditCategoryViewController.swift */,
			);
			path = ViewControllers;
			sourceTree = "<group>";
		};
		54DB50E72BE7FE9C0050C2CF /* Views */ = {
			isa = PBXGroup;
			children = (
				54DB50E82BE7FF850050C2CF /* NoCategoriesViewCell.swift */,
			);
			path = Views;
			sourceTree = "<group>";
		};
		54E45C4D2BE660C800FB3419 /* ShoppingLists */ = {
			isa = PBXGroup;
			children = (
				54FD98D82BF4EC2600A60F08 /* Home */,
				54B630B02BF3E85F007874DF /* Editing */,
				54E45C4E2BE660E900FB3419 /* ShoppingListItems */,
				5478A7C92BE23C03005D1F7D /* Creation */,
			);
			path = ShoppingLists;
			sourceTree = "<group>";
		};
		54E45C4E2BE660E900FB3419 /* ShoppingListItems */ = {
			isa = PBXGroup;
			children = (
				54889F432BEFDD390017EA8B /* Models */,
				548AD16F2BEBC77100063F9F /* Views */,
				54E45C4F2BE660F100FB3419 /* ViewControllers */,
			);
			path = ShoppingListItems;
			sourceTree = "<group>";
		};
		54E45C4F2BE660F100FB3419 /* ViewControllers */ = {
			isa = PBXGroup;
			children = (
				548AD1702BEBDBC000063F9F /* EditListItemsViewController.swift */,
			);
			path = ViewControllers;
			sourceTree = "<group>";
		};
		54E45C502BE6621200FB3419 /* InventoryItems */ = {
			isa = PBXGroup;
			children = (
				544501DF2BE94B050018B345 /* Model */,
				54DA69392BE785AE0062F9B3 /* Views */,
				54E45C512BE6621800FB3419 /* ViewControllers */,
			);
			path = InventoryItems;
			sourceTree = "<group>";
		};
		54E45C512BE6621800FB3419 /* ViewControllers */ = {
			isa = PBXGroup;
			children = (
				54E45C522BE6623500FB3419 /* SelectInventoryItemViewController.swift */,
				54DA69372BE6C1240062F9B3 /* CreateItemSheetController.swift */,
				54C766EA2BF64B2800F0A5CC /* EditInventoryItemViewController.swift */,
			);
			path = ViewControllers;
			sourceTree = "<group>";
		};
		54FD98D82BF4EC2600A60F08 /* Home */ = {
			isa = PBXGroup;
			children = (
				54FD98DC2BF4EC5200A60F08 /* Models */,
				54FD98D92BF4EC2C00A60F08 /* ViewControllers */,
			);
			path = Home;
			sourceTree = "<group>";
		};
		54FD98D92BF4EC2C00A60F08 /* ViewControllers */ = {
			isa = PBXGroup;
			children = (
				54FD98DA2BF4EC3D00A60F08 /* HomeListsViewController.swift */,
				54FD98E32BF5173200A60F08 /* HomeRootViewController.swift */,
			);
			path = ViewControllers;
			sourceTree = "<group>";
		};
		54FD98DC2BF4EC5200A60F08 /* Models */ = {
			isa = PBXGroup;
			children = (
				5478A7CC2BE23D37005D1F7D /* HomeTab.swift */,
				54FD98DD2BF4EC5B00A60F08 /* HomeListsModel.swift */,
			);
			path = Models;
			sourceTree = "<group>";
		};
/* End PBXGroup section */

/* Begin PBXNativeTarget section */
		547CABB42BE16C0E0017C3C6 /* groceriesApp */ = {
			isa = PBXNativeTarget;
			buildConfigurationList = 547CABC92BE16C0F0017C3C6 /* Build configuration list for PBXNativeTarget "groceriesApp" */;
			buildPhases = (
				547CABB12BE16C0E0017C3C6 /* Sources */,
				547CABB22BE16C0E0017C3C6 /* Frameworks */,
				547CABB32BE16C0E0017C3C6 /* Resources */,
			);
			buildRules = (
			);
			dependencies = (
			);
			name = groceriesApp;
			packageProductDependencies = (
			);
			productName = groceriesApp;
			productReference = 547CABB52BE16C0E0017C3C6 /* groceriesApp.app */;
			productType = "com.apple.product-type.application";
		};
/* End PBXNativeTarget section */

/* Begin PBXProject section */
		547CABAD2BE16C0E0017C3C6 /* Project object */ = {
			isa = PBXProject;
			attributes = {
				BuildIndependentTargetsInParallel = 1;
				LastSwiftUpdateCheck = 1520;
				LastUpgradeCheck = 1520;
				TargetAttributes = {
					547CABB42BE16C0E0017C3C6 = {
						CreatedOnToolsVersion = 15.2;
					};
				};
			};
			buildConfigurationList = 547CABB02BE16C0E0017C3C6 /* Build configuration list for PBXProject "groceriesApp" */;
			compatibilityVersion = "Xcode 14.0";
			developmentRegion = en;
			hasScannedForEncodings = 0;
			knownRegions = (
				en,
				Base,
			);
			mainGroup = 547CABAC2BE16C0E0017C3C6;
			packageReferences = (
			);
			productRefGroup = 547CABB62BE16C0E0017C3C6 /* Products */;
			projectDirPath = "";
			projectRoot = "";
			targets = (
				547CABB42BE16C0E0017C3C6 /* groceriesApp */,
			);
		};
/* End PBXProject section */

/* Begin PBXResourcesBuildPhase section */
		547CABB32BE16C0E0017C3C6 /* Resources */ = {
			isa = PBXResourcesBuildPhase;
			buildActionMask = 2147483647;
			files = (
				5478A7C02BE23718005D1F7D /* Poppins-Regular.ttf in Resources */,
				5478A7C32BE23718005D1F7D /* Poppins-Light.ttf in Resources */,
				5478A7C12BE23718005D1F7D /* Poppins-Thin.ttf in Resources */,
				547CABC52BE16C0F0017C3C6 /* LaunchScreen.storyboard in Resources */,
				547CABC22BE16C0F0017C3C6 /* Assets.xcassets in Resources */,
				5478A7C22BE23718005D1F7D /* Poppins-Medium.ttf in Resources */,
				5478A7C42BE23718005D1F7D /* Poppins-ExtraLight.ttf in Resources */,
			);
			runOnlyForDeploymentPostprocessing = 0;
		};
/* End PBXResourcesBuildPhase section */

/* Begin PBXSourcesBuildPhase section */
		547CABB12BE16C0E0017C3C6 /* Sources */ = {
			isa = PBXSourcesBuildPhase;
			buildActionMask = 2147483647;
			files = (
				54ADAFE02C0090FB005EAC13 /* UIBarButtonItem+Extensions.swift in Sources */,
				544501E12BE94B220018B345 /* InventoryItemCreationState.swift in Sources */,
				54FCFAAD2BF35CAA00FFDF46 /* EditCategoryModel.swift in Sources */,
				54FD98D72BF4A9D500A60F08 /* EditListMenuView.swift in Sources */,
				54FD98E42BF5173200A60F08 /* HomeRootViewController.swift in Sources */,
				54DA693B2BE786150062F9B3 /* LabelTextFieldTableViewCell.swift in Sources */,
				54ADB0022C03B373005EAC13 /* TemplateItemEditCell.swift in Sources */,
				54B630AD2BF3A1FA007874DF /* DoneBarButtonItem.swift in Sources */,
				544501EA2BE968DC0018B345 /* String+Extensions.swift in Sources */,
				54ADAFFA2C027DD8005EAC13 /* EditTemplateViewController.swift in Sources */,
				54ADAFF02C025C3B005EAC13 /* EntityCreationError.swift in Sources */,
				54502FC32BED655800D0B284 /* EditListItemCell.swift in Sources */,
				54C766ED2BF64B5D00F0A5CC /* EditInventoryItemModel.swift in Sources */,
				541BB9222C07B94100F37E59 /* TemplateValidator.swift in Sources */,
				54FD98D52BF4A88700A60F08 /* EditListMenuDelegate.swift in Sources */,
				54ADAFFE2C03B1A9005EAC13 /* EditTemplateItemsViewController.swift in Sources */,
				54FD98DE2BF4EC5B00A60F08 /* HomeListsModel.swift in Sources */,
				54FD98DB2BF4EC3D00A60F08 /* HomeListsViewController.swift in Sources */,
				54ADAFEA2C02560F005EAC13 /* CreateTemplateModel.swift in Sources */,
				54ADAFEC2C025672005EAC13 /* CreateTemplateObject.swift in Sources */,
				543A8E322C08FD7E0087EC3D /* BadgeViewFactory.swift in Sources */,
				54C766E92BF62FFB00F0A5CC /* LabelTextFieldView.swift in Sources */,
				54A74D412BECE895005C0061 /* InventoryItem+CoreDataClass.swift in Sources */,
				54A74D102BECD181005C0061 /* ListItemsSortOption.swift in Sources */,
				54FCFAA02BF23B8B00FFDF46 /* CategorySelectorModel.swift in Sources */,
				54ADAFF82C026773005EAC13 /* TemplateCell.swift in Sources */,
				54DB50E52BE7F21E0050C2CF /* CategorySelectionViewController.swift in Sources */,
				544501EC2BE96A340018B345 /* InventoryItemSelectionCell.swift in Sources */,
				54C766E22BF5F72400F0A5CC /* HistoryModel.swift in Sources */,
				544C80A92BE2755D004DF718 /* CreateListViewController.swift in Sources */,
				5478A7CD2BE23D37005D1F7D /* HomeTab.swift in Sources */,
				54E45C532BE6623500FB3419 /* SelectInventoryItemViewController.swift in Sources */,
				546211872BE4241D002CE98E /* TemplateSelectionCellView.swift in Sources */,
				54B630AF2BF3CFF6007874DF /* EditListModel.swift in Sources */,
				54ADAFFC2C027DDF005EAC13 /* EditTemplateModel.swift in Sources */,
				54ADAFE72C025336005EAC13 /* CreateTemplateViewController.swift in Sources */,
				54C766DF2BF5F63600F0A5CC /* HistoryViewController.swift in Sources */,
				548AD1712BEBDBC000063F9F /* EditListItemsViewController.swift in Sources */,
				54DA69382BE6C1240062F9B3 /* CreateItemSheetController.swift in Sources */,
				54ADAFF62C0264C4005EAC13 /* HomeTemplatesModel.swift in Sources */,
				544C80AD2BE27DD3004DF718 /* TextFieldTableViewCell.swift in Sources */,
				54ADB0042C03B3CC005EAC13 /* UICollectionViewLayout+Extensions.swift in Sources */,
				54AF986E2BEA7B8F001A5B79 /* ShoppingListItemCell.swift in Sources */,
				54E45C442BE5734E00FB3419 /* NoTemplatesViewCell.swift in Sources */,
				547F4A902BF157FC0055C580 /* ShoppingListCell.swift in Sources */,
				54DA69412BE7A5920062F9B3 /* SelectedCategoryCell.swift in Sources */,
				54DB50E92BE7FF850050C2CF /* NoCategoriesViewCell.swift in Sources */,
				54FCFAAB2BF3574400FFDF46 /* EditCategoryViewController.swift in Sources */,
				544501DE2BE940770018B345 /* UIViewController+Extensions.swift in Sources */,
				54C766EB2BF64B2800F0A5CC /* EditInventoryItemViewController.swift in Sources */,
				54C766E42BF6005E00F0A5CC /* EditListItemsModel.swift in Sources */,
				54C766E72BF6278700F0A5CC /* ExpandingTextView.swift in Sources */,
				54FCFAA62BF2B18500FFDF46 /* SelectInventoryItemModel.swift in Sources */,
				54D864652BF206B900BAB0C3 /* UIAlertController+Extensions.swift in Sources */,
				54DA693F2BE7920A0062F9B3 /* ToggleTableViewCell.swift in Sources */,
				54FCFAA42BF282B600FFDF46 /* CategoryError.swift in Sources */,
				54B630A92BF3A151007874DF /* CreateInventoryItemModel.swift in Sources */,
				54ADAFE52C010CDA005EAC13 /* LabeledPickerViewCell.swift in Sources */,
				547CABCF2BE170350017C3C6 /* groceriesApp.xcdatamodeld in Sources */,
				547CABB92BE16C0E0017C3C6 /* AppDelegate.swift in Sources */,
				54ADB0002C03B1DE005EAC13 /* EditTemplateItemsModel.swift in Sources */,
				541BB91D2C07999500F37E59 /* EditTemplateMenuView.swift in Sources */,
				5478A7C72BE237FF005D1F7D /* UIFont+Extensions.swift in Sources */,
				54ADAFE32C00B352005EAC13 /* TemplateItemCell.swift in Sources */,
				54DA693D2BE787260062F9B3 /* UIStackView+Extensions.swift in Sources */,
				54E45C462BE6228A00FB3419 /* EditShoppingListViewController.swift in Sources */,
				547CABBB2BE16C0E0017C3C6 /* SceneDelegate.swift in Sources */,
				54ADAFF22C0264A8005EAC13 /* HomeTemplatesViewController.swift in Sources */,
			);
			runOnlyForDeploymentPostprocessing = 0;
		};
/* End PBXSourcesBuildPhase section */

/* Begin PBXVariantGroup section */
		547CABC32BE16C0F0017C3C6 /* LaunchScreen.storyboard */ = {
			isa = PBXVariantGroup;
			children = (
				547CABC42BE16C0F0017C3C6 /* Base */,
			);
			name = LaunchScreen.storyboard;
			sourceTree = "<group>";
		};
/* End PBXVariantGroup section */

/* Begin XCBuildConfiguration section */
		547CABC72BE16C0F0017C3C6 /* Debug */ = {
			isa = XCBuildConfiguration;
			buildSettings = {
				ALWAYS_SEARCH_USER_PATHS = NO;
				ASSETCATALOG_COMPILER_GENERATE_SWIFT_ASSET_SYMBOL_EXTENSIONS = YES;
				CLANG_ANALYZER_NONNULL = YES;
				CLANG_ANALYZER_NUMBER_OBJECT_CONVERSION = YES_AGGRESSIVE;
				CLANG_CXX_LANGUAGE_STANDARD = "gnu++20";
				CLANG_ENABLE_MODULES = YES;
				CLANG_ENABLE_OBJC_ARC = YES;
				CLANG_ENABLE_OBJC_WEAK = YES;
				CLANG_WARN_BLOCK_CAPTURE_AUTORELEASING = YES;
				CLANG_WARN_BOOL_CONVERSION = YES;
				CLANG_WARN_COMMA = YES;
				CLANG_WARN_CONSTANT_CONVERSION = YES;
				CLANG_WARN_DEPRECATED_OBJC_IMPLEMENTATIONS = YES;
				CLANG_WARN_DIRECT_OBJC_ISA_USAGE = YES_ERROR;
				CLANG_WARN_DOCUMENTATION_COMMENTS = YES;
				CLANG_WARN_EMPTY_BODY = YES;
				CLANG_WARN_ENUM_CONVERSION = YES;
				CLANG_WARN_INFINITE_RECURSION = YES;
				CLANG_WARN_INT_CONVERSION = YES;
				CLANG_WARN_NON_LITERAL_NULL_CONVERSION = YES;
				CLANG_WARN_OBJC_IMPLICIT_RETAIN_SELF = YES;
				CLANG_WARN_OBJC_LITERAL_CONVERSION = YES;
				CLANG_WARN_OBJC_ROOT_CLASS = YES_ERROR;
				CLANG_WARN_QUOTED_INCLUDE_IN_FRAMEWORK_HEADER = YES;
				CLANG_WARN_RANGE_LOOP_ANALYSIS = YES;
				CLANG_WARN_STRICT_PROTOTYPES = YES;
				CLANG_WARN_SUSPICIOUS_MOVE = YES;
				CLANG_WARN_UNGUARDED_AVAILABILITY = YES_AGGRESSIVE;
				CLANG_WARN_UNREACHABLE_CODE = YES;
				CLANG_WARN__DUPLICATE_METHOD_MATCH = YES;
				COPY_PHASE_STRIP = NO;
				DEBUG_INFORMATION_FORMAT = dwarf;
				ENABLE_STRICT_OBJC_MSGSEND = YES;
				ENABLE_TESTABILITY = YES;
				ENABLE_USER_SCRIPT_SANDBOXING = YES;
				GCC_C_LANGUAGE_STANDARD = gnu17;
				GCC_DYNAMIC_NO_PIC = NO;
				GCC_NO_COMMON_BLOCKS = YES;
				GCC_OPTIMIZATION_LEVEL = 0;
				GCC_PREPROCESSOR_DEFINITIONS = (
					"DEBUG=1",
					"$(inherited)",
				);
				GCC_WARN_64_TO_32_BIT_CONVERSION = YES;
				GCC_WARN_ABOUT_RETURN_TYPE = YES_ERROR;
				GCC_WARN_UNDECLARED_SELECTOR = YES;
				GCC_WARN_UNINITIALIZED_AUTOS = YES_AGGRESSIVE;
				GCC_WARN_UNUSED_FUNCTION = YES;
				GCC_WARN_UNUSED_VARIABLE = YES;
				IPHONEOS_DEPLOYMENT_TARGET = 17.2;
				LOCALIZATION_PREFERS_STRING_CATALOGS = YES;
				MTL_ENABLE_DEBUG_INFO = INCLUDE_SOURCE;
				MTL_FAST_MATH = YES;
				ONLY_ACTIVE_ARCH = YES;
				SDKROOT = iphoneos;
				SWIFT_ACTIVE_COMPILATION_CONDITIONS = "DEBUG $(inherited)";
				SWIFT_OPTIMIZATION_LEVEL = "-Onone";
			};
			name = Debug;
		};
		547CABC82BE16C0F0017C3C6 /* Release */ = {
			isa = XCBuildConfiguration;
			buildSettings = {
				ALWAYS_SEARCH_USER_PATHS = NO;
				ASSETCATALOG_COMPILER_GENERATE_SWIFT_ASSET_SYMBOL_EXTENSIONS = YES;
				CLANG_ANALYZER_NONNULL = YES;
				CLANG_ANALYZER_NUMBER_OBJECT_CONVERSION = YES_AGGRESSIVE;
				CLANG_CXX_LANGUAGE_STANDARD = "gnu++20";
				CLANG_ENABLE_MODULES = YES;
				CLANG_ENABLE_OBJC_ARC = YES;
				CLANG_ENABLE_OBJC_WEAK = YES;
				CLANG_WARN_BLOCK_CAPTURE_AUTORELEASING = YES;
				CLANG_WARN_BOOL_CONVERSION = YES;
				CLANG_WARN_COMMA = YES;
				CLANG_WARN_CONSTANT_CONVERSION = YES;
				CLANG_WARN_DEPRECATED_OBJC_IMPLEMENTATIONS = YES;
				CLANG_WARN_DIRECT_OBJC_ISA_USAGE = YES_ERROR;
				CLANG_WARN_DOCUMENTATION_COMMENTS = YES;
				CLANG_WARN_EMPTY_BODY = YES;
				CLANG_WARN_ENUM_CONVERSION = YES;
				CLANG_WARN_INFINITE_RECURSION = YES;
				CLANG_WARN_INT_CONVERSION = YES;
				CLANG_WARN_NON_LITERAL_NULL_CONVERSION = YES;
				CLANG_WARN_OBJC_IMPLICIT_RETAIN_SELF = YES;
				CLANG_WARN_OBJC_LITERAL_CONVERSION = YES;
				CLANG_WARN_OBJC_ROOT_CLASS = YES_ERROR;
				CLANG_WARN_QUOTED_INCLUDE_IN_FRAMEWORK_HEADER = YES;
				CLANG_WARN_RANGE_LOOP_ANALYSIS = YES;
				CLANG_WARN_STRICT_PROTOTYPES = YES;
				CLANG_WARN_SUSPICIOUS_MOVE = YES;
				CLANG_WARN_UNGUARDED_AVAILABILITY = YES_AGGRESSIVE;
				CLANG_WARN_UNREACHABLE_CODE = YES;
				CLANG_WARN__DUPLICATE_METHOD_MATCH = YES;
				COPY_PHASE_STRIP = NO;
				DEBUG_INFORMATION_FORMAT = "dwarf-with-dsym";
				ENABLE_NS_ASSERTIONS = NO;
				ENABLE_STRICT_OBJC_MSGSEND = YES;
				ENABLE_USER_SCRIPT_SANDBOXING = YES;
				GCC_C_LANGUAGE_STANDARD = gnu17;
				GCC_NO_COMMON_BLOCKS = YES;
				GCC_WARN_64_TO_32_BIT_CONVERSION = YES;
				GCC_WARN_ABOUT_RETURN_TYPE = YES_ERROR;
				GCC_WARN_UNDECLARED_SELECTOR = YES;
				GCC_WARN_UNINITIALIZED_AUTOS = YES_AGGRESSIVE;
				GCC_WARN_UNUSED_FUNCTION = YES;
				GCC_WARN_UNUSED_VARIABLE = YES;
				IPHONEOS_DEPLOYMENT_TARGET = 17.2;
				LOCALIZATION_PREFERS_STRING_CATALOGS = YES;
				MTL_ENABLE_DEBUG_INFO = NO;
				MTL_FAST_MATH = YES;
				SDKROOT = iphoneos;
				SWIFT_COMPILATION_MODE = wholemodule;
				VALIDATE_PRODUCT = YES;
			};
			name = Release;
		};
		547CABCA2BE16C0F0017C3C6 /* Debug */ = {
			isa = XCBuildConfiguration;
			buildSettings = {
				ASSETCATALOG_COMPILER_APPICON_NAME = AppIcon;
				ASSETCATALOG_COMPILER_GLOBAL_ACCENT_COLOR_NAME = AccentColor;
				CODE_SIGN_STYLE = Automatic;
				CURRENT_PROJECT_VERSION = 1;
				DEVELOPMENT_TEAM = 4LPKAW9W52;
				GENERATE_INFOPLIST_FILE = YES;
				INFOPLIST_FILE = groceriesApp/Info.plist;
				INFOPLIST_KEY_UIApplicationSupportsIndirectInputEvents = YES;
				INFOPLIST_KEY_UILaunchStoryboardName = LaunchScreen;
				INFOPLIST_KEY_UISupportedInterfaceOrientations_iPad = "UIInterfaceOrientationPortrait UIInterfaceOrientationPortraitUpsideDown UIInterfaceOrientationLandscapeLeft UIInterfaceOrientationLandscapeRight";
				INFOPLIST_KEY_UISupportedInterfaceOrientations_iPhone = "UIInterfaceOrientationPortrait UIInterfaceOrientationLandscapeLeft UIInterfaceOrientationLandscapeRight";
				IPHONEOS_DEPLOYMENT_TARGET = 16.4;
				LD_RUNPATH_SEARCH_PATHS = (
					"$(inherited)",
					"@executable_path/Frameworks",
				);
				MARKETING_VERSION = 1.0;
				PRODUCT_BUNDLE_IDENTIFIER = com.MilosOst.groceriesApp;
				PRODUCT_NAME = "$(TARGET_NAME)";
				SWIFT_EMIT_LOC_STRINGS = YES;
				SWIFT_VERSION = 5.0;
				TARGETED_DEVICE_FAMILY = "1,2";
			};
			name = Debug;
		};
		547CABCB2BE16C0F0017C3C6 /* Release */ = {
			isa = XCBuildConfiguration;
			buildSettings = {
				ASSETCATALOG_COMPILER_APPICON_NAME = AppIcon;
				ASSETCATALOG_COMPILER_GLOBAL_ACCENT_COLOR_NAME = AccentColor;
				CODE_SIGN_STYLE = Automatic;
				CURRENT_PROJECT_VERSION = 1;
				DEVELOPMENT_TEAM = 4LPKAW9W52;
				GENERATE_INFOPLIST_FILE = YES;
				INFOPLIST_FILE = groceriesApp/Info.plist;
				INFOPLIST_KEY_UIApplicationSupportsIndirectInputEvents = YES;
				INFOPLIST_KEY_UILaunchStoryboardName = LaunchScreen;
				INFOPLIST_KEY_UISupportedInterfaceOrientations_iPad = "UIInterfaceOrientationPortrait UIInterfaceOrientationPortraitUpsideDown UIInterfaceOrientationLandscapeLeft UIInterfaceOrientationLandscapeRight";
				INFOPLIST_KEY_UISupportedInterfaceOrientations_iPhone = "UIInterfaceOrientationPortrait UIInterfaceOrientationLandscapeLeft UIInterfaceOrientationLandscapeRight";
				IPHONEOS_DEPLOYMENT_TARGET = 16.4;
				LD_RUNPATH_SEARCH_PATHS = (
					"$(inherited)",
					"@executable_path/Frameworks",
				);
				MARKETING_VERSION = 1.0;
				PRODUCT_BUNDLE_IDENTIFIER = com.MilosOst.groceriesApp;
				PRODUCT_NAME = "$(TARGET_NAME)";
				SWIFT_EMIT_LOC_STRINGS = YES;
				SWIFT_VERSION = 5.0;
				TARGETED_DEVICE_FAMILY = "1,2";
			};
			name = Release;
		};
/* End XCBuildConfiguration section */

/* Begin XCConfigurationList section */
		547CABB02BE16C0E0017C3C6 /* Build configuration list for PBXProject "groceriesApp" */ = {
			isa = XCConfigurationList;
			buildConfigurations = (
				547CABC72BE16C0F0017C3C6 /* Debug */,
				547CABC82BE16C0F0017C3C6 /* Release */,
			);
			defaultConfigurationIsVisible = 0;
			defaultConfigurationName = Release;
		};
		547CABC92BE16C0F0017C3C6 /* Build configuration list for PBXNativeTarget "groceriesApp" */ = {
			isa = XCConfigurationList;
			buildConfigurations = (
				547CABCA2BE16C0F0017C3C6 /* Debug */,
				547CABCB2BE16C0F0017C3C6 /* Release */,
			);
			defaultConfigurationIsVisible = 0;
			defaultConfigurationName = Release;
		};
/* End XCConfigurationList section */

/* Begin XCVersionGroup section */
		547CABCD2BE170350017C3C6 /* groceriesApp.xcdatamodeld */ = {
			isa = XCVersionGroup;
			children = (
				547CABCE2BE170350017C3C6 /* groceriesApp.xcdatamodel */,
			);
			currentVersion = 547CABCE2BE170350017C3C6 /* groceriesApp.xcdatamodel */;
			path = groceriesApp.xcdatamodeld;
			sourceTree = "<group>";
			versionGroupType = wrapper.xcdatamodel;
		};
/* End XCVersionGroup section */
	};
	rootObject = 547CABAD2BE16C0E0017C3C6 /* Project object */;
}
