// !$*UTF8*$!
{
	archiveVersion = 1;
	classes = {
	};
	objectVersion = 56;
	objects = {

/* Begin PBXBuildFile section */
		544501DE2BE940770018B345 /* UIViewController+Extensions.swift in Sources */ = {isa = PBXBuildFile; fileRef = 544501DD2BE940770018B345 /* UIViewController+Extensions.swift */; };
		544501E12BE94B220018B345 /* InventoryItemCreationState.swift in Sources */ = {isa = PBXBuildFile; fileRef = 544501E02BE94B220018B345 /* InventoryItemCreationState.swift */; };
		544501E32BE94D300018B345 /* InventoryItemValidator.swift in Sources */ = {isa = PBXBuildFile; fileRef = 544501E22BE94D300018B345 /* InventoryItemValidator.swift */; };
		544501EA2BE968DC0018B345 /* String+Extensions.swift in Sources */ = {isa = PBXBuildFile; fileRef = 544501E92BE968DC0018B345 /* String+Extensions.swift */; };
		544501EC2BE96A340018B345 /* InventoryItemSelectionCell.swift in Sources */ = {isa = PBXBuildFile; fileRef = 544501EB2BE96A340018B345 /* InventoryItemSelectionCell.swift */; };
		544C80A92BE2755D004DF718 /* CreateListViewController.swift in Sources */ = {isa = PBXBuildFile; fileRef = 544C80A82BE2755D004DF718 /* CreateListViewController.swift */; };
		544C80AD2BE27DD3004DF718 /* TextFieldTableViewCell.swift in Sources */ = {isa = PBXBuildFile; fileRef = 544C80AC2BE27DD3004DF718 /* TextFieldTableViewCell.swift */; };
		54502FC32BED655800D0B284 /* ListItemDetailCell.swift in Sources */ = {isa = PBXBuildFile; fileRef = 54502FC22BED655800D0B284 /* ListItemDetailCell.swift */; };
		546211872BE4241D002CE98E /* TemplateSelectionCellView.swift in Sources */ = {isa = PBXBuildFile; fileRef = 546211862BE4241D002CE98E /* TemplateSelectionCellView.swift */; };
		5478A7C02BE23718005D1F7D /* Poppins-Regular.ttf in Resources */ = {isa = PBXBuildFile; fileRef = 5478A7BB2BE23718005D1F7D /* Poppins-Regular.ttf */; };
		5478A7C12BE23718005D1F7D /* Poppins-Thin.ttf in Resources */ = {isa = PBXBuildFile; fileRef = 5478A7BC2BE23718005D1F7D /* Poppins-Thin.ttf */; };
		5478A7C22BE23718005D1F7D /* Poppins-Medium.ttf in Resources */ = {isa = PBXBuildFile; fileRef = 5478A7BD2BE23718005D1F7D /* Poppins-Medium.ttf */; };
		5478A7C32BE23718005D1F7D /* Poppins-Light.ttf in Resources */ = {isa = PBXBuildFile; fileRef = 5478A7BE2BE23718005D1F7D /* Poppins-Light.ttf */; };
		5478A7C42BE23718005D1F7D /* Poppins-ExtraLight.ttf in Resources */ = {isa = PBXBuildFile; fileRef = 5478A7BF2BE23718005D1F7D /* Poppins-ExtraLight.ttf */; };
		5478A7C72BE237FF005D1F7D /* UIFont+Extensions.swift in Sources */ = {isa = PBXBuildFile; fileRef = 5478A7C62BE237FF005D1F7D /* UIFont+Extensions.swift */; };
		5478A7CD2BE23D37005D1F7D /* HomeTab.swift in Sources */ = {isa = PBXBuildFile; fileRef = 5478A7CC2BE23D37005D1F7D /* HomeTab.swift */; };
		547CABB92BE16C0E0017C3C6 /* AppDelegate.swift in Sources */ = {isa = PBXBuildFile; fileRef = 547CABB82BE16C0E0017C3C6 /* AppDelegate.swift */; };
		547CABBB2BE16C0E0017C3C6 /* SceneDelegate.swift in Sources */ = {isa = PBXBuildFile; fileRef = 547CABBA2BE16C0E0017C3C6 /* SceneDelegate.swift */; };
		547CABBD2BE16C0E0017C3C6 /* HomeViewController.swift in Sources */ = {isa = PBXBuildFile; fileRef = 547CABBC2BE16C0E0017C3C6 /* HomeViewController.swift */; };
		547CABC22BE16C0F0017C3C6 /* Assets.xcassets in Resources */ = {isa = PBXBuildFile; fileRef = 547CABC12BE16C0F0017C3C6 /* Assets.xcassets */; };
		547CABC52BE16C0F0017C3C6 /* LaunchScreen.storyboard in Resources */ = {isa = PBXBuildFile; fileRef = 547CABC32BE16C0F0017C3C6 /* LaunchScreen.storyboard */; };
		547CABCF2BE170350017C3C6 /* groceriesApp.xcdatamodeld in Sources */ = {isa = PBXBuildFile; fileRef = 547CABCD2BE170350017C3C6 /* groceriesApp.xcdatamodeld */; };
		547F4A902BF157FC0055C580 /* ShoppingListCell.swift in Sources */ = {isa = PBXBuildFile; fileRef = 547F4A8F2BF157FC0055C580 /* ShoppingListCell.swift */; };
		548AD1712BEBDBC000063F9F /* EditListViewController.swift in Sources */ = {isa = PBXBuildFile; fileRef = 548AD1702BEBDBC000063F9F /* EditListViewController.swift */; };
		549E10042BEA265E00C9C7E2 /* ShoppingListService.swift in Sources */ = {isa = PBXBuildFile; fileRef = 549E10032BEA265E00C9C7E2 /* ShoppingListService.swift */; };
		54A74D102BECD181005C0061 /* ListItemsSortOption.swift in Sources */ = {isa = PBXBuildFile; fileRef = 54A74D0F2BECD181005C0061 /* ListItemsSortOption.swift */; };
		54A74D412BECE895005C0061 /* InventoryItem+CoreDataClass.swift in Sources */ = {isa = PBXBuildFile; fileRef = 54A74D3F2BECE895005C0061 /* InventoryItem+CoreDataClass.swift */; };
		54AF986E2BEA7B8F001A5B79 /* ShoppingListItemCell.swift in Sources */ = {isa = PBXBuildFile; fileRef = 54AF986D2BEA7B8F001A5B79 /* ShoppingListItemCell.swift */; };
		54D864652BF206B900BAB0C3 /* UIAlertController+Extensions.swift in Sources */ = {isa = PBXBuildFile; fileRef = 54D864642BF206B900BAB0C3 /* UIAlertController+Extensions.swift */; };
		54DA69382BE6C1240062F9B3 /* CreateItemSheetController.swift in Sources */ = {isa = PBXBuildFile; fileRef = 54DA69372BE6C1240062F9B3 /* CreateItemSheetController.swift */; };
		54DA693B2BE786150062F9B3 /* LabelTextFieldTableViewCell.swift in Sources */ = {isa = PBXBuildFile; fileRef = 54DA693A2BE786150062F9B3 /* LabelTextFieldTableViewCell.swift */; };
		54DA693D2BE787260062F9B3 /* UIStackView+Extensions.swift in Sources */ = {isa = PBXBuildFile; fileRef = 54DA693C2BE787260062F9B3 /* UIStackView+Extensions.swift */; };
		54DA693F2BE7920A0062F9B3 /* ToggleTableViewCell.swift in Sources */ = {isa = PBXBuildFile; fileRef = 54DA693E2BE7920A0062F9B3 /* ToggleTableViewCell.swift */; };
		54DA69412BE7A5920062F9B3 /* SelectedCategoryCell.swift in Sources */ = {isa = PBXBuildFile; fileRef = 54DA69402BE7A5920062F9B3 /* SelectedCategoryCell.swift */; };
		54DB50E52BE7F21E0050C2CF /* CategorySelectionViewController.swift in Sources */ = {isa = PBXBuildFile; fileRef = 54DB50E42BE7F21E0050C2CF /* CategorySelectionViewController.swift */; };
		54DB50E92BE7FF850050C2CF /* NoCategoriesViewCell.swift in Sources */ = {isa = PBXBuildFile; fileRef = 54DB50E82BE7FF850050C2CF /* NoCategoriesViewCell.swift */; };
		54E45C442BE5734E00FB3419 /* NoTemplatesViewCell.swift in Sources */ = {isa = PBXBuildFile; fileRef = 54E45C432BE5734E00FB3419 /* NoTemplatesViewCell.swift */; };
		54E45C462BE6228A00FB3419 /* DetailedListViewController.swift in Sources */ = {isa = PBXBuildFile; fileRef = 54E45C452BE6228A00FB3419 /* DetailedListViewController.swift */; };
		54E45C532BE6623500FB3419 /* SelectInventoryItemViewController.swift in Sources */ = {isa = PBXBuildFile; fileRef = 54E45C522BE6623500FB3419 /* SelectInventoryItemViewController.swift */; };
		54FCFAA02BF23B8B00FFDF46 /* CategorySelectorModel.swift in Sources */ = {isa = PBXBuildFile; fileRef = 54FCFA9F2BF23B8B00FFDF46 /* CategorySelectorModel.swift */; };
		54FCFAA42BF282B600FFDF46 /* CategoryError.swift in Sources */ = {isa = PBXBuildFile; fileRef = 54FCFAA32BF282B600FFDF46 /* CategoryError.swift */; };
		54FCFAA62BF2B18500FFDF46 /* SelectInventoryItemModel.swift in Sources */ = {isa = PBXBuildFile; fileRef = 54FCFAA52BF2B18500FFDF46 /* SelectInventoryItemModel.swift */; };
		54FCFAAB2BF3574400FFDF46 /* EditCategoryViewController.swift in Sources */ = {isa = PBXBuildFile; fileRef = 54FCFAAA2BF3574400FFDF46 /* EditCategoryViewController.swift */; };
		54FCFAAD2BF35CAA00FFDF46 /* EditCategoryModel.swift in Sources */ = {isa = PBXBuildFile; fileRef = 54FCFAAC2BF35CAA00FFDF46 /* EditCategoryModel.swift */; };
/* End PBXBuildFile section */

/* Begin PBXFileReference section */
		544501DD2BE940770018B345 /* UIViewController+Extensions.swift */ = {isa = PBXFileReference; lastKnownFileType = sourcecode.swift; path = "UIViewController+Extensions.swift"; sourceTree = "<group>"; };
		544501E02BE94B220018B345 /* InventoryItemCreationState.swift */ = {isa = PBXFileReference; lastKnownFileType = sourcecode.swift; path = InventoryItemCreationState.swift; sourceTree = "<group>"; };
		544501E22BE94D300018B345 /* InventoryItemValidator.swift */ = {isa = PBXFileReference; lastKnownFileType = sourcecode.swift; path = InventoryItemValidator.swift; sourceTree = "<group>"; };
		544501E92BE968DC0018B345 /* String+Extensions.swift */ = {isa = PBXFileReference; lastKnownFileType = sourcecode.swift; path = "String+Extensions.swift"; sourceTree = "<group>"; };
		544501EB2BE96A340018B345 /* InventoryItemSelectionCell.swift */ = {isa = PBXFileReference; lastKnownFileType = sourcecode.swift; path = InventoryItemSelectionCell.swift; sourceTree = "<group>"; };
		544C80A82BE2755D004DF718 /* CreateListViewController.swift */ = {isa = PBXFileReference; lastKnownFileType = sourcecode.swift; path = CreateListViewController.swift; sourceTree = "<group>"; };
		544C80AC2BE27DD3004DF718 /* TextFieldTableViewCell.swift */ = {isa = PBXFileReference; lastKnownFileType = sourcecode.swift; path = TextFieldTableViewCell.swift; sourceTree = "<group>"; };
		54502FC22BED655800D0B284 /* ListItemDetailCell.swift */ = {isa = PBXFileReference; lastKnownFileType = sourcecode.swift; path = ListItemDetailCell.swift; sourceTree = "<group>"; };
		546211862BE4241D002CE98E /* TemplateSelectionCellView.swift */ = {isa = PBXFileReference; lastKnownFileType = sourcecode.swift; path = TemplateSelectionCellView.swift; sourceTree = "<group>"; };
		5478A7BB2BE23718005D1F7D /* Poppins-Regular.ttf */ = {isa = PBXFileReference; lastKnownFileType = file; path = "Poppins-Regular.ttf"; sourceTree = "<group>"; };
		5478A7BC2BE23718005D1F7D /* Poppins-Thin.ttf */ = {isa = PBXFileReference; lastKnownFileType = file; path = "Poppins-Thin.ttf"; sourceTree = "<group>"; };
		5478A7BD2BE23718005D1F7D /* Poppins-Medium.ttf */ = {isa = PBXFileReference; lastKnownFileType = file; path = "Poppins-Medium.ttf"; sourceTree = "<group>"; };
		5478A7BE2BE23718005D1F7D /* Poppins-Light.ttf */ = {isa = PBXFileReference; lastKnownFileType = file; path = "Poppins-Light.ttf"; sourceTree = "<group>"; };
		5478A7BF2BE23718005D1F7D /* Poppins-ExtraLight.ttf */ = {isa = PBXFileReference; lastKnownFileType = file; path = "Poppins-ExtraLight.ttf"; sourceTree = "<group>"; };
		5478A7C62BE237FF005D1F7D /* UIFont+Extensions.swift */ = {isa = PBXFileReference; lastKnownFileType = sourcecode.swift; path = "UIFont+Extensions.swift"; sourceTree = "<group>"; };
		5478A7CC2BE23D37005D1F7D /* HomeTab.swift */ = {isa = PBXFileReference; lastKnownFileType = sourcecode.swift; path = HomeTab.swift; sourceTree = "<group>"; };
		547CABB52BE16C0E0017C3C6 /* groceriesApp.app */ = {isa = PBXFileReference; explicitFileType = wrapper.application; includeInIndex = 0; path = groceriesApp.app; sourceTree = BUILT_PRODUCTS_DIR; };
		547CABB82BE16C0E0017C3C6 /* AppDelegate.swift */ = {isa = PBXFileReference; lastKnownFileType = sourcecode.swift; path = AppDelegate.swift; sourceTree = "<group>"; };
		547CABBA2BE16C0E0017C3C6 /* SceneDelegate.swift */ = {isa = PBXFileReference; lastKnownFileType = sourcecode.swift; path = SceneDelegate.swift; sourceTree = "<group>"; };
		547CABBC2BE16C0E0017C3C6 /* HomeViewController.swift */ = {isa = PBXFileReference; lastKnownFileType = sourcecode.swift; path = HomeViewController.swift; sourceTree = "<group>"; };
		547CABC12BE16C0F0017C3C6 /* Assets.xcassets */ = {isa = PBXFileReference; lastKnownFileType = folder.assetcatalog; path = Assets.xcassets; sourceTree = "<group>"; };
		547CABC42BE16C0F0017C3C6 /* Base */ = {isa = PBXFileReference; lastKnownFileType = file.storyboard; name = Base; path = Base.lproj/LaunchScreen.storyboard; sourceTree = "<group>"; };
		547CABC62BE16C0F0017C3C6 /* Info.plist */ = {isa = PBXFileReference; lastKnownFileType = text.plist.xml; path = Info.plist; sourceTree = "<group>"; };
		547CABCE2BE170350017C3C6 /* groceriesApp.xcdatamodel */ = {isa = PBXFileReference; lastKnownFileType = wrapper.xcdatamodel; path = groceriesApp.xcdatamodel; sourceTree = "<group>"; };
		547F4A8F2BF157FC0055C580 /* ShoppingListCell.swift */ = {isa = PBXFileReference; lastKnownFileType = sourcecode.swift; path = ShoppingListCell.swift; sourceTree = "<group>"; };
		548AD1702BEBDBC000063F9F /* EditListViewController.swift */ = {isa = PBXFileReference; lastKnownFileType = sourcecode.swift; path = EditListViewController.swift; sourceTree = "<group>"; };
		549E10032BEA265E00C9C7E2 /* ShoppingListService.swift */ = {isa = PBXFileReference; lastKnownFileType = sourcecode.swift; path = ShoppingListService.swift; sourceTree = "<group>"; };
		54A74D0F2BECD181005C0061 /* ListItemsSortOption.swift */ = {isa = PBXFileReference; lastKnownFileType = sourcecode.swift; path = ListItemsSortOption.swift; sourceTree = "<group>"; };
		54A74D3F2BECE895005C0061 /* InventoryItem+CoreDataClass.swift */ = {isa = PBXFileReference; lastKnownFileType = sourcecode.swift; path = "InventoryItem+CoreDataClass.swift"; sourceTree = "<group>"; };
		54AF986D2BEA7B8F001A5B79 /* ShoppingListItemCell.swift */ = {isa = PBXFileReference; lastKnownFileType = sourcecode.swift; path = ShoppingListItemCell.swift; sourceTree = "<group>"; };
		54D864642BF206B900BAB0C3 /* UIAlertController+Extensions.swift */ = {isa = PBXFileReference; lastKnownFileType = sourcecode.swift; path = "UIAlertController+Extensions.swift"; sourceTree = "<group>"; };
		54DA69372BE6C1240062F9B3 /* CreateItemSheetController.swift */ = {isa = PBXFileReference; lastKnownFileType = sourcecode.swift; path = CreateItemSheetController.swift; sourceTree = "<group>"; };
		54DA693A2BE786150062F9B3 /* LabelTextFieldTableViewCell.swift */ = {isa = PBXFileReference; lastKnownFileType = sourcecode.swift; path = LabelTextFieldTableViewCell.swift; sourceTree = "<group>"; };
		54DA693C2BE787260062F9B3 /* UIStackView+Extensions.swift */ = {isa = PBXFileReference; lastKnownFileType = sourcecode.swift; path = "UIStackView+Extensions.swift"; sourceTree = "<group>"; };
		54DA693E2BE7920A0062F9B3 /* ToggleTableViewCell.swift */ = {isa = PBXFileReference; lastKnownFileType = sourcecode.swift; path = ToggleTableViewCell.swift; sourceTree = "<group>"; };
		54DA69402BE7A5920062F9B3 /* SelectedCategoryCell.swift */ = {isa = PBXFileReference; lastKnownFileType = sourcecode.swift; path = SelectedCategoryCell.swift; sourceTree = "<group>"; };
		54DB50E42BE7F21E0050C2CF /* CategorySelectionViewController.swift */ = {isa = PBXFileReference; lastKnownFileType = sourcecode.swift; path = CategorySelectionViewController.swift; sourceTree = "<group>"; };
		54DB50E82BE7FF850050C2CF /* NoCategoriesViewCell.swift */ = {isa = PBXFileReference; lastKnownFileType = sourcecode.swift; path = NoCategoriesViewCell.swift; sourceTree = "<group>"; };
		54E45C432BE5734E00FB3419 /* NoTemplatesViewCell.swift */ = {isa = PBXFileReference; lastKnownFileType = sourcecode.swift; path = NoTemplatesViewCell.swift; sourceTree = "<group>"; };
		54E45C452BE6228A00FB3419 /* DetailedListViewController.swift */ = {isa = PBXFileReference; lastKnownFileType = sourcecode.swift; path = DetailedListViewController.swift; sourceTree = "<group>"; };
		54E45C522BE6623500FB3419 /* SelectInventoryItemViewController.swift */ = {isa = PBXFileReference; lastKnownFileType = sourcecode.swift; path = SelectInventoryItemViewController.swift; sourceTree = "<group>"; };
		54FCFA9F2BF23B8B00FFDF46 /* CategorySelectorModel.swift */ = {isa = PBXFileReference; lastKnownFileType = sourcecode.swift; path = CategorySelectorModel.swift; sourceTree = "<group>"; };
		54FCFAA32BF282B600FFDF46 /* CategoryError.swift */ = {isa = PBXFileReference; lastKnownFileType = sourcecode.swift; path = CategoryError.swift; sourceTree = "<group>"; };
		54FCFAA52BF2B18500FFDF46 /* SelectInventoryItemModel.swift */ = {isa = PBXFileReference; lastKnownFileType = sourcecode.swift; path = SelectInventoryItemModel.swift; sourceTree = "<group>"; };
		54FCFAAA2BF3574400FFDF46 /* EditCategoryViewController.swift */ = {isa = PBXFileReference; lastKnownFileType = sourcecode.swift; path = EditCategoryViewController.swift; sourceTree = "<group>"; };
		54FCFAAC2BF35CAA00FFDF46 /* EditCategoryModel.swift */ = {isa = PBXFileReference; lastKnownFileType = sourcecode.swift; path = EditCategoryModel.swift; sourceTree = "<group>"; };
/* End PBXFileReference section */

/* Begin PBXFrameworksBuildPhase section */
		547CABB22BE16C0E0017C3C6 /* Frameworks */ = {
			isa = PBXFrameworksBuildPhase;
			buildActionMask = 2147483647;
			files = (
			);
			runOnlyForDeploymentPostprocessing = 0;
		};
/* End PBXFrameworksBuildPhase section */

/* Begin PBXGroup section */
		544501DF2BE94B050018B345 /* Model */ = {
			isa = PBXGroup;
			children = (
				544501E02BE94B220018B345 /* InventoryItemCreationState.swift */,
				544501E22BE94D300018B345 /* InventoryItemValidator.swift */,
				54FCFAA52BF2B18500FFDF46 /* SelectInventoryItemModel.swift */,
			);
			path = Model;
			sourceTree = "<group>";
		};
		544501E62BE957490018B345 /* Models */ = {
			isa = PBXGroup;
			children = (
				54FCFA9F2BF23B8B00FFDF46 /* CategorySelectorModel.swift */,
				54FCFAA32BF282B600FFDF46 /* CategoryError.swift */,
				54FCFAAC2BF35CAA00FFDF46 /* EditCategoryModel.swift */,
			);
			path = Models;
			sourceTree = "<group>";
		};
		544C80AA2BE27DBD004DF718 /* Shared */ = {
			isa = PBXGroup;
			children = (
				544C80AB2BE27DC1004DF718 /* Views */,
			);
			path = Shared;
			sourceTree = "<group>";
		};
		544C80AB2BE27DC1004DF718 /* Views */ = {
			isa = PBXGroup;
			children = (
				544C80AC2BE27DD3004DF718 /* TextFieldTableViewCell.swift */,
				54DA693A2BE786150062F9B3 /* LabelTextFieldTableViewCell.swift */,
				54DA693E2BE7920A0062F9B3 /* ToggleTableViewCell.swift */,
			);
			path = Views;
			sourceTree = "<group>";
		};
		546211852BE42403002CE98E /* Views */ = {
			isa = PBXGroup;
			children = (
				546211862BE4241D002CE98E /* TemplateSelectionCellView.swift */,
				54E45C432BE5734E00FB3419 /* NoTemplatesViewCell.swift */,
			);
			path = Views;
			sourceTree = "<group>";
		};
		5478A7BA2BE236FE005D1F7D /* Fonts */ = {
			isa = PBXGroup;
			children = (
				5478A7BF2BE23718005D1F7D /* Poppins-ExtraLight.ttf */,
				5478A7BE2BE23718005D1F7D /* Poppins-Light.ttf */,
				5478A7BD2BE23718005D1F7D /* Poppins-Medium.ttf */,
				5478A7BB2BE23718005D1F7D /* Poppins-Regular.ttf */,
				5478A7BC2BE23718005D1F7D /* Poppins-Thin.ttf */,
			);
			path = Fonts;
			sourceTree = "<group>";
		};
		5478A7C52BE237A0005D1F7D /* Extensions */ = {
			isa = PBXGroup;
			children = (
				5478A7C62BE237FF005D1F7D /* UIFont+Extensions.swift */,
				54DA693C2BE787260062F9B3 /* UIStackView+Extensions.swift */,
				544501DD2BE940770018B345 /* UIViewController+Extensions.swift */,
				544501E92BE968DC0018B345 /* String+Extensions.swift */,
				54D864642BF206B900BAB0C3 /* UIAlertController+Extensions.swift */,
			);
			path = Extensions;
			sourceTree = "<group>";
		};
		5478A7C82BE23BFD005D1F7D /* Features */ = {
			isa = PBXGroup;
			children = (
				54DB50E32BE7F2080050C2CF /* Categories */,
				54E45C502BE6621200FB3419 /* InventoryItems */,
				54E45C4D2BE660C800FB3419 /* ShoppingLists */,
			);
			path = Features;
			sourceTree = "<group>";
		};
		5478A7C92BE23C03005D1F7D /* Creation */ = {
			isa = PBXGroup;
			children = (
				546211852BE42403002CE98E /* Views */,
				5478A7CB2BE23D23005D1F7D /* Models */,
				5478A7CA2BE23C12005D1F7D /* ViewControllers */,
			);
			path = Creation;
			sourceTree = "<group>";
		};
		5478A7CA2BE23C12005D1F7D /* ViewControllers */ = {
			isa = PBXGroup;
			children = (
				547CABBC2BE16C0E0017C3C6 /* HomeViewController.swift */,
				544C80A82BE2755D004DF718 /* CreateListViewController.swift */,
				54E45C452BE6228A00FB3419 /* DetailedListViewController.swift */,
			);
			path = ViewControllers;
			sourceTree = "<group>";
		};
		5478A7CB2BE23D23005D1F7D /* Models */ = {
			isa = PBXGroup;
			children = (
				5478A7CC2BE23D37005D1F7D /* HomeTab.swift */,
				549E10032BEA265E00C9C7E2 /* ShoppingListService.swift */,
				54A74D0F2BECD181005C0061 /* ListItemsSortOption.swift */,
			);
			path = Models;
			sourceTree = "<group>";
		};
		547CABAC2BE16C0E0017C3C6 = {
			isa = PBXGroup;
			children = (
				547CABB72BE16C0E0017C3C6 /* groceriesApp */,
				547CABB62BE16C0E0017C3C6 /* Products */,
			);
			sourceTree = "<group>";
		};
		547CABB62BE16C0E0017C3C6 /* Products */ = {
			isa = PBXGroup;
			children = (
				547CABB52BE16C0E0017C3C6 /* groceriesApp.app */,
			);
			name = Products;
			sourceTree = "<group>";
		};
		547CABB72BE16C0E0017C3C6 /* groceriesApp */ = {
			isa = PBXGroup;
			children = (
				544C80AA2BE27DBD004DF718 /* Shared */,
				5478A7C82BE23BFD005D1F7D /* Features */,
				5478A7C52BE237A0005D1F7D /* Extensions */,
				5478A7BA2BE236FE005D1F7D /* Fonts */,
				547CABCC2BE1700A0017C3C6 /* CoreData */,
				547CABB82BE16C0E0017C3C6 /* AppDelegate.swift */,
				547CABBA2BE16C0E0017C3C6 /* SceneDelegate.swift */,
				547CABC12BE16C0F0017C3C6 /* Assets.xcassets */,
				547CABC32BE16C0F0017C3C6 /* LaunchScreen.storyboard */,
				547CABCD2BE170350017C3C6 /* groceriesApp.xcdatamodeld */,
				547CABC62BE16C0F0017C3C6 /* Info.plist */,
			);
			path = groceriesApp;
			sourceTree = "<group>";
		};
		547CABCC2BE1700A0017C3C6 /* CoreData */ = {
			isa = PBXGroup;
			children = (
				54A74D3F2BECE895005C0061 /* InventoryItem+CoreDataClass.swift */,
			);
			path = CoreData;
			sourceTree = "<group>";
		};
		54889F432BEFDD390017EA8B /* Models */ = {
			isa = PBXGroup;
			children = (
			);
			path = Models;
			sourceTree = "<group>";
		};
		548AD16F2BEBC77100063F9F /* Views */ = {
			isa = PBXGroup;
			children = (
				54AF986D2BEA7B8F001A5B79 /* ShoppingListItemCell.swift */,
				54502FC22BED655800D0B284 /* ListItemDetailCell.swift */,
				547F4A8F2BF157FC0055C580 /* ShoppingListCell.swift */,
			);
			path = Views;
			sourceTree = "<group>";
		};
		54DA69392BE785AE0062F9B3 /* Views */ = {
			isa = PBXGroup;
			children = (
				54DA69402BE7A5920062F9B3 /* SelectedCategoryCell.swift */,
				544501EB2BE96A340018B345 /* InventoryItemSelectionCell.swift */,
			);
			path = Views;
			sourceTree = "<group>";
		};
		54DB50E32BE7F2080050C2CF /* Categories */ = {
			isa = PBXGroup;
			children = (
				544501E62BE957490018B345 /* Models */,
				54DB50E72BE7FE9C0050C2CF /* Views */,
				54DB50E62BE7FE8F0050C2CF /* ViewControllers */,
			);
			path = Categories;
			sourceTree = "<group>";
		};
		54DB50E62BE7FE8F0050C2CF /* ViewControllers */ = {
			isa = PBXGroup;
			children = (
				54DB50E42BE7F21E0050C2CF /* CategorySelectionViewController.swift */,
				54FCFAAA2BF3574400FFDF46 /* EditCategoryViewController.swift */,
			);
			path = ViewControllers;
			sourceTree = "<group>";
		};
		54DB50E72BE7FE9C0050C2CF /* Views */ = {
			isa = PBXGroup;
			children = (
				54DB50E82BE7FF850050C2CF /* NoCategoriesViewCell.swift */,
			);
			path = Views;
			sourceTree = "<group>";
		};
		54E45C4D2BE660C800FB3419 /* ShoppingLists */ = {
			isa = PBXGroup;
			children = (
				54E45C4E2BE660E900FB3419 /* ShoppingListItems */,
				5478A7C92BE23C03005D1F7D /* Creation */,
			);
			path = ShoppingLists;
			sourceTree = "<group>";
		};
		54E45C4E2BE660E900FB3419 /* ShoppingListItems */ = {
			isa = PBXGroup;
			children = (
				54889F432BEFDD390017EA8B /* Models */,
				548AD16F2BEBC77100063F9F /* Views */,
				54E45C4F2BE660F100FB3419 /* ViewControllers */,
			);
			path = ShoppingListItems;
			sourceTree = "<group>";
		};
		54E45C4F2BE660F100FB3419 /* ViewControllers */ = {
			isa = PBXGroup;
			children = (
				548AD1702BEBDBC000063F9F /* EditListViewController.swift */,
			);
			path = ViewControllers;
			sourceTree = "<group>";
		};
		54E45C502BE6621200FB3419 /* InventoryItems */ = {
			isa = PBXGroup;
			children = (
				544501DF2BE94B050018B345 /* Model */,
				54DA69392BE785AE0062F9B3 /* Views */,
				54E45C512BE6621800FB3419 /* ViewControllers */,
			);
			path = InventoryItems;
			sourceTree = "<group>";
		};
		54E45C512BE6621800FB3419 /* ViewControllers */ = {
			isa = PBXGroup;
			children = (
				54E45C522BE6623500FB3419 /* SelectInventoryItemViewController.swift */,
				54DA69372BE6C1240062F9B3 /* CreateItemSheetController.swift */,
			);
			path = ViewControllers;
			sourceTree = "<group>";
		};
/* End PBXGroup section */

/* Begin PBXNativeTarget section */
		547CABB42BE16C0E0017C3C6 /* groceriesApp */ = {
			isa = PBXNativeTarget;
			buildConfigurationList = 547CABC92BE16C0F0017C3C6 /* Build configuration list for PBXNativeTarget "groceriesApp" */;
			buildPhases = (
				547CABB12BE16C0E0017C3C6 /* Sources */,
				547CABB22BE16C0E0017C3C6 /* Frameworks */,
				547CABB32BE16C0E0017C3C6 /* Resources */,
			);
			buildRules = (
			);
			dependencies = (
			);
			name = groceriesApp;
			packageProductDependencies = (
			);
			productName = groceriesApp;
			productReference = 547CABB52BE16C0E0017C3C6 /* groceriesApp.app */;
			productType = "com.apple.product-type.application";
		};
/* End PBXNativeTarget section */

/* Begin PBXProject section */
		547CABAD2BE16C0E0017C3C6 /* Project object */ = {
			isa = PBXProject;
			attributes = {
				BuildIndependentTargetsInParallel = 1;
				LastSwiftUpdateCheck = 1520;
				LastUpgradeCheck = 1520;
				TargetAttributes = {
					547CABB42BE16C0E0017C3C6 = {
						CreatedOnToolsVersion = 15.2;
					};
				};
			};
			buildConfigurationList = 547CABB02BE16C0E0017C3C6 /* Build configuration list for PBXProject "groceriesApp" */;
			compatibilityVersion = "Xcode 14.0";
			developmentRegion = en;
			hasScannedForEncodings = 0;
			knownRegions = (
				en,
				Base,
			);
			mainGroup = 547CABAC2BE16C0E0017C3C6;
			packageReferences = (
			);
			productRefGroup = 547CABB62BE16C0E0017C3C6 /* Products */;
			projectDirPath = "";
			projectRoot = "";
			targets = (
				547CABB42BE16C0E0017C3C6 /* groceriesApp */,
			);
		};
/* End PBXProject section */

/* Begin PBXResourcesBuildPhase section */
		547CABB32BE16C0E0017C3C6 /* Resources */ = {
			isa = PBXResourcesBuildPhase;
			buildActionMask = 2147483647;
			files = (
				5478A7C02BE23718005D1F7D /* Poppins-Regular.ttf in Resources */,
				5478A7C32BE23718005D1F7D /* Poppins-Light.ttf in Resources */,
				5478A7C12BE23718005D1F7D /* Poppins-Thin.ttf in Resources */,
				547CABC52BE16C0F0017C3C6 /* LaunchScreen.storyboard in Resources */,
				547CABC22BE16C0F0017C3C6 /* Assets.xcassets in Resources */,
				5478A7C22BE23718005D1F7D /* Poppins-Medium.ttf in Resources */,
				5478A7C42BE23718005D1F7D /* Poppins-ExtraLight.ttf in Resources */,
			);
			runOnlyForDeploymentPostprocessing = 0;
		};
/* End PBXResourcesBuildPhase section */

/* Begin PBXSourcesBuildPhase section */
		547CABB12BE16C0E0017C3C6 /* Sources */ = {
			isa = PBXSourcesBuildPhase;
			buildActionMask = 2147483647;
			files = (
				544501E12BE94B220018B345 /* InventoryItemCreationState.swift in Sources */,
				54FCFAAD2BF35CAA00FFDF46 /* EditCategoryModel.swift in Sources */,
				54DA693B2BE786150062F9B3 /* LabelTextFieldTableViewCell.swift in Sources */,
				544501E32BE94D300018B345 /* InventoryItemValidator.swift in Sources */,
				544501EA2BE968DC0018B345 /* String+Extensions.swift in Sources */,
				54502FC32BED655800D0B284 /* ListItemDetailCell.swift in Sources */,
				54A74D412BECE895005C0061 /* InventoryItem+CoreDataClass.swift in Sources */,
				54A74D102BECD181005C0061 /* ListItemsSortOption.swift in Sources */,
				54FCFAA02BF23B8B00FFDF46 /* CategorySelectorModel.swift in Sources */,
				54DB50E52BE7F21E0050C2CF /* CategorySelectionViewController.swift in Sources */,
				544501EC2BE96A340018B345 /* InventoryItemSelectionCell.swift in Sources */,
				544C80A92BE2755D004DF718 /* CreateListViewController.swift in Sources */,
				5478A7CD2BE23D37005D1F7D /* HomeTab.swift in Sources */,
				54E45C532BE6623500FB3419 /* SelectInventoryItemViewController.swift in Sources */,
				546211872BE4241D002CE98E /* TemplateSelectionCellView.swift in Sources */,
				547CABBD2BE16C0E0017C3C6 /* HomeViewController.swift in Sources */,
				548AD1712BEBDBC000063F9F /* EditListViewController.swift in Sources */,
				54DA69382BE6C1240062F9B3 /* CreateItemSheetController.swift in Sources */,
				549E10042BEA265E00C9C7E2 /* ShoppingListService.swift in Sources */,
				544C80AD2BE27DD3004DF718 /* TextFieldTableViewCell.swift in Sources */,
				54AF986E2BEA7B8F001A5B79 /* ShoppingListItemCell.swift in Sources */,
				54E45C442BE5734E00FB3419 /* NoTemplatesViewCell.swift in Sources */,
				547F4A902BF157FC0055C580 /* ShoppingListCell.swift in Sources */,
				54DA69412BE7A5920062F9B3 /* SelectedCategoryCell.swift in Sources */,
				54DB50E92BE7FF850050C2CF /* NoCategoriesViewCell.swift in Sources */,
				54FCFAAB2BF3574400FFDF46 /* EditCategoryViewController.swift in Sources */,
				544501DE2BE940770018B345 /* UIViewController+Extensions.swift in Sources */,
				54FCFAA62BF2B18500FFDF46 /* SelectInventoryItemModel.swift in Sources */,
				54D864652BF206B900BAB0C3 /* UIAlertController+Extensions.swift in Sources */,
				54DA693F2BE7920A0062F9B3 /* ToggleTableViewCell.swift in Sources */,
				54FCFAA42BF282B600FFDF46 /* CategoryError.swift in Sources */,
				547CABCF2BE170350017C3C6 /* groceriesApp.xcdatamodeld in Sources */,
				547CABB92BE16C0E0017C3C6 /* AppDelegate.swift in Sources */,
				5478A7C72BE237FF005D1F7D /* UIFont+Extensions.swift in Sources */,
				54DA693D2BE787260062F9B3 /* UIStackView+Extensions.swift in Sources */,
				54E45C462BE6228A00FB3419 /* DetailedListViewController.swift in Sources */,
				547CABBB2BE16C0E0017C3C6 /* SceneDelegate.swift in Sources */,
			);
			runOnlyForDeploymentPostprocessing = 0;
		};
/* End PBXSourcesBuildPhase section */

/* Begin PBXVariantGroup section */
		547CABC32BE16C0F0017C3C6 /* LaunchScreen.storyboard */ = {
			isa = PBXVariantGroup;
			children = (
				547CABC42BE16C0F0017C3C6 /* Base */,
			);
			name = LaunchScreen.storyboard;
			sourceTree = "<group>";
		};
/* End PBXVariantGroup section */

/* Begin XCBuildConfiguration section */
		547CABC72BE16C0F0017C3C6 /* Debug */ = {
			isa = XCBuildConfiguration;
			buildSettings = {
				ALWAYS_SEARCH_USER_PATHS = NO;
				ASSETCATALOG_COMPILER_GENERATE_SWIFT_ASSET_SYMBOL_EXTENSIONS = YES;
				CLANG_ANALYZER_NONNULL = YES;
				CLANG_ANALYZER_NUMBER_OBJECT_CONVERSION = YES_AGGRESSIVE;
				CLANG_CXX_LANGUAGE_STANDARD = "gnu++20";
				CLANG_ENABLE_MODULES = YES;
				CLANG_ENABLE_OBJC_ARC = YES;
				CLANG_ENABLE_OBJC_WEAK = YES;
				CLANG_WARN_BLOCK_CAPTURE_AUTORELEASING = YES;
				CLANG_WARN_BOOL_CONVERSION = YES;
				CLANG_WARN_COMMA = YES;
				CLANG_WARN_CONSTANT_CONVERSION = YES;
				CLANG_WARN_DEPRECATED_OBJC_IMPLEMENTATIONS = YES;
				CLANG_WARN_DIRECT_OBJC_ISA_USAGE = YES_ERROR;
				CLANG_WARN_DOCUMENTATION_COMMENTS = YES;
				CLANG_WARN_EMPTY_BODY = YES;
				CLANG_WARN_ENUM_CONVERSION = YES;
				CLANG_WARN_INFINITE_RECURSION = YES;
				CLANG_WARN_INT_CONVERSION = YES;
				CLANG_WARN_NON_LITERAL_NULL_CONVERSION = YES;
				CLANG_WARN_OBJC_IMPLICIT_RETAIN_SELF = YES;
				CLANG_WARN_OBJC_LITERAL_CONVERSION = YES;
				CLANG_WARN_OBJC_ROOT_CLASS = YES_ERROR;
				CLANG_WARN_QUOTED_INCLUDE_IN_FRAMEWORK_HEADER = YES;
				CLANG_WARN_RANGE_LOOP_ANALYSIS = YES;
				CLANG_WARN_STRICT_PROTOTYPES = YES;
				CLANG_WARN_SUSPICIOUS_MOVE = YES;
				CLANG_WARN_UNGUARDED_AVAILABILITY = YES_AGGRESSIVE;
				CLANG_WARN_UNREACHABLE_CODE = YES;
				CLANG_WARN__DUPLICATE_METHOD_MATCH = YES;
				COPY_PHASE_STRIP = NO;
				DEBUG_INFORMATION_FORMAT = dwarf;
				ENABLE_STRICT_OBJC_MSGSEND = YES;
				ENABLE_TESTABILITY = YES;
				ENABLE_USER_SCRIPT_SANDBOXING = YES;
				GCC_C_LANGUAGE_STANDARD = gnu17;
				GCC_DYNAMIC_NO_PIC = NO;
				GCC_NO_COMMON_BLOCKS = YES;
				GCC_OPTIMIZATION_LEVEL = 0;
				GCC_PREPROCESSOR_DEFINITIONS = (
					"DEBUG=1",
					"$(inherited)",
				);
				GCC_WARN_64_TO_32_BIT_CONVERSION = YES;
				GCC_WARN_ABOUT_RETURN_TYPE = YES_ERROR;
				GCC_WARN_UNDECLARED_SELECTOR = YES;
				GCC_WARN_UNINITIALIZED_AUTOS = YES_AGGRESSIVE;
				GCC_WARN_UNUSED_FUNCTION = YES;
				GCC_WARN_UNUSED_VARIABLE = YES;
				IPHONEOS_DEPLOYMENT_TARGET = 17.2;
				LOCALIZATION_PREFERS_STRING_CATALOGS = YES;
				MTL_ENABLE_DEBUG_INFO = INCLUDE_SOURCE;
				MTL_FAST_MATH = YES;
				ONLY_ACTIVE_ARCH = YES;
				SDKROOT = iphoneos;
				SWIFT_ACTIVE_COMPILATION_CONDITIONS = "DEBUG $(inherited)";
				SWIFT_OPTIMIZATION_LEVEL = "-Onone";
			};
			name = Debug;
		};
		547CABC82BE16C0F0017C3C6 /* Release */ = {
			isa = XCBuildConfiguration;
			buildSettings = {
				ALWAYS_SEARCH_USER_PATHS = NO;
				ASSETCATALOG_COMPILER_GENERATE_SWIFT_ASSET_SYMBOL_EXTENSIONS = YES;
				CLANG_ANALYZER_NONNULL = YES;
				CLANG_ANALYZER_NUMBER_OBJECT_CONVERSION = YES_AGGRESSIVE;
				CLANG_CXX_LANGUAGE_STANDARD = "gnu++20";
				CLANG_ENABLE_MODULES = YES;
				CLANG_ENABLE_OBJC_ARC = YES;
				CLANG_ENABLE_OBJC_WEAK = YES;
				CLANG_WARN_BLOCK_CAPTURE_AUTORELEASING = YES;
				CLANG_WARN_BOOL_CONVERSION = YES;
				CLANG_WARN_COMMA = YES;
				CLANG_WARN_CONSTANT_CONVERSION = YES;
				CLANG_WARN_DEPRECATED_OBJC_IMPLEMENTATIONS = YES;
				CLANG_WARN_DIRECT_OBJC_ISA_USAGE = YES_ERROR;
				CLANG_WARN_DOCUMENTATION_COMMENTS = YES;
				CLANG_WARN_EMPTY_BODY = YES;
				CLANG_WARN_ENUM_CONVERSION = YES;
				CLANG_WARN_INFINITE_RECURSION = YES;
				CLANG_WARN_INT_CONVERSION = YES;
				CLANG_WARN_NON_LITERAL_NULL_CONVERSION = YES;
				CLANG_WARN_OBJC_IMPLICIT_RETAIN_SELF = YES;
				CLANG_WARN_OBJC_LITERAL_CONVERSION = YES;
				CLANG_WARN_OBJC_ROOT_CLASS = YES_ERROR;
				CLANG_WARN_QUOTED_INCLUDE_IN_FRAMEWORK_HEADER = YES;
				CLANG_WARN_RANGE_LOOP_ANALYSIS = YES;
				CLANG_WARN_STRICT_PROTOTYPES = YES;
				CLANG_WARN_SUSPICIOUS_MOVE = YES;
				CLANG_WARN_UNGUARDED_AVAILABILITY = YES_AGGRESSIVE;
				CLANG_WARN_UNREACHABLE_CODE = YES;
				CLANG_WARN__DUPLICATE_METHOD_MATCH = YES;
				COPY_PHASE_STRIP = NO;
				DEBUG_INFORMATION_FORMAT = "dwarf-with-dsym";
				ENABLE_NS_ASSERTIONS = NO;
				ENABLE_STRICT_OBJC_MSGSEND = YES;
				ENABLE_USER_SCRIPT_SANDBOXING = YES;
				GCC_C_LANGUAGE_STANDARD = gnu17;
				GCC_NO_COMMON_BLOCKS = YES;
				GCC_WARN_64_TO_32_BIT_CONVERSION = YES;
				GCC_WARN_ABOUT_RETURN_TYPE = YES_ERROR;
				GCC_WARN_UNDECLARED_SELECTOR = YES;
				GCC_WARN_UNINITIALIZED_AUTOS = YES_AGGRESSIVE;
				GCC_WARN_UNUSED_FUNCTION = YES;
				GCC_WARN_UNUSED_VARIABLE = YES;
				IPHONEOS_DEPLOYMENT_TARGET = 17.2;
				LOCALIZATION_PREFERS_STRING_CATALOGS = YES;
				MTL_ENABLE_DEBUG_INFO = NO;
				MTL_FAST_MATH = YES;
				SDKROOT = iphoneos;
				SWIFT_COMPILATION_MODE = wholemodule;
				VALIDATE_PRODUCT = YES;
			};
			name = Release;
		};
		547CABCA2BE16C0F0017C3C6 /* Debug */ = {
			isa = XCBuildConfiguration;
			buildSettings = {
				ASSETCATALOG_COMPILER_APPICON_NAME = AppIcon;
				ASSETCATALOG_COMPILER_GLOBAL_ACCENT_COLOR_NAME = AccentColor;
				CODE_SIGN_STYLE = Automatic;
				CURRENT_PROJECT_VERSION = 1;
				DEVELOPMENT_TEAM = 4LPKAW9W52;
				GENERATE_INFOPLIST_FILE = YES;
				INFOPLIST_FILE = groceriesApp/Info.plist;
				INFOPLIST_KEY_UIApplicationSupportsIndirectInputEvents = YES;
				INFOPLIST_KEY_UILaunchStoryboardName = LaunchScreen;
				INFOPLIST_KEY_UISupportedInterfaceOrientations_iPad = "UIInterfaceOrientationPortrait UIInterfaceOrientationPortraitUpsideDown UIInterfaceOrientationLandscapeLeft UIInterfaceOrientationLandscapeRight";
				INFOPLIST_KEY_UISupportedInterfaceOrientations_iPhone = "UIInterfaceOrientationPortrait UIInterfaceOrientationLandscapeLeft UIInterfaceOrientationLandscapeRight";
				IPHONEOS_DEPLOYMENT_TARGET = 16.4;
				LD_RUNPATH_SEARCH_PATHS = (
					"$(inherited)",
					"@executable_path/Frameworks",
				);
				MARKETING_VERSION = 1.0;
				PRODUCT_BUNDLE_IDENTIFIER = com.MilosOst.groceriesApp;
				PRODUCT_NAME = "$(TARGET_NAME)";
				SWIFT_EMIT_LOC_STRINGS = YES;
				SWIFT_VERSION = 5.0;
				TARGETED_DEVICE_FAMILY = "1,2";
			};
			name = Debug;
		};
		547CABCB2BE16C0F0017C3C6 /* Release */ = {
			isa = XCBuildConfiguration;
			buildSettings = {
				ASSETCATALOG_COMPILER_APPICON_NAME = AppIcon;
				ASSETCATALOG_COMPILER_GLOBAL_ACCENT_COLOR_NAME = AccentColor;
				CODE_SIGN_STYLE = Automatic;
				CURRENT_PROJECT_VERSION = 1;
				DEVELOPMENT_TEAM = 4LPKAW9W52;
				GENERATE_INFOPLIST_FILE = YES;
				INFOPLIST_FILE = groceriesApp/Info.plist;
				INFOPLIST_KEY_UIApplicationSupportsIndirectInputEvents = YES;
				INFOPLIST_KEY_UILaunchStoryboardName = LaunchScreen;
				INFOPLIST_KEY_UISupportedInterfaceOrientations_iPad = "UIInterfaceOrientationPortrait UIInterfaceOrientationPortraitUpsideDown UIInterfaceOrientationLandscapeLeft UIInterfaceOrientationLandscapeRight";
				INFOPLIST_KEY_UISupportedInterfaceOrientations_iPhone = "UIInterfaceOrientationPortrait UIInterfaceOrientationLandscapeLeft UIInterfaceOrientationLandscapeRight";
				IPHONEOS_DEPLOYMENT_TARGET = 16.4;
				LD_RUNPATH_SEARCH_PATHS = (
					"$(inherited)",
					"@executable_path/Frameworks",
				);
				MARKETING_VERSION = 1.0;
				PRODUCT_BUNDLE_IDENTIFIER = com.MilosOst.groceriesApp;
				PRODUCT_NAME = "$(TARGET_NAME)";
				SWIFT_EMIT_LOC_STRINGS = YES;
				SWIFT_VERSION = 5.0;
				TARGETED_DEVICE_FAMILY = "1,2";
			};
			name = Release;
		};
/* End XCBuildConfiguration section */

/* Begin XCConfigurationList section */
		547CABB02BE16C0E0017C3C6 /* Build configuration list for PBXProject "groceriesApp" */ = {
			isa = XCConfigurationList;
			buildConfigurations = (
				547CABC72BE16C0F0017C3C6 /* Debug */,
				547CABC82BE16C0F0017C3C6 /* Release */,
			);
			defaultConfigurationIsVisible = 0;
			defaultConfigurationName = Release;
		};
		547CABC92BE16C0F0017C3C6 /* Build configuration list for PBXNativeTarget "groceriesApp" */ = {
			isa = XCConfigurationList;
			buildConfigurations = (
				547CABCA2BE16C0F0017C3C6 /* Debug */,
				547CABCB2BE16C0F0017C3C6 /* Release */,
			);
			defaultConfigurationIsVisible = 0;
			defaultConfigurationName = Release;
		};
/* End XCConfigurationList section */

/* Begin XCVersionGroup section */
		547CABCD2BE170350017C3C6 /* groceriesApp.xcdatamodeld */ = {
			isa = XCVersionGroup;
			children = (
				547CABCE2BE170350017C3C6 /* groceriesApp.xcdatamodel */,
			);
			currentVersion = 547CABCE2BE170350017C3C6 /* groceriesApp.xcdatamodel */;
			path = groceriesApp.xcdatamodeld;
			sourceTree = "<group>";
			versionGroupType = wrapper.xcdatamodel;
		};
/* End XCVersionGroup section */
	};
	rootObject = 547CABAD2BE16C0E0017C3C6 /* Project object */;
}
